
Microsoft Visual Studio Solution File, Format Version 12.00
# Visual Studio Version 17
VisualStudioVersion = 17.7.34031.279
MinimumVisualStudioVersion = 10.0.40219.1
Project("{8BC9CEB8-8B4A-11D0-8D11-00A0C91BC942}") = "1", "1\1.vcxproj", "{140745A3-1104-4EA2-AFAB-7E1038E35CEF}"
EndProject
Project("{8BC9CEB8-8B4A-11D0-8D11-00A0C91BC942}") = "bai011", "bai011\bai011.vcxproj", "{5C7489DF-8A45-4FD0-A5DA-B87218418280}"
EndProject
Project("{8BC9CEB8-8B4A-11D0-8D11-00A0C91BC942}") = "bai013", "bai013\bai013.vcxproj", "{C9585842-FCDE-4791-AD75-8577715C348C}"
EndProject
Project("{8BC9CEB8-8B4A-11D0-8D11-00A0C91BC942}") = "bai015", "bai015\bai015.vcxproj", "{559E7B0E-EA18-49D3-9EBC-F117F70278AC}"
EndProject
Project("{8BC9CEB8-8B4A-11D0-8D11-00A0C91BC942}") = "bai017", "bai017\bai017.vcxproj", "{8E74F4F4-BA22-475B-8107-DE1B24D7708F}"
EndProject
Project("{8BC9CEB8-8B4A-11D0-8D11-00A0C91BC942}") = "bai021", "bai021\bai021.vcxproj", "{AA884177-D8F9-4FA5-BC3B-EDACFCB22014}"
EndProject
Project("{8BC9CEB8-8B4A-11D0-8D11-00A0C91BC942}") = "bai023", "bai023\bai023.vcxproj", "{B51E9ABF-4310-4889-BA9C-122BBD829006}"
EndProject
Project("{8BC9CEB8-8B4A-11D0-8D11-00A0C91BC942}") = "bai025", "bai025\bai025.vcxproj", "{791FB5AF-B8FC-432B-9384-D1AF996444DA}"
EndProject
Project("{8BC9CEB8-8B4A-11D0-8D11-00A0C91BC942}") = "bai027", "bai027\bai027.vcxproj", "{4EFCC020-1A26-4A8C-8C81-4719C6353CEB}"
EndProject
Project("{8BC9CEB8-8B4A-11D0-8D11-00A0C91BC942}") = "bai029", "bai029\bai029.vcxproj", "{A3481701-B7F8-4A59-93B6-FD84CC5F12FC}"
EndProject
Project("{8BC9CEB8-8B4A-11D0-8D11-00A0C91BC942}") = "bai031", "bai031\bai031.vcxproj", "{F2F0B513-85B3-41AE-95D1-263B17A6BD98}"
EndProject
Project("{8BC9CEB8-8B4A-11D0-8D11-00A0C91BC942}") = "bai033", "bai033\bai033.vcxproj", "{94F78710-1CA6-478C-9012-DA4FDCE4E8F7}"
EndProject
Project("{8BC9CEB8-8B4A-11D0-8D11-00A0C91BC942}") = "bai035", "bai035\bai035.vcxproj", "{11E5E3A8-8D7B-4BC4-BCC1-AE07B8259292}"
EndProject
Project("{8BC9CEB8-8B4A-11D0-8D11-00A0C91BC942}") = "bai037", "bai037\bai037.vcxproj", "{0BD39CA0-9074-4406-A0A8-AC8E1C48D1E1}"
EndProject
Project("{8BC9CEB8-8B4A-11D0-8D11-00A0C91BC942}") = "bai039", "bai039\bai039.vcxproj", "{4F7CF2A3-45DB-4855-9E8B-0D792F27C7CE}"
EndProject
Project("{8BC9CEB8-8B4A-11D0-8D11-00A0C91BC942}") = "bai041", "bai041\bai041.vcxproj", "{E9B78A1F-BA71-46A6-B7A7-2B234B1C70DF}"
EndProject
Project("{8BC9CEB8-8B4A-11D0-8D11-00A0C91BC942}") = "bai043", "bai043\bai043.vcxproj", "{6F6CBBE7-10A4-4CF1-8417-4B23D36C1497}"
EndProject
Project("{8BC9CEB8-8B4A-11D0-8D11-00A0C91BC942}") = "bai045", "bai045\bai045.vcxproj", "{0BE558F6-9405-4292-8B6C-7531BF233D57}"
EndProject
Project("{8BC9CEB8-8B4A-11D0-8D11-00A0C91BC942}") = "bai047", "bai047\bai047.vcxproj", "{847DBD16-823B-4B7A-95D5-0A617F799250}"
EndProject
Project("{8BC9CEB8-8B4A-11D0-8D11-00A0C91BC942}") = "bai049", "bai049\bai049.vcxproj", "{C6252C29-9C7B-483A-8B17-EE19AF8D4C72}"
EndProject
Global
	GlobalSection(SolutionConfigurationPlatforms) = preSolution
		Debug|x64 = Debug|x64
		Debug|x86 = Debug|x86
		Release|x64 = Release|x64
		Release|x86 = Release|x86
	EndGlobalSection
	GlobalSection(ProjectConfigurationPlatforms) = postSolution
		{140745A3-1104-4EA2-AFAB-7E1038E35CEF}.Debug|x64.ActiveCfg = Debug|x64
		{140745A3-1104-4EA2-AFAB-7E1038E35CEF}.Debug|x64.Build.0 = Debug|x64
		{140745A3-1104-4EA2-AFAB-7E1038E35CEF}.Debug|x86.ActiveCfg = Debug|Win32
		{140745A3-1104-4EA2-AFAB-7E1038E35CEF}.Debug|x86.Build.0 = Debug|Win32
		{140745A3-1104-4EA2-AFAB-7E1038E35CEF}.Release|x64.ActiveCfg = Release|x64
		{140745A3-1104-4EA2-AFAB-7E1038E35CEF}.Release|x64.Build.0 = Release|x64
		{140745A3-1104-4EA2-AFAB-7E1038E35CEF}.Release|x86.ActiveCfg = Release|Win32
		{140745A3-1104-4EA2-AFAB-7E1038E35CEF}.Release|x86.Build.0 = Release|Win32
		{5C7489DF-8A45-4FD0-A5DA-B87218418280}.Debug|x64.ActiveCfg = Debug|x64
		{5C7489DF-8A45-4FD0-A5DA-B87218418280}.Debug|x64.Build.0 = Debug|x64
		{5C7489DF-8A45-4FD0-A5DA-B87218418280}.Debug|x86.ActiveCfg = Debug|Win32
		{5C7489DF-8A45-4FD0-A5DA-B87218418280}.Debug|x86.Build.0 = Debug|Win32
		{5C7489DF-8A45-4FD0-A5DA-B87218418280}.Release|x64.ActiveCfg = Release|x64
		{5C7489DF-8A45-4FD0-A5DA-B87218418280}.Release|x64.Build.0 = Release|x64
		{5C7489DF-8A45-4FD0-A5DA-B87218418280}.Release|x86.ActiveCfg = Release|Win32
		{5C7489DF-8A45-4FD0-A5DA-B87218418280}.Release|x86.Build.0 = Release|Win32
		{C9585842-FCDE-4791-AD75-8577715C348C}.Debug|x64.ActiveCfg = Debug|x64
		{C9585842-FCDE-4791-AD75-8577715C348C}.Debug|x64.Build.0 = Debug|x64
		{C9585842-FCDE-4791-AD75-8577715C348C}.Debug|x86.ActiveCfg = Debug|Win32
		{C9585842-FCDE-4791-AD75-8577715C348C}.Debug|x86.Build.0 = Debug|Win32
		{C9585842-FCDE-4791-AD75-8577715C348C}.Release|x64.ActiveCfg = Release|x64
		{C9585842-FCDE-4791-AD75-8577715C348C}.Release|x64.Build.0 = Release|x64
		{C9585842-FCDE-4791-AD75-8577715C348C}.Release|x86.ActiveCfg = Release|Win32
		{C9585842-FCDE-4791-AD75-8577715C348C}.Release|x86.Build.0 = Release|Win32
		{559E7B0E-EA18-49D3-9EBC-F117F70278AC}.Debug|x64.ActiveCfg = Debug|x64
		{559E7B0E-EA18-49D3-9EBC-F117F70278AC}.Debug|x64.Build.0 = Debug|x64
		{559E7B0E-EA18-49D3-9EBC-F117F70278AC}.Debug|x86.ActiveCfg = Debug|Win32
		{559E7B0E-EA18-49D3-9EBC-F117F70278AC}.Debug|x86.Build.0 = Debug|Win32
		{559E7B0E-EA18-49D3-9EBC-F117F70278AC}.Release|x64.ActiveCfg = Release|x64
		{559E7B0E-EA18-49D3-9EBC-F117F70278AC}.Release|x64.Build.0 = Release|x64
		{559E7B0E-EA18-49D3-9EBC-F117F70278AC}.Release|x86.ActiveCfg = Release|Win32
		{559E7B0E-EA18-49D3-9EBC-F117F70278AC}.Release|x86.Build.0 = Release|Win32
		{8E74F4F4-BA22-475B-8107-DE1B24D7708F}.Debug|x64.ActiveCfg = Debug|x64
		{8E74F4F4-BA22-475B-8107-DE1B24D7708F}.Debug|x64.Build.0 = Debug|x64
		{8E74F4F4-BA22-475B-8107-DE1B24D7708F}.Debug|x86.ActiveCfg = Debug|Win32
		{8E74F4F4-BA22-475B-8107-DE1B24D7708F}.Debug|x86.Build.0 = Debug|Win32
		{8E74F4F4-BA22-475B-8107-DE1B24D7708F}.Release|x64.ActiveCfg = Release|x64
		{8E74F4F4-BA22-475B-8107-DE1B24D7708F}.Release|x64.Build.0 = Release|x64
		{8E74F4F4-BA22-475B-8107-DE1B24D7708F}.Release|x86.ActiveCfg = Release|Win32
		{8E74F4F4-BA22-475B-8107-DE1B24D7708F}.Release|x86.Build.0 = Release|Win32
		{AA884177-D8F9-4FA5-BC3B-EDACFCB22014}.Debug|x64.ActiveCfg = Debug|x64
		{AA884177-D8F9-4FA5-BC3B-EDACFCB22014}.Debug|x64.Build.0 = Debug|x64
		{AA884177-D8F9-4FA5-BC3B-EDACFCB22014}.Debug|x86.ActiveCfg = Debug|Win32
		{AA884177-D8F9-4FA5-BC3B-EDACFCB22014}.Debug|x86.Build.0 = Debug|Win32
		{AA884177-D8F9-4FA5-BC3B-EDACFCB22014}.Release|x64.ActiveCfg = Release|x64
		{AA884177-D8F9-4FA5-BC3B-EDACFCB22014}.Release|x64.Build.0 = Release|x64
		{AA884177-D8F9-4FA5-BC3B-EDACFCB22014}.Release|x86.ActiveCfg = Release|Win32
		{AA884177-D8F9-4FA5-BC3B-EDACFCB22014}.Release|x86.Build.0 = Release|Win32
		{B51E9ABF-4310-4889-BA9C-122BBD829006}.Debug|x64.ActiveCfg = Debug|x64
		{B51E9ABF-4310-4889-BA9C-122BBD829006}.Debug|x64.Build.0 = Debug|x64
		{B51E9ABF-4310-4889-BA9C-122BBD829006}.Debug|x86.ActiveCfg = Debug|Win32
		{B51E9ABF-4310-4889-BA9C-122BBD829006}.Debug|x86.Build.0 = Debug|Win32
		{B51E9ABF-4310-4889-BA9C-122BBD829006}.Release|x64.ActiveCfg = Release|x64
		{B51E9ABF-4310-4889-BA9C-122BBD829006}.Release|x64.Build.0 = Release|x64
		{B51E9ABF-4310-4889-BA9C-122BBD829006}.Release|x86.ActiveCfg = Release|Win32
		{B51E9ABF-4310-4889-BA9C-122BBD829006}.Release|x86.Build.0 = Release|Win32
		{791FB5AF-B8FC-432B-9384-D1AF996444DA}.Debug|x64.ActiveCfg = Debug|x64
		{791FB5AF-B8FC-432B-9384-D1AF996444DA}.Debug|x64.Build.0 = Debug|x64
		{791FB5AF-B8FC-432B-9384-D1AF996444DA}.Debug|x86.ActiveCfg = Debug|Win32
		{791FB5AF-B8FC-432B-9384-D1AF996444DA}.Debug|x86.Build.0 = Debug|Win32
		{791FB5AF-B8FC-432B-9384-D1AF996444DA}.Release|x64.ActiveCfg = Release|x64
		{791FB5AF-B8FC-432B-9384-D1AF996444DA}.Release|x64.Build.0 = Release|x64
		{791FB5AF-B8FC-432B-9384-D1AF996444DA}.Release|x86.ActiveCfg = Release|Win32
		{791FB5AF-B8FC-432B-9384-D1AF996444DA}.Release|x86.Build.0 = Release|Win32
		{4EFCC020-1A26-4A8C-8C81-4719C6353CEB}.Debug|x64.ActiveCfg = Debug|x64
		{4EFCC020-1A26-4A8C-8C81-4719C6353CEB}.Debug|x64.Build.0 = Debug|x64
		{4EFCC020-1A26-4A8C-8C81-4719C6353CEB}.Debug|x86.ActiveCfg = Debug|Win32
		{4EFCC020-1A26-4A8C-8C81-4719C6353CEB}.Debug|x86.Build.0 = Debug|Win32
		{4EFCC020-1A26-4A8C-8C81-4719C6353CEB}.Release|x64.ActiveCfg = Release|x64
		{4EFCC020-1A26-4A8C-8C81-4719C6353CEB}.Release|x64.Build.0 = Release|x64
		{4EFCC020-1A26-4A8C-8C81-4719C6353CEB}.Release|x86.ActiveCfg = Release|Win32
		{4EFCC020-1A26-4A8C-8C81-4719C6353CEB}.Release|x86.Build.0 = Release|Win32
		{A3481701-B7F8-4A59-93B6-FD84CC5F12FC}.Debug|x64.ActiveCfg = Debug|x64
		{A3481701-B7F8-4A59-93B6-FD84CC5F12FC}.Debug|x64.Build.0 = Debug|x64
		{A3481701-B7F8-4A59-93B6-FD84CC5F12FC}.Debug|x86.ActiveCfg = Debug|Win32
		{A3481701-B7F8-4A59-93B6-FD84CC5F12FC}.Debug|x86.Build.0 = Debug|Win32
		{A3481701-B7F8-4A59-93B6-FD84CC5F12FC}.Release|x64.ActiveCfg = Release|x64
		{A3481701-B7F8-4A59-93B6-FD84CC5F12FC}.Release|x64.Build.0 = Release|x64
		{A3481701-B7F8-4A59-93B6-FD84CC5F12FC}.Release|x86.ActiveCfg = Release|Win32
		{A3481701-B7F8-4A59-93B6-FD84CC5F12FC}.Release|x86.Build.0 = Release|Win32
		{F2F0B513-85B3-41AE-95D1-263B17A6BD98}.Debug|x64.ActiveCfg = Debug|x64
		{F2F0B513-85B3-41AE-95D1-263B17A6BD98}.Debug|x64.Build.0 = Debug|x64
		{F2F0B513-85B3-41AE-95D1-263B17A6BD98}.Debug|x86.ActiveCfg = Debug|Win32
		{F2F0B513-85B3-41AE-95D1-263B17A6BD98}.Debug|x86.Build.0 = Debug|Win32
		{F2F0B513-85B3-41AE-95D1-263B17A6BD98}.Release|x64.ActiveCfg = Release|x64
		{F2F0B513-85B3-41AE-95D1-263B17A6BD98}.Release|x64.Build.0 = Release|x64
		{F2F0B513-85B3-41AE-95D1-263B17A6BD98}.Release|x86.ActiveCfg = Release|Win32
		{F2F0B513-85B3-41AE-95D1-263B17A6BD98}.Release|x86.Build.0 = Release|Win32
		{94F78710-1CA6-478C-9012-DA4FDCE4E8F7}.Debug|x64.ActiveCfg = Debug|x64
		{94F78710-1CA6-478C-9012-DA4FDCE4E8F7}.Debug|x64.Build.0 = Debug|x64
		{94F78710-1CA6-478C-9012-DA4FDCE4E8F7}.Debug|x86.ActiveCfg = Debug|Win32
		{94F78710-1CA6-478C-9012-DA4FDCE4E8F7}.Debug|x86.Build.0 = Debug|Win32
		{94F78710-1CA6-478C-9012-DA4FDCE4E8F7}.Release|x64.ActiveCfg = Release|x64
		{94F78710-1CA6-478C-9012-DA4FDCE4E8F7}.Release|x64.Build.0 = Release|x64
		{94F78710-1CA6-478C-9012-DA4FDCE4E8F7}.Release|x86.ActiveCfg = Release|Win32
		{94F78710-1CA6-478C-9012-DA4FDCE4E8F7}.Release|x86.Build.0 = Release|Win32
		{11E5E3A8-8D7B-4BC4-BCC1-AE07B8259292}.Debug|x64.ActiveCfg = Debug|x64
		{11E5E3A8-8D7B-4BC4-BCC1-AE07B8259292}.Debug|x64.Build.0 = Debug|x64
		{11E5E3A8-8D7B-4BC4-BCC1-AE07B8259292}.Debug|x86.ActiveCfg = Debug|Win32
		{11E5E3A8-8D7B-4BC4-BCC1-AE07B8259292}.Debug|x86.Build.0 = Debug|Win32
		{11E5E3A8-8D7B-4BC4-BCC1-AE07B8259292}.Release|x64.ActiveCfg = Release|x64
		{11E5E3A8-8D7B-4BC4-BCC1-AE07B8259292}.Release|x64.Build.0 = Release|x64
		{11E5E3A8-8D7B-4BC4-BCC1-AE07B8259292}.Release|x86.ActiveCfg = Release|Win32
		{11E5E3A8-8D7B-4BC4-BCC1-AE07B8259292}.Release|x86.Build.0 = Release|Win32
		{0BD39CA0-9074-4406-A0A8-AC8E1C48D1E1}.Debug|x64.ActiveCfg = Debug|x64
		{0BD39CA0-9074-4406-A0A8-AC8E1C48D1E1}.Debug|x64.Build.0 = Debug|x64
		{0BD39CA0-9074-4406-A0A8-AC8E1C48D1E1}.Debug|x86.ActiveCfg = Debug|Win32
		{0BD39CA0-9074-4406-A0A8-AC8E1C48D1E1}.Debug|x86.Build.0 = Debug|Win32
		{0BD39CA0-9074-4406-A0A8-AC8E1C48D1E1}.Release|x64.ActiveCfg = Release|x64
		{0BD39CA0-9074-4406-A0A8-AC8E1C48D1E1}.Release|x64.Build.0 = Release|x64
		{0BD39CA0-9074-4406-A0A8-AC8E1C48D1E1}.Release|x86.ActiveCfg = Release|Win32
		{0BD39CA0-9074-4406-A0A8-AC8E1C48D1E1}.Release|x86.Build.0 = Release|Win32
		{4F7CF2A3-45DB-4855-9E8B-0D792F27C7CE}.Debug|x64.ActiveCfg = Debug|x64
		{4F7CF2A3-45DB-4855-9E8B-0D792F27C7CE}.Debug|x64.Build.0 = Debug|x64
		{4F7CF2A3-45DB-4855-9E8B-0D792F27C7CE}.Debug|x86.ActiveCfg = Debug|Win32
		{4F7CF2A3-45DB-4855-9E8B-0D792F27C7CE}.Debug|x86.Build.0 = Debug|Win32
		{4F7CF2A3-45DB-4855-9E8B-0D792F27C7CE}.Release|x64.ActiveCfg = Release|x64
		{4F7CF2A3-45DB-4855-9E8B-0D792F27C7CE}.Release|x64.Build.0 = Release|x64
		{4F7CF2A3-45DB-4855-9E8B-0D792F27C7CE}.Release|x86.ActiveCfg = Release|Win32
		{4F7CF2A3-45DB-4855-9E8B-0D792F27C7CE}.Release|x86.Build.0 = Release|Win32
		{E9B78A1F-BA71-46A6-B7A7-2B234B1C70DF}.Debug|x64.ActiveCfg = Debug|x64
		{E9B78A1F-BA71-46A6-B7A7-2B234B1C70DF}.Debug|x64.Build.0 = Debug|x64
		{E9B78A1F-BA71-46A6-B7A7-2B234B1C70DF}.Debug|x86.ActiveCfg = Debug|Win32
		{E9B78A1F-BA71-46A6-B7A7-2B234B1C70DF}.Debug|x86.Build.0 = Debug|Win32
		{E9B78A1F-BA71-46A6-B7A7-2B234B1C70DF}.Release|x64.ActiveCfg = Release|x64
		{E9B78A1F-BA71-46A6-B7A7-2B234B1C70DF}.Release|x64.Build.0 = Release|x64
		{E9B78A1F-BA71-46A6-B7A7-2B234B1C70DF}.Release|x86.ActiveCfg = Release|Win32
		{E9B78A1F-BA71-46A6-B7A7-2B234B1C70DF}.Release|x86.Build.0 = Release|Win32
		{6F6CBBE7-10A4-4CF1-8417-4B23D36C1497}.Debug|x64.ActiveCfg = Debug|x64
		{6F6CBBE7-10A4-4CF1-8417-4B23D36C1497}.Debug|x64.Build.0 = Debug|x64
		{6F6CBBE7-10A4-4CF1-8417-4B23D36C1497}.Debug|x86.ActiveCfg = Debug|Win32
		{6F6CBBE7-10A4-4CF1-8417-4B23D36C1497}.Debug|x86.Build.0 = Debug|Win32
		{6F6CBBE7-10A4-4CF1-8417-4B23D36C1497}.Release|x64.ActiveCfg = Release|x64
		{6F6CBBE7-10A4-4CF1-8417-4B23D36C1497}.Release|x64.Build.0 = Release|x64
		{6F6CBBE7-10A4-4CF1-8417-4B23D36C1497}.Release|x86.ActiveCfg = Release|Win32
		{6F6CBBE7-10A4-4CF1-8417-4B23D36C1497}.Release|x86.Build.0 = Release|Win32
		{0BE558F6-9405-4292-8B6C-7531BF233D57}.Debug|x64.ActiveCfg = Debug|x64
		{0BE558F6-9405-4292-8B6C-7531BF233D57}.Debug|x64.Build.0 = Debug|x64
		{0BE558F6-9405-4292-8B6C-7531BF233D57}.Debug|x86.ActiveCfg = Debug|Win32
		{0BE558F6-9405-4292-8B6C-7531BF233D57}.Debug|x86.Build.0 = Debug|Win32
		{0BE558F6-9405-4292-8B6C-7531BF233D57}.Release|x64.ActiveCfg = Release|x64
		{0BE558F6-9405-4292-8B6C-7531BF233D57}.Release|x64.Build.0 = Release|x64
		{0BE558F6-9405-4292-8B6C-7531BF233D57}.Release|x86.ActiveCfg = Release|Win32
		{0BE558F6-9405-4292-8B6C-7531BF233D57}.Release|x86.Build.0 = Release|Win32
		{847DBD16-823B-4B7A-95D5-0A617F799250}.Debug|x64.ActiveCfg = Debug|x64
		{847DBD16-823B-4B7A-95D5-0A617F799250}.Debug|x64.Build.0 = Debug|x64
		{847DBD16-823B-4B7A-95D5-0A617F799250}.Debug|x86.ActiveCfg = Debug|Win32
		{847DBD16-823B-4B7A-95D5-0A617F799250}.Debug|x86.Build.0 = Debug|Win32
		{847DBD16-823B-4B7A-95D5-0A617F799250}.Release|x64.ActiveCfg = Release|x64
		{847DBD16-823B-4B7A-95D5-0A617F799250}.Release|x64.Build.0 = Release|x64
		{847DBD16-823B-4B7A-95D5-0A617F799250}.Release|x86.ActiveCfg = Release|Win32
		{847DBD16-823B-4B7A-95D5-0A617F799250}.Release|x86.Build.0 = Release|Win32
		{C6252C29-9C7B-483A-8B17-EE19AF8D4C72}.Debug|x64.ActiveCfg = Debug|x64
		{C6252C29-9C7B-483A-8B17-EE19AF8D4C72}.Debug|x64.Build.0 = Debug|x64
		{C6252C29-9C7B-483A-8B17-EE19AF8D4C72}.Debug|x86.ActiveCfg = Debug|Win32
		{C6252C29-9C7B-483A-8B17-EE19AF8D4C72}.Debug|x86.Build.0 = Debug|Win32
		{C6252C29-9C7B-483A-8B17-EE19AF8D4C72}.Release|x64.ActiveCfg = Release|x64
		{C6252C29-9C7B-483A-8B17-EE19AF8D4C72}.Release|x64.Build.0 = Release|x64
		{C6252C29-9C7B-483A-8B17-EE19AF8D4C72}.Release|x86.ActiveCfg = Release|Win32
		{C6252C29-9C7B-483A-8B17-EE19AF8D4C72}.Release|x86.Build.0 = Release|Win32
	EndGlobalSection
	GlobalSection(SolutionProperties) = preSolution
		HideSolutionNode = FALSE
	EndGlobalSection
	GlobalSection(ExtensibilityGlobals) = postSolution
		SolutionGuid = {E2189CBB-370D-4D43-AA8D-22BAF94C0ACB}
	EndGlobalSection
EndGlobal
