
Microsoft Visual Studio Solution File, Format Version 12.00
# Visual Studio Version 17
VisualStudioVersion = 17.7.34031.279
MinimumVisualStudioVersion = 10.0.40219.1
Project("{8BC9CEB8-8B4A-11D0-8D11-00A0C91BC942}") = "Bai051", "Bai051\Bai051.vcxproj", "{781CAF01-400C-463D-9397-B2B29F6BB46A}"
EndProject
Project("{8BC9CEB8-8B4A-11D0-8D11-00A0C91BC942}") = "Bai053", "Bai053\Bai053.vcxproj", "{DAE11B5A-301B-41D8-A262-B420F223AE30}"
EndProject
Project("{8BC9CEB8-8B4A-11D0-8D11-00A0C91BC942}") = "Bai055", "Bai055\Bai055.vcxproj", "{E5BAD00F-600B-4B38-907A-0837EBCA1677}"
EndProject
Project("{8BC9CEB8-8B4A-11D0-8D11-00A0C91BC942}") = "Bai057", "Bai057\Bai057.vcxproj", "{C308E5DA-2D8D-494A-BF67-D613AD193B07}"
EndProject
Project("{8BC9CEB8-8B4A-11D0-8D11-00A0C91BC942}") = "Bai059", "Bai059\Bai059.vcxproj", "{7F6961CA-4F8E-4195-AAD3-24BCA5AD3ED8}"
EndProject
Project("{8BC9CEB8-8B4A-11D0-8D11-00A0C91BC942}") = "Bai061", "Bai061\Bai061.vcxproj", "{8F68E292-6A32-45EB-A045-6EED66B72B67}"
EndProject
Project("{8BC9CEB8-8B4A-11D0-8D11-00A0C91BC942}") = "Bai065", "Bai065\Bai065.vcxproj", "{D14B8AB2-22AE-4AED-9FC9-E0238F1C6E6E}"
EndProject
Project("{8BC9CEB8-8B4A-11D0-8D11-00A0C91BC942}") = "Bai063", "Bai063\Bai063.vcxproj", "{89C4D615-1979-4F96-870F-3E0C45646A30}"
EndProject
Project("{8BC9CEB8-8B4A-11D0-8D11-00A0C91BC942}") = "Bai067", "Bai067\Bai067.vcxproj", "{6AC22F48-9348-409A-9A00-617949115CE5}"
EndProject
Project("{8BC9CEB8-8B4A-11D0-8D11-00A0C91BC942}") = "Bai069", "Bai069\Bai069.vcxproj", "{82F835BB-896C-4AC2-A5C3-8B194A752AEB}"
EndProject
Project("{8BC9CEB8-8B4A-11D0-8D11-00A0C91BC942}") = "Bai071", "Bai071\Bai071.vcxproj", "{BD3493B0-7A73-442B-AD5F-8D7693576D49}"
EndProject
Project("{8BC9CEB8-8B4A-11D0-8D11-00A0C91BC942}") = "Bai073", "Bai073\Bai073.vcxproj", "{8ECAD637-A515-4CA0-86B5-7D8FCB01518D}"
EndProject
Project("{8BC9CEB8-8B4A-11D0-8D11-00A0C91BC942}") = "Bai075", "Bai075\Bai075.vcxproj", "{58427162-5A22-493B-B4CB-AEBF73F7C67B}"
EndProject
Project("{8BC9CEB8-8B4A-11D0-8D11-00A0C91BC942}") = "Bai077", "Bai077\Bai077.vcxproj", "{9CBDA730-790A-4095-8AF4-FD0E1897069C}"
EndProject
Project("{8BC9CEB8-8B4A-11D0-8D11-00A0C91BC942}") = "Bai079", "Bai079\Bai079.vcxproj", "{83EA52C9-418C-4B6D-B10D-D6835B2370C2}"
EndProject
Project("{8BC9CEB8-8B4A-11D0-8D11-00A0C91BC942}") = "Bai081", "Bai081\Bai081.vcxproj", "{7E0DE1D4-02BB-4A71-9782-3AA43EB059E1}"
EndProject
Project("{8BC9CEB8-8B4A-11D0-8D11-00A0C91BC942}") = "Bai083", "Bai083\Bai083.vcxproj", "{A1E578D9-34D0-45B0-9A26-22BFC692C78A}"
EndProject
Project("{8BC9CEB8-8B4A-11D0-8D11-00A0C91BC942}") = "Bai085", "Bai085\Bai085.vcxproj", "{552246AA-19EB-420E-9554-B5B08F560812}"
EndProject
Project("{8BC9CEB8-8B4A-11D0-8D11-00A0C91BC942}") = "Bai087", "Bai087\Bai087.vcxproj", "{8D2B3D4E-4EA2-4466-8251-813291DC61D9}"
EndProject
Project("{8BC9CEB8-8B4A-11D0-8D11-00A0C91BC942}") = "Bai089", "Bai089\Bai089.vcxproj", "{E7F906A2-AFAE-4A52-AB24-4F13FC392956}"
EndProject
Project("{8BC9CEB8-8B4A-11D0-8D11-00A0C91BC942}") = "Bai091", "Bai091\Bai091.vcxproj", "{FD9BECF0-196B-4C97-956E-298AE39520DE}"
EndProject
Project("{8BC9CEB8-8B4A-11D0-8D11-00A0C91BC942}") = "Bai093", "Bai093\Bai093.vcxproj", "{BDAC2B1C-C73D-4118-A816-18080F23103A}"
EndProject
Project("{8BC9CEB8-8B4A-11D0-8D11-00A0C91BC942}") = "Bai095", "Bai095\Bai095.vcxproj", "{95213013-2E0F-491A-BD53-1CB7FE2D6399}"
EndProject
Project("{8BC9CEB8-8B4A-11D0-8D11-00A0C91BC942}") = "Bai097", "Bai097\Bai097.vcxproj", "{3F7DD33A-355A-4241-B941-9F18756FD616}"
EndProject
Project("{8BC9CEB8-8B4A-11D0-8D11-00A0C91BC942}") = "Bai099", "Bai099\Bai099.vcxproj", "{D335DE47-3BB3-4DAB-830E-8018BC35F7BE}"
EndProject
Global
	GlobalSection(SolutionConfigurationPlatforms) = preSolution
		Debug|x64 = Debug|x64
		Debug|x86 = Debug|x86
		Release|x64 = Release|x64
		Release|x86 = Release|x86
	EndGlobalSection
	GlobalSection(ProjectConfigurationPlatforms) = postSolution
		{781CAF01-400C-463D-9397-B2B29F6BB46A}.Debug|x64.ActiveCfg = Debug|x64
		{781CAF01-400C-463D-9397-B2B29F6BB46A}.Debug|x64.Build.0 = Debug|x64
		{781CAF01-400C-463D-9397-B2B29F6BB46A}.Debug|x86.ActiveCfg = Debug|Win32
		{781CAF01-400C-463D-9397-B2B29F6BB46A}.Debug|x86.Build.0 = Debug|Win32
		{781CAF01-400C-463D-9397-B2B29F6BB46A}.Release|x64.ActiveCfg = Release|x64
		{781CAF01-400C-463D-9397-B2B29F6BB46A}.Release|x64.Build.0 = Release|x64
		{781CAF01-400C-463D-9397-B2B29F6BB46A}.Release|x86.ActiveCfg = Release|Win32
		{781CAF01-400C-463D-9397-B2B29F6BB46A}.Release|x86.Build.0 = Release|Win32
		{DAE11B5A-301B-41D8-A262-B420F223AE30}.Debug|x64.ActiveCfg = Debug|x64
		{DAE11B5A-301B-41D8-A262-B420F223AE30}.Debug|x64.Build.0 = Debug|x64
		{DAE11B5A-301B-41D8-A262-B420F223AE30}.Debug|x86.ActiveCfg = Debug|Win32
		{DAE11B5A-301B-41D8-A262-B420F223AE30}.Debug|x86.Build.0 = Debug|Win32
		{DAE11B5A-301B-41D8-A262-B420F223AE30}.Release|x64.ActiveCfg = Release|x64
		{DAE11B5A-301B-41D8-A262-B420F223AE30}.Release|x64.Build.0 = Release|x64
		{DAE11B5A-301B-41D8-A262-B420F223AE30}.Release|x86.ActiveCfg = Release|Win32
		{DAE11B5A-301B-41D8-A262-B420F223AE30}.Release|x86.Build.0 = Release|Win32
		{E5BAD00F-600B-4B38-907A-0837EBCA1677}.Debug|x64.ActiveCfg = Debug|x64
		{E5BAD00F-600B-4B38-907A-0837EBCA1677}.Debug|x64.Build.0 = Debug|x64
		{E5BAD00F-600B-4B38-907A-0837EBCA1677}.Debug|x86.ActiveCfg = Debug|Win32
		{E5BAD00F-600B-4B38-907A-0837EBCA1677}.Debug|x86.Build.0 = Debug|Win32
		{E5BAD00F-600B-4B38-907A-0837EBCA1677}.Release|x64.ActiveCfg = Release|x64
		{E5BAD00F-600B-4B38-907A-0837EBCA1677}.Release|x64.Build.0 = Release|x64
		{E5BAD00F-600B-4B38-907A-0837EBCA1677}.Release|x86.ActiveCfg = Release|Win32
		{E5BAD00F-600B-4B38-907A-0837EBCA1677}.Release|x86.Build.0 = Release|Win32
		{C308E5DA-2D8D-494A-BF67-D613AD193B07}.Debug|x64.ActiveCfg = Debug|x64
		{C308E5DA-2D8D-494A-BF67-D613AD193B07}.Debug|x64.Build.0 = Debug|x64
		{C308E5DA-2D8D-494A-BF67-D613AD193B07}.Debug|x86.ActiveCfg = Debug|Win32
		{C308E5DA-2D8D-494A-BF67-D613AD193B07}.Debug|x86.Build.0 = Debug|Win32
		{C308E5DA-2D8D-494A-BF67-D613AD193B07}.Release|x64.ActiveCfg = Release|x64
		{C308E5DA-2D8D-494A-BF67-D613AD193B07}.Release|x64.Build.0 = Release|x64
		{C308E5DA-2D8D-494A-BF67-D613AD193B07}.Release|x86.ActiveCfg = Release|Win32
		{C308E5DA-2D8D-494A-BF67-D613AD193B07}.Release|x86.Build.0 = Release|Win32
		{7F6961CA-4F8E-4195-AAD3-24BCA5AD3ED8}.Debug|x64.ActiveCfg = Debug|x64
		{7F6961CA-4F8E-4195-AAD3-24BCA5AD3ED8}.Debug|x64.Build.0 = Debug|x64
		{7F6961CA-4F8E-4195-AAD3-24BCA5AD3ED8}.Debug|x86.ActiveCfg = Debug|Win32
		{7F6961CA-4F8E-4195-AAD3-24BCA5AD3ED8}.Debug|x86.Build.0 = Debug|Win32
		{7F6961CA-4F8E-4195-AAD3-24BCA5AD3ED8}.Release|x64.ActiveCfg = Release|x64
		{7F6961CA-4F8E-4195-AAD3-24BCA5AD3ED8}.Release|x64.Build.0 = Release|x64
		{7F6961CA-4F8E-4195-AAD3-24BCA5AD3ED8}.Release|x86.ActiveCfg = Release|Win32
		{7F6961CA-4F8E-4195-AAD3-24BCA5AD3ED8}.Release|x86.Build.0 = Release|Win32
		{8F68E292-6A32-45EB-A045-6EED66B72B67}.Debug|x64.ActiveCfg = Debug|x64
		{8F68E292-6A32-45EB-A045-6EED66B72B67}.Debug|x64.Build.0 = Debug|x64
		{8F68E292-6A32-45EB-A045-6EED66B72B67}.Debug|x86.ActiveCfg = Debug|Win32
		{8F68E292-6A32-45EB-A045-6EED66B72B67}.Debug|x86.Build.0 = Debug|Win32
		{8F68E292-6A32-45EB-A045-6EED66B72B67}.Release|x64.ActiveCfg = Release|x64
		{8F68E292-6A32-45EB-A045-6EED66B72B67}.Release|x64.Build.0 = Release|x64
		{8F68E292-6A32-45EB-A045-6EED66B72B67}.Release|x86.ActiveCfg = Release|Win32
		{8F68E292-6A32-45EB-A045-6EED66B72B67}.Release|x86.Build.0 = Release|Win32
		{D14B8AB2-22AE-4AED-9FC9-E0238F1C6E6E}.Debug|x64.ActiveCfg = Debug|x64
		{D14B8AB2-22AE-4AED-9FC9-E0238F1C6E6E}.Debug|x64.Build.0 = Debug|x64
		{D14B8AB2-22AE-4AED-9FC9-E0238F1C6E6E}.Debug|x86.ActiveCfg = Debug|Win32
		{D14B8AB2-22AE-4AED-9FC9-E0238F1C6E6E}.Debug|x86.Build.0 = Debug|Win32
		{D14B8AB2-22AE-4AED-9FC9-E0238F1C6E6E}.Release|x64.ActiveCfg = Release|x64
		{D14B8AB2-22AE-4AED-9FC9-E0238F1C6E6E}.Release|x64.Build.0 = Release|x64
		{D14B8AB2-22AE-4AED-9FC9-E0238F1C6E6E}.Release|x86.ActiveCfg = Release|Win32
		{D14B8AB2-22AE-4AED-9FC9-E0238F1C6E6E}.Release|x86.Build.0 = Release|Win32
		{89C4D615-1979-4F96-870F-3E0C45646A30}.Debug|x64.ActiveCfg = Debug|x64
		{89C4D615-1979-4F96-870F-3E0C45646A30}.Debug|x64.Build.0 = Debug|x64
		{89C4D615-1979-4F96-870F-3E0C45646A30}.Debug|x86.ActiveCfg = Debug|Win32
		{89C4D615-1979-4F96-870F-3E0C45646A30}.Debug|x86.Build.0 = Debug|Win32
		{89C4D615-1979-4F96-870F-3E0C45646A30}.Release|x64.ActiveCfg = Release|x64
		{89C4D615-1979-4F96-870F-3E0C45646A30}.Release|x64.Build.0 = Release|x64
		{89C4D615-1979-4F96-870F-3E0C45646A30}.Release|x86.ActiveCfg = Release|Win32
		{89C4D615-1979-4F96-870F-3E0C45646A30}.Release|x86.Build.0 = Release|Win32
		{6AC22F48-9348-409A-9A00-617949115CE5}.Debug|x64.ActiveCfg = Debug|x64
		{6AC22F48-9348-409A-9A00-617949115CE5}.Debug|x64.Build.0 = Debug|x64
		{6AC22F48-9348-409A-9A00-617949115CE5}.Debug|x86.ActiveCfg = Debug|Win32
		{6AC22F48-9348-409A-9A00-617949115CE5}.Debug|x86.Build.0 = Debug|Win32
		{6AC22F48-9348-409A-9A00-617949115CE5}.Release|x64.ActiveCfg = Release|x64
		{6AC22F48-9348-409A-9A00-617949115CE5}.Release|x64.Build.0 = Release|x64
		{6AC22F48-9348-409A-9A00-617949115CE5}.Release|x86.ActiveCfg = Release|Win32
		{6AC22F48-9348-409A-9A00-617949115CE5}.Release|x86.Build.0 = Release|Win32
		{82F835BB-896C-4AC2-A5C3-8B194A752AEB}.Debug|x64.ActiveCfg = Debug|x64
		{82F835BB-896C-4AC2-A5C3-8B194A752AEB}.Debug|x64.Build.0 = Debug|x64
		{82F835BB-896C-4AC2-A5C3-8B194A752AEB}.Debug|x86.ActiveCfg = Debug|Win32
		{82F835BB-896C-4AC2-A5C3-8B194A752AEB}.Debug|x86.Build.0 = Debug|Win32
		{82F835BB-896C-4AC2-A5C3-8B194A752AEB}.Release|x64.ActiveCfg = Release|x64
		{82F835BB-896C-4AC2-A5C3-8B194A752AEB}.Release|x64.Build.0 = Release|x64
		{82F835BB-896C-4AC2-A5C3-8B194A752AEB}.Release|x86.ActiveCfg = Release|Win32
		{82F835BB-896C-4AC2-A5C3-8B194A752AEB}.Release|x86.Build.0 = Release|Win32
		{BD3493B0-7A73-442B-AD5F-8D7693576D49}.Debug|x64.ActiveCfg = Debug|x64
		{BD3493B0-7A73-442B-AD5F-8D7693576D49}.Debug|x64.Build.0 = Debug|x64
		{BD3493B0-7A73-442B-AD5F-8D7693576D49}.Debug|x86.ActiveCfg = Debug|Win32
		{BD3493B0-7A73-442B-AD5F-8D7693576D49}.Debug|x86.Build.0 = Debug|Win32
		{BD3493B0-7A73-442B-AD5F-8D7693576D49}.Release|x64.ActiveCfg = Release|x64
		{BD3493B0-7A73-442B-AD5F-8D7693576D49}.Release|x64.Build.0 = Release|x64
		{BD3493B0-7A73-442B-AD5F-8D7693576D49}.Release|x86.ActiveCfg = Release|Win32
		{BD3493B0-7A73-442B-AD5F-8D7693576D49}.Release|x86.Build.0 = Release|Win32
		{8ECAD637-A515-4CA0-86B5-7D8FCB01518D}.Debug|x64.ActiveCfg = Debug|x64
		{8ECAD637-A515-4CA0-86B5-7D8FCB01518D}.Debug|x64.Build.0 = Debug|x64
		{8ECAD637-A515-4CA0-86B5-7D8FCB01518D}.Debug|x86.ActiveCfg = Debug|Win32
		{8ECAD637-A515-4CA0-86B5-7D8FCB01518D}.Debug|x86.Build.0 = Debug|Win32
		{8ECAD637-A515-4CA0-86B5-7D8FCB01518D}.Release|x64.ActiveCfg = Release|x64
		{8ECAD637-A515-4CA0-86B5-7D8FCB01518D}.Release|x64.Build.0 = Release|x64
		{8ECAD637-A515-4CA0-86B5-7D8FCB01518D}.Release|x86.ActiveCfg = Release|Win32
		{8ECAD637-A515-4CA0-86B5-7D8FCB01518D}.Release|x86.Build.0 = Release|Win32
		{58427162-5A22-493B-B4CB-AEBF73F7C67B}.Debug|x64.ActiveCfg = Debug|x64
		{58427162-5A22-493B-B4CB-AEBF73F7C67B}.Debug|x64.Build.0 = Debug|x64
		{58427162-5A22-493B-B4CB-AEBF73F7C67B}.Debug|x86.ActiveCfg = Debug|Win32
		{58427162-5A22-493B-B4CB-AEBF73F7C67B}.Debug|x86.Build.0 = Debug|Win32
		{58427162-5A22-493B-B4CB-AEBF73F7C67B}.Release|x64.ActiveCfg = Release|x64
		{58427162-5A22-493B-B4CB-AEBF73F7C67B}.Release|x64.Build.0 = Release|x64
		{58427162-5A22-493B-B4CB-AEBF73F7C67B}.Release|x86.ActiveCfg = Release|Win32
		{58427162-5A22-493B-B4CB-AEBF73F7C67B}.Release|x86.Build.0 = Release|Win32
		{9CBDA730-790A-4095-8AF4-FD0E1897069C}.Debug|x64.ActiveCfg = Debug|x64
		{9CBDA730-790A-4095-8AF4-FD0E1897069C}.Debug|x64.Build.0 = Debug|x64
		{9CBDA730-790A-4095-8AF4-FD0E1897069C}.Debug|x86.ActiveCfg = Debug|Win32
		{9CBDA730-790A-4095-8AF4-FD0E1897069C}.Debug|x86.Build.0 = Debug|Win32
		{9CBDA730-790A-4095-8AF4-FD0E1897069C}.Release|x64.ActiveCfg = Release|x64
		{9CBDA730-790A-4095-8AF4-FD0E1897069C}.Release|x64.Build.0 = Release|x64
		{9CBDA730-790A-4095-8AF4-FD0E1897069C}.Release|x86.ActiveCfg = Release|Win32
		{9CBDA730-790A-4095-8AF4-FD0E1897069C}.Release|x86.Build.0 = Release|Win32
		{83EA52C9-418C-4B6D-B10D-D6835B2370C2}.Debug|x64.ActiveCfg = Debug|x64
		{83EA52C9-418C-4B6D-B10D-D6835B2370C2}.Debug|x64.Build.0 = Debug|x64
		{83EA52C9-418C-4B6D-B10D-D6835B2370C2}.Debug|x86.ActiveCfg = Debug|Win32
		{83EA52C9-418C-4B6D-B10D-D6835B2370C2}.Debug|x86.Build.0 = Debug|Win32
		{83EA52C9-418C-4B6D-B10D-D6835B2370C2}.Release|x64.ActiveCfg = Release|x64
		{83EA52C9-418C-4B6D-B10D-D6835B2370C2}.Release|x64.Build.0 = Release|x64
		{83EA52C9-418C-4B6D-B10D-D6835B2370C2}.Release|x86.ActiveCfg = Release|Win32
		{83EA52C9-418C-4B6D-B10D-D6835B2370C2}.Release|x86.Build.0 = Release|Win32
		{7E0DE1D4-02BB-4A71-9782-3AA43EB059E1}.Debug|x64.ActiveCfg = Debug|x64
		{7E0DE1D4-02BB-4A71-9782-3AA43EB059E1}.Debug|x64.Build.0 = Debug|x64
		{7E0DE1D4-02BB-4A71-9782-3AA43EB059E1}.Debug|x86.ActiveCfg = Debug|Win32
		{7E0DE1D4-02BB-4A71-9782-3AA43EB059E1}.Debug|x86.Build.0 = Debug|Win32
		{7E0DE1D4-02BB-4A71-9782-3AA43EB059E1}.Release|x64.ActiveCfg = Release|x64
		{7E0DE1D4-02BB-4A71-9782-3AA43EB059E1}.Release|x64.Build.0 = Release|x64
		{7E0DE1D4-02BB-4A71-9782-3AA43EB059E1}.Release|x86.ActiveCfg = Release|Win32
		{7E0DE1D4-02BB-4A71-9782-3AA43EB059E1}.Release|x86.Build.0 = Release|Win32
		{A1E578D9-34D0-45B0-9A26-22BFC692C78A}.Debug|x64.ActiveCfg = Debug|x64
		{A1E578D9-34D0-45B0-9A26-22BFC692C78A}.Debug|x64.Build.0 = Debug|x64
		{A1E578D9-34D0-45B0-9A26-22BFC692C78A}.Debug|x86.ActiveCfg = Debug|Win32
		{A1E578D9-34D0-45B0-9A26-22BFC692C78A}.Debug|x86.Build.0 = Debug|Win32
		{A1E578D9-34D0-45B0-9A26-22BFC692C78A}.Release|x64.ActiveCfg = Release|x64
		{A1E578D9-34D0-45B0-9A26-22BFC692C78A}.Release|x64.Build.0 = Release|x64
		{A1E578D9-34D0-45B0-9A26-22BFC692C78A}.Release|x86.ActiveCfg = Release|Win32
		{A1E578D9-34D0-45B0-9A26-22BFC692C78A}.Release|x86.Build.0 = Release|Win32
		{552246AA-19EB-420E-9554-B5B08F560812}.Debug|x64.ActiveCfg = Debug|x64
		{552246AA-19EB-420E-9554-B5B08F560812}.Debug|x64.Build.0 = Debug|x64
		{552246AA-19EB-420E-9554-B5B08F560812}.Debug|x86.ActiveCfg = Debug|Win32
		{552246AA-19EB-420E-9554-B5B08F560812}.Debug|x86.Build.0 = Debug|Win32
		{552246AA-19EB-420E-9554-B5B08F560812}.Release|x64.ActiveCfg = Release|x64
		{552246AA-19EB-420E-9554-B5B08F560812}.Release|x64.Build.0 = Release|x64
		{552246AA-19EB-420E-9554-B5B08F560812}.Release|x86.ActiveCfg = Release|Win32
		{552246AA-19EB-420E-9554-B5B08F560812}.Release|x86.Build.0 = Release|Win32
		{8D2B3D4E-4EA2-4466-8251-813291DC61D9}.Debug|x64.ActiveCfg = Debug|x64
		{8D2B3D4E-4EA2-4466-8251-813291DC61D9}.Debug|x64.Build.0 = Debug|x64
		{8D2B3D4E-4EA2-4466-8251-813291DC61D9}.Debug|x86.ActiveCfg = Debug|Win32
		{8D2B3D4E-4EA2-4466-8251-813291DC61D9}.Debug|x86.Build.0 = Debug|Win32
		{8D2B3D4E-4EA2-4466-8251-813291DC61D9}.Release|x64.ActiveCfg = Release|x64
		{8D2B3D4E-4EA2-4466-8251-813291DC61D9}.Release|x64.Build.0 = Release|x64
		{8D2B3D4E-4EA2-4466-8251-813291DC61D9}.Release|x86.ActiveCfg = Release|Win32
		{8D2B3D4E-4EA2-4466-8251-813291DC61D9}.Release|x86.Build.0 = Release|Win32
		{E7F906A2-AFAE-4A52-AB24-4F13FC392956}.Debug|x64.ActiveCfg = Debug|x64
		{E7F906A2-AFAE-4A52-AB24-4F13FC392956}.Debug|x64.Build.0 = Debug|x64
		{E7F906A2-AFAE-4A52-AB24-4F13FC392956}.Debug|x86.ActiveCfg = Debug|Win32
		{E7F906A2-AFAE-4A52-AB24-4F13FC392956}.Debug|x86.Build.0 = Debug|Win32
		{E7F906A2-AFAE-4A52-AB24-4F13FC392956}.Release|x64.ActiveCfg = Release|x64
		{E7F906A2-AFAE-4A52-AB24-4F13FC392956}.Release|x64.Build.0 = Release|x64
		{E7F906A2-AFAE-4A52-AB24-4F13FC392956}.Release|x86.ActiveCfg = Release|Win32
		{E7F906A2-AFAE-4A52-AB24-4F13FC392956}.Release|x86.Build.0 = Release|Win32
		{FD9BECF0-196B-4C97-956E-298AE39520DE}.Debug|x64.ActiveCfg = Debug|x64
		{FD9BECF0-196B-4C97-956E-298AE39520DE}.Debug|x64.Build.0 = Debug|x64
		{FD9BECF0-196B-4C97-956E-298AE39520DE}.Debug|x86.ActiveCfg = Debug|Win32
		{FD9BECF0-196B-4C97-956E-298AE39520DE}.Debug|x86.Build.0 = Debug|Win32
		{FD9BECF0-196B-4C97-956E-298AE39520DE}.Release|x64.ActiveCfg = Release|x64
		{FD9BECF0-196B-4C97-956E-298AE39520DE}.Release|x64.Build.0 = Release|x64
		{FD9BECF0-196B-4C97-956E-298AE39520DE}.Release|x86.ActiveCfg = Release|Win32
		{FD9BECF0-196B-4C97-956E-298AE39520DE}.Release|x86.Build.0 = Release|Win32
		{BDAC2B1C-C73D-4118-A816-18080F23103A}.Debug|x64.ActiveCfg = Debug|x64
		{BDAC2B1C-C73D-4118-A816-18080F23103A}.Debug|x64.Build.0 = Debug|x64
		{BDAC2B1C-C73D-4118-A816-18080F23103A}.Debug|x86.ActiveCfg = Debug|Win32
		{BDAC2B1C-C73D-4118-A816-18080F23103A}.Debug|x86.Build.0 = Debug|Win32
		{BDAC2B1C-C73D-4118-A816-18080F23103A}.Release|x64.ActiveCfg = Release|x64
		{BDAC2B1C-C73D-4118-A816-18080F23103A}.Release|x64.Build.0 = Release|x64
		{BDAC2B1C-C73D-4118-A816-18080F23103A}.Release|x86.ActiveCfg = Release|Win32
		{BDAC2B1C-C73D-4118-A816-18080F23103A}.Release|x86.Build.0 = Release|Win32
		{95213013-2E0F-491A-BD53-1CB7FE2D6399}.Debug|x64.ActiveCfg = Debug|x64
		{95213013-2E0F-491A-BD53-1CB7FE2D6399}.Debug|x64.Build.0 = Debug|x64
		{95213013-2E0F-491A-BD53-1CB7FE2D6399}.Debug|x86.ActiveCfg = Debug|Win32
		{95213013-2E0F-491A-BD53-1CB7FE2D6399}.Debug|x86.Build.0 = Debug|Win32
		{95213013-2E0F-491A-BD53-1CB7FE2D6399}.Release|x64.ActiveCfg = Release|x64
		{95213013-2E0F-491A-BD53-1CB7FE2D6399}.Release|x64.Build.0 = Release|x64
		{95213013-2E0F-491A-BD53-1CB7FE2D6399}.Release|x86.ActiveCfg = Release|Win32
		{95213013-2E0F-491A-BD53-1CB7FE2D6399}.Release|x86.Build.0 = Release|Win32
		{3F7DD33A-355A-4241-B941-9F18756FD616}.Debug|x64.ActiveCfg = Debug|x64
		{3F7DD33A-355A-4241-B941-9F18756FD616}.Debug|x64.Build.0 = Debug|x64
		{3F7DD33A-355A-4241-B941-9F18756FD616}.Debug|x86.ActiveCfg = Debug|Win32
		{3F7DD33A-355A-4241-B941-9F18756FD616}.Debug|x86.Build.0 = Debug|Win32
		{3F7DD33A-355A-4241-B941-9F18756FD616}.Release|x64.ActiveCfg = Release|x64
		{3F7DD33A-355A-4241-B941-9F18756FD616}.Release|x64.Build.0 = Release|x64
		{3F7DD33A-355A-4241-B941-9F18756FD616}.Release|x86.ActiveCfg = Release|Win32
		{3F7DD33A-355A-4241-B941-9F18756FD616}.Release|x86.Build.0 = Release|Win32
		{D335DE47-3BB3-4DAB-830E-8018BC35F7BE}.Debug|x64.ActiveCfg = Debug|x64
		{D335DE47-3BB3-4DAB-830E-8018BC35F7BE}.Debug|x64.Build.0 = Debug|x64
		{D335DE47-3BB3-4DAB-830E-8018BC35F7BE}.Debug|x86.ActiveCfg = Debug|Win32
		{D335DE47-3BB3-4DAB-830E-8018BC35F7BE}.Debug|x86.Build.0 = Debug|Win32
		{D335DE47-3BB3-4DAB-830E-8018BC35F7BE}.Release|x64.ActiveCfg = Release|x64
		{D335DE47-3BB3-4DAB-830E-8018BC35F7BE}.Release|x64.Build.0 = Release|x64
		{D335DE47-3BB3-4DAB-830E-8018BC35F7BE}.Release|x86.ActiveCfg = Release|Win32
		{D335DE47-3BB3-4DAB-830E-8018BC35F7BE}.Release|x86.Build.0 = Release|Win32
	EndGlobalSection
	GlobalSection(SolutionProperties) = preSolution
		HideSolutionNode = FALSE
	EndGlobalSection
	GlobalSection(ExtensibilityGlobals) = postSolution
		SolutionGuid = {BF009017-CBE4-4486-B836-3B417C3215E7}
	EndGlobalSection
EndGlobal
