
Microsoft Visual Studio Solution File, Format Version 12.00
# Visual Studio Version 17
VisualStudioVersion = 17.7.34031.279
MinimumVisualStudioVersion = 10.0.40219.1
Project("{8BC9CEB8-8B4A-11D0-8D11-00A0C91BC942}") = "Bai002", "Bai002\Bai002.vcxproj", "{F18D4026-EEE1-40AA-8DBE-AE41FCAAB2EB}"
EndProject
Project("{8BC9CEB8-8B4A-11D0-8D11-00A0C91BC942}") = "Bai004", "Bai004\Bai004.vcxproj", "{CEE07E1F-BAB6-4219-845F-488382DC0392}"
EndProject
Project("{8BC9CEB8-8B4A-11D0-8D11-00A0C91BC942}") = "Bai006", "Bai006\Bai006.vcxproj", "{F994C066-E8A4-4EFC-8F71-14668FCC8514}"
EndProject
Project("{8BC9CEB8-8B4A-11D0-8D11-00A0C91BC942}") = "Bai008", "Bai008\Bai008.vcxproj", "{EFC1D3C3-E88C-4DE9-9254-4AC1C71BF1B0}"
EndProject
Project("{8BC9CEB8-8B4A-11D0-8D11-00A0C91BC942}") = "Bai010", "Bai010\Bai010.vcxproj", "{CAD0AB4F-383A-4978-8EB8-1C101418DB4A}"
EndProject
Project("{8BC9CEB8-8B4A-11D0-8D11-00A0C91BC942}") = "Bai012", "Bai012\Bai012.vcxproj", "{68F98199-797B-4C7D-A9CF-FDB641A49F29}"
EndProject
Project("{8BC9CEB8-8B4A-11D0-8D11-00A0C91BC942}") = "Bai014", "Bai014\Bai014.vcxproj", "{1B72E2A9-0D6B-4AE3-96CC-B6D4D4CF64A5}"
EndProject
Project("{8BC9CEB8-8B4A-11D0-8D11-00A0C91BC942}") = "Bai016", "Bai016\Bai016.vcxproj", "{B4DC798D-F1D0-4D73-B2C2-978EE3442B42}"
EndProject
Project("{8BC9CEB8-8B4A-11D0-8D11-00A0C91BC942}") = "Bai018", "Bai018\Bai018.vcxproj", "{228E5854-591E-4819-A3DD-E7745A84573D}"
EndProject
Project("{8BC9CEB8-8B4A-11D0-8D11-00A0C91BC942}") = "Bai020", "Bai020\Bai020.vcxproj", "{1C1D4CC5-B714-4735-92C6-2A0C53A4AB01}"
EndProject
Project("{8BC9CEB8-8B4A-11D0-8D11-00A0C91BC942}") = "Bai022", "Bai022\Bai022.vcxproj", "{EBAD9F8A-B880-4DCE-ACD2-12E78F769517}"
EndProject
Project("{8BC9CEB8-8B4A-11D0-8D11-00A0C91BC942}") = "Bai024", "Bai024\Bai024.vcxproj", "{9BC69117-C012-4381-A63F-CA99855902EF}"
EndProject
Project("{8BC9CEB8-8B4A-11D0-8D11-00A0C91BC942}") = "Bai026", "Bai026\Bai026.vcxproj", "{6D22AECD-6F7A-4E6B-9563-B2F6DE77E3B7}"
EndProject
Project("{8BC9CEB8-8B4A-11D0-8D11-00A0C91BC942}") = "Bai028", "Bai028\Bai028.vcxproj", "{39F48001-34D3-4D11-A69D-E88A85A52DF5}"
EndProject
Project("{8BC9CEB8-8B4A-11D0-8D11-00A0C91BC942}") = "Bai030", "Bai030\Bai030.vcxproj", "{12F99B45-ACC5-4C12-BF4D-5CAE68B05355}"
EndProject
Project("{8BC9CEB8-8B4A-11D0-8D11-00A0C91BC942}") = "Bai032", "Bai032\Bai032.vcxproj", "{971B9C92-2260-498C-B4C2-480CA313FF2A}"
EndProject
Project("{8BC9CEB8-8B4A-11D0-8D11-00A0C91BC942}") = "Bai034", "Bai034\Bai034.vcxproj", "{9EB015F9-692B-4AD6-8A74-362584E06C68}"
EndProject
Project("{8BC9CEB8-8B4A-11D0-8D11-00A0C91BC942}") = "Bai036", "Bai036\Bai036.vcxproj", "{482257B3-4A49-4AA7-96C6-6BB4097B0DA6}"
EndProject
Project("{8BC9CEB8-8B4A-11D0-8D11-00A0C91BC942}") = "Bai038", "Bai038\Bai038.vcxproj", "{71BB1E89-3D91-4EFE-8242-A7E9B4C528EE}"
EndProject
Project("{8BC9CEB8-8B4A-11D0-8D11-00A0C91BC942}") = "Bai040", "Bai040\Bai040.vcxproj", "{347A30CB-1ADE-4337-8DFB-500FF2308E21}"
EndProject
Project("{8BC9CEB8-8B4A-11D0-8D11-00A0C91BC942}") = "Bai042", "Bai042\Bai042.vcxproj", "{7E887FB8-E212-441D-983B-5AD493CC598C}"
EndProject
Project("{8BC9CEB8-8B4A-11D0-8D11-00A0C91BC942}") = "Bai044", "Bai044\Bai044.vcxproj", "{187C8223-4999-47E3-B7F4-01DB464E4E70}"
EndProject
Project("{8BC9CEB8-8B4A-11D0-8D11-00A0C91BC942}") = "Bai046", "Bai046\Bai046.vcxproj", "{C2C0315E-1AA4-4AB5-B4E5-142BC7A6F6E4}"
EndProject
Project("{8BC9CEB8-8B4A-11D0-8D11-00A0C91BC942}") = "Bai048", "Bai048\Bai048.vcxproj", "{C523074B-33DB-4F26-87C4-C68193F04451}"
EndProject
Project("{8BC9CEB8-8B4A-11D0-8D11-00A0C91BC942}") = "Bai050", "Bai050\Bai050.vcxproj", "{BF856E17-CCA4-4723-A456-7A00CA031BD6}"
EndProject
Project("{8BC9CEB8-8B4A-11D0-8D11-00A0C91BC942}") = "Bai052", "Bai052\Bai052.vcxproj", "{54531A89-480A-40A6-A408-83095E46FECC}"
EndProject
Project("{8BC9CEB8-8B4A-11D0-8D11-00A0C91BC942}") = "Bai054", "Bai054\Bai054.vcxproj", "{B207852D-58A6-450E-AE34-26A9BA6A1FA0}"
EndProject
Project("{8BC9CEB8-8B4A-11D0-8D11-00A0C91BC942}") = "Bai056", "Bai056\Bai056.vcxproj", "{48623DA5-8AC8-49C3-B450-28E80B51C3EB}"
EndProject
Project("{8BC9CEB8-8B4A-11D0-8D11-00A0C91BC942}") = "Bai058", "Bai058\Bai058.vcxproj", "{88183F44-C326-43C8-A28F-7522525DDE61}"
EndProject
Project("{8BC9CEB8-8B4A-11D0-8D11-00A0C91BC942}") = "Bai060", "Bai060\Bai060.vcxproj", "{6317E4F5-7CB8-4A29-8284-3F034C053F47}"
EndProject
Project("{8BC9CEB8-8B4A-11D0-8D11-00A0C91BC942}") = "Bai062", "Bai062\Bai062.vcxproj", "{9B025228-F962-4C3C-A3CC-22E1EBFF7B5E}"
EndProject
Project("{8BC9CEB8-8B4A-11D0-8D11-00A0C91BC942}") = "Bai064", "Bai064\Bai064.vcxproj", "{F898A220-7443-47FB-867F-E0ABF52BEB42}"
EndProject
Project("{8BC9CEB8-8B4A-11D0-8D11-00A0C91BC942}") = "Bai066", "Bai066\Bai066.vcxproj", "{082E863A-1857-4151-89A8-B88C4D02D6B1}"
EndProject
Project("{8BC9CEB8-8B4A-11D0-8D11-00A0C91BC942}") = "Bai068", "Bai068\Bai068.vcxproj", "{304FE9AD-CD62-4302-9C0E-C012BB235762}"
EndProject
Project("{8BC9CEB8-8B4A-11D0-8D11-00A0C91BC942}") = "Bai070", "Bai070\Bai070.vcxproj", "{29E8B8C6-03BA-49E8-BD73-1773B3BF783D}"
EndProject
Project("{8BC9CEB8-8B4A-11D0-8D11-00A0C91BC942}") = "Bai072", "Bai072\Bai072.vcxproj", "{C906A445-8779-4A79-BC2B-A471C545AD5B}"
EndProject
Project("{8BC9CEB8-8B4A-11D0-8D11-00A0C91BC942}") = "Bai074", "Bai074\Bai074.vcxproj", "{FF84368A-BB69-4447-9F02-B10F34F33C95}"
EndProject
Project("{8BC9CEB8-8B4A-11D0-8D11-00A0C91BC942}") = "Bai076", "Bai076\Bai076.vcxproj", "{A2206B92-DA21-45A0-91F7-6DB849AA2BC3}"
EndProject
Project("{8BC9CEB8-8B4A-11D0-8D11-00A0C91BC942}") = "Bai078", "Bai078\Bai078.vcxproj", "{1EB9CD09-B87F-4F39-9C47-1F77094225B0}"
EndProject
Project("{8BC9CEB8-8B4A-11D0-8D11-00A0C91BC942}") = "Bai080", "Bai080\Bai080.vcxproj", "{D4F4D488-CC25-4E8F-A06D-35DF8346BEF4}"
EndProject
Project("{8BC9CEB8-8B4A-11D0-8D11-00A0C91BC942}") = "Bai082", "Bai082\Bai082.vcxproj", "{927B67BD-6D3D-4CA8-A049-905D3231CEB8}"
EndProject
Project("{8BC9CEB8-8B4A-11D0-8D11-00A0C91BC942}") = "Bai084", "Bai084\Bai084.vcxproj", "{905286AF-D7BF-4A79-A384-DD7AA1A59231}"
EndProject
Project("{8BC9CEB8-8B4A-11D0-8D11-00A0C91BC942}") = "Bai086", "Bai086\Bai086.vcxproj", "{FB2277AA-C24B-4297-A44E-4AA0190C38A7}"
EndProject
Project("{8BC9CEB8-8B4A-11D0-8D11-00A0C91BC942}") = "Bai088", "Bai088\Bai088.vcxproj", "{CA4DEA32-4479-403C-8B43-FC4D1DE913C2}"
EndProject
Project("{8BC9CEB8-8B4A-11D0-8D11-00A0C91BC942}") = "Bai090", "Bai090\Bai090.vcxproj", "{51092A3D-9856-4552-9772-2A428B013F32}"
EndProject
Project("{8BC9CEB8-8B4A-11D0-8D11-00A0C91BC942}") = "Bai092", "Bai092\Bai092.vcxproj", "{EF6A358B-67FE-42B8-AFE3-27D44F29CD94}"
EndProject
Project("{8BC9CEB8-8B4A-11D0-8D11-00A0C91BC942}") = "Bai094", "Bai094\Bai094.vcxproj", "{1408CA58-EEF0-4DEC-AF08-9AC251005EBE}"
EndProject
Project("{8BC9CEB8-8B4A-11D0-8D11-00A0C91BC942}") = "Bai096", "Bai096\Bai096.vcxproj", "{044C560F-4A0A-41F3-BE13-742B0C47378F}"
EndProject
Project("{8BC9CEB8-8B4A-11D0-8D11-00A0C91BC942}") = "Bai098", "Bai098\Bai098.vcxproj", "{096D8951-2166-4D44-8D55-BA01D25B9631}"
EndProject
Project("{8BC9CEB8-8B4A-11D0-8D11-00A0C91BC942}") = "Bai100", "Bai100\Bai100.vcxproj", "{BF884147-32EA-4469-88C2-6DDE4E2752B9}"
EndProject
Project("{8BC9CEB8-8B4A-11D0-8D11-00A0C91BC942}") = "Bai102", "Bai102\Bai102.vcxproj", "{2550C2FD-0899-44A3-9220-EA018FB790B9}"
EndProject
Project("{8BC9CEB8-8B4A-11D0-8D11-00A0C91BC942}") = "Bai104", "Bai104\Bai104.vcxproj", "{76B84D10-EF28-493D-849F-83AFAD4C5CB1}"
EndProject
Project("{8BC9CEB8-8B4A-11D0-8D11-00A0C91BC942}") = "Bai106", "Bai106\Bai106.vcxproj", "{83A63C25-0D27-4EC8-8A41-CDB72CE12988}"
EndProject
Project("{8BC9CEB8-8B4A-11D0-8D11-00A0C91BC942}") = "Bai108", "Bai108\Bai108.vcxproj", "{6CF4FBB3-96DA-45F9-972D-50C29DE0F9B7}"
EndProject
Project("{8BC9CEB8-8B4A-11D0-8D11-00A0C91BC942}") = "Bai110", "Bai110\Bai110.vcxproj", "{42C717D7-7413-4868-91F0-F609C7A4012B}"
EndProject
Project("{8BC9CEB8-8B4A-11D0-8D11-00A0C91BC942}") = "Bai112", "Bai112\Bai112.vcxproj", "{4EEECAFD-AAD9-4D92-87F4-DA62BD68241B}"
EndProject
Project("{8BC9CEB8-8B4A-11D0-8D11-00A0C91BC942}") = "Bai114", "Bai114\Bai114.vcxproj", "{F283D112-A9E6-4C19-8DB7-40F4C826A8AF}"
EndProject
Project("{8BC9CEB8-8B4A-11D0-8D11-00A0C91BC942}") = "Bai116", "Bai116\Bai116.vcxproj", "{EC0CC74E-70F4-42F0-AA2B-ACB933DBCBA1}"
EndProject
Project("{8BC9CEB8-8B4A-11D0-8D11-00A0C91BC942}") = "Bai118", "Bai118\Bai118.vcxproj", "{CD80539F-AED8-44BE-AC38-9498E7121A82}"
EndProject
Project("{8BC9CEB8-8B4A-11D0-8D11-00A0C91BC942}") = "Bai120", "Bai120\Bai120.vcxproj", "{12DFEDA3-5DD3-45FB-B9C9-A5AB8983D510}"
EndProject
Project("{8BC9CEB8-8B4A-11D0-8D11-00A0C91BC942}") = "Bai122", "Bai122\Bai122.vcxproj", "{67E2B5B8-C36F-4B89-99D7-F8945C79FECC}"
EndProject
Project("{8BC9CEB8-8B4A-11D0-8D11-00A0C91BC942}") = "Bai124", "Bai124\Bai124.vcxproj", "{E2C30787-2C16-437E-BB75-B0D678B7819A}"
EndProject
Project("{8BC9CEB8-8B4A-11D0-8D11-00A0C91BC942}") = "Bai126", "Bai126\Bai126.vcxproj", "{D22A945E-56AB-4654-95AD-9ED793A56A19}"
EndProject
Project("{8BC9CEB8-8B4A-11D0-8D11-00A0C91BC942}") = "Bai128", "Bai128\Bai128.vcxproj", "{878DF2F9-88A5-4CAD-ACE8-68E7CC993D36}"
EndProject
Project("{8BC9CEB8-8B4A-11D0-8D11-00A0C91BC942}") = "Bai130", "Bai130\Bai130.vcxproj", "{9A42905C-7004-4662-8996-232EB7B140F8}"
EndProject
Project("{8BC9CEB8-8B4A-11D0-8D11-00A0C91BC942}") = "Bai132", "Bai132\Bai132.vcxproj", "{14D851B5-BAD1-4F94-A1EF-D39AD98ADF75}"
EndProject
Project("{8BC9CEB8-8B4A-11D0-8D11-00A0C91BC942}") = "Bai134", "Bai134\Bai134.vcxproj", "{13733609-F5D4-454A-8B9A-EE8F820EF905}"
EndProject
Project("{8BC9CEB8-8B4A-11D0-8D11-00A0C91BC942}") = "Bai136", "Bai136\Bai136.vcxproj", "{44F4F849-3ED1-47E0-986F-43A6A5F0EE0B}"
EndProject
Project("{8BC9CEB8-8B4A-11D0-8D11-00A0C91BC942}") = "Bai138", "Bai138\Bai138.vcxproj", "{D55EF87C-6F14-4C97-919E-294AAEE33183}"
EndProject
Project("{8BC9CEB8-8B4A-11D0-8D11-00A0C91BC942}") = "Bai140", "Bai140\Bai140.vcxproj", "{4451C15C-47D3-4548-8964-49EF75C7FEFB}"
EndProject
Project("{8BC9CEB8-8B4A-11D0-8D11-00A0C91BC942}") = "Bai142", "Bai142\Bai142.vcxproj", "{00790EE0-DF67-4300-B29F-9A2F487744E5}"
EndProject
Project("{8BC9CEB8-8B4A-11D0-8D11-00A0C91BC942}") = "Bai148", "Bai148\Bai148.vcxproj", "{88A5CA64-D3B8-44C8-9E9A-94C2872E40FB}"
EndProject
Project("{8BC9CEB8-8B4A-11D0-8D11-00A0C91BC942}") = "Bai150", "Bai150\Bai150.vcxproj", "{DAAB12EA-46AB-4B55-8319-B3A2BED980BD}"
EndProject
Global
	GlobalSection(SolutionConfigurationPlatforms) = preSolution
		Debug|x64 = Debug|x64
		Debug|x86 = Debug|x86
		Release|x64 = Release|x64
		Release|x86 = Release|x86
	EndGlobalSection
	GlobalSection(ProjectConfigurationPlatforms) = postSolution
		{F18D4026-EEE1-40AA-8DBE-AE41FCAAB2EB}.Debug|x64.ActiveCfg = Debug|x64
		{F18D4026-EEE1-40AA-8DBE-AE41FCAAB2EB}.Debug|x64.Build.0 = Debug|x64
		{F18D4026-EEE1-40AA-8DBE-AE41FCAAB2EB}.Debug|x86.ActiveCfg = Debug|Win32
		{F18D4026-EEE1-40AA-8DBE-AE41FCAAB2EB}.Debug|x86.Build.0 = Debug|Win32
		{F18D4026-EEE1-40AA-8DBE-AE41FCAAB2EB}.Release|x64.ActiveCfg = Release|x64
		{F18D4026-EEE1-40AA-8DBE-AE41FCAAB2EB}.Release|x64.Build.0 = Release|x64
		{F18D4026-EEE1-40AA-8DBE-AE41FCAAB2EB}.Release|x86.ActiveCfg = Release|Win32
		{F18D4026-EEE1-40AA-8DBE-AE41FCAAB2EB}.Release|x86.Build.0 = Release|Win32
		{CEE07E1F-BAB6-4219-845F-488382DC0392}.Debug|x64.ActiveCfg = Debug|x64
		{CEE07E1F-BAB6-4219-845F-488382DC0392}.Debug|x64.Build.0 = Debug|x64
		{CEE07E1F-BAB6-4219-845F-488382DC0392}.Debug|x86.ActiveCfg = Debug|Win32
		{CEE07E1F-BAB6-4219-845F-488382DC0392}.Debug|x86.Build.0 = Debug|Win32
		{CEE07E1F-BAB6-4219-845F-488382DC0392}.Release|x64.ActiveCfg = Release|x64
		{CEE07E1F-BAB6-4219-845F-488382DC0392}.Release|x64.Build.0 = Release|x64
		{CEE07E1F-BAB6-4219-845F-488382DC0392}.Release|x86.ActiveCfg = Release|Win32
		{CEE07E1F-BAB6-4219-845F-488382DC0392}.Release|x86.Build.0 = Release|Win32
		{F994C066-E8A4-4EFC-8F71-14668FCC8514}.Debug|x64.ActiveCfg = Debug|x64
		{F994C066-E8A4-4EFC-8F71-14668FCC8514}.Debug|x64.Build.0 = Debug|x64
		{F994C066-E8A4-4EFC-8F71-14668FCC8514}.Debug|x86.ActiveCfg = Debug|Win32
		{F994C066-E8A4-4EFC-8F71-14668FCC8514}.Debug|x86.Build.0 = Debug|Win32
		{F994C066-E8A4-4EFC-8F71-14668FCC8514}.Release|x64.ActiveCfg = Release|x64
		{F994C066-E8A4-4EFC-8F71-14668FCC8514}.Release|x64.Build.0 = Release|x64
		{F994C066-E8A4-4EFC-8F71-14668FCC8514}.Release|x86.ActiveCfg = Release|Win32
		{F994C066-E8A4-4EFC-8F71-14668FCC8514}.Release|x86.Build.0 = Release|Win32
		{EFC1D3C3-E88C-4DE9-9254-4AC1C71BF1B0}.Debug|x64.ActiveCfg = Debug|x64
		{EFC1D3C3-E88C-4DE9-9254-4AC1C71BF1B0}.Debug|x64.Build.0 = Debug|x64
		{EFC1D3C3-E88C-4DE9-9254-4AC1C71BF1B0}.Debug|x86.ActiveCfg = Debug|Win32
		{EFC1D3C3-E88C-4DE9-9254-4AC1C71BF1B0}.Debug|x86.Build.0 = Debug|Win32
		{EFC1D3C3-E88C-4DE9-9254-4AC1C71BF1B0}.Release|x64.ActiveCfg = Release|x64
		{EFC1D3C3-E88C-4DE9-9254-4AC1C71BF1B0}.Release|x64.Build.0 = Release|x64
		{EFC1D3C3-E88C-4DE9-9254-4AC1C71BF1B0}.Release|x86.ActiveCfg = Release|Win32
		{EFC1D3C3-E88C-4DE9-9254-4AC1C71BF1B0}.Release|x86.Build.0 = Release|Win32
		{CAD0AB4F-383A-4978-8EB8-1C101418DB4A}.Debug|x64.ActiveCfg = Debug|x64
		{CAD0AB4F-383A-4978-8EB8-1C101418DB4A}.Debug|x64.Build.0 = Debug|x64
		{CAD0AB4F-383A-4978-8EB8-1C101418DB4A}.Debug|x86.ActiveCfg = Debug|Win32
		{CAD0AB4F-383A-4978-8EB8-1C101418DB4A}.Debug|x86.Build.0 = Debug|Win32
		{CAD0AB4F-383A-4978-8EB8-1C101418DB4A}.Release|x64.ActiveCfg = Release|x64
		{CAD0AB4F-383A-4978-8EB8-1C101418DB4A}.Release|x64.Build.0 = Release|x64
		{CAD0AB4F-383A-4978-8EB8-1C101418DB4A}.Release|x86.ActiveCfg = Release|Win32
		{CAD0AB4F-383A-4978-8EB8-1C101418DB4A}.Release|x86.Build.0 = Release|Win32
		{68F98199-797B-4C7D-A9CF-FDB641A49F29}.Debug|x64.ActiveCfg = Debug|x64
		{68F98199-797B-4C7D-A9CF-FDB641A49F29}.Debug|x64.Build.0 = Debug|x64
		{68F98199-797B-4C7D-A9CF-FDB641A49F29}.Debug|x86.ActiveCfg = Debug|Win32
		{68F98199-797B-4C7D-A9CF-FDB641A49F29}.Debug|x86.Build.0 = Debug|Win32
		{68F98199-797B-4C7D-A9CF-FDB641A49F29}.Release|x64.ActiveCfg = Release|x64
		{68F98199-797B-4C7D-A9CF-FDB641A49F29}.Release|x64.Build.0 = Release|x64
		{68F98199-797B-4C7D-A9CF-FDB641A49F29}.Release|x86.ActiveCfg = Release|Win32
		{68F98199-797B-4C7D-A9CF-FDB641A49F29}.Release|x86.Build.0 = Release|Win32
		{1B72E2A9-0D6B-4AE3-96CC-B6D4D4CF64A5}.Debug|x64.ActiveCfg = Debug|x64
		{1B72E2A9-0D6B-4AE3-96CC-B6D4D4CF64A5}.Debug|x64.Build.0 = Debug|x64
		{1B72E2A9-0D6B-4AE3-96CC-B6D4D4CF64A5}.Debug|x86.ActiveCfg = Debug|Win32
		{1B72E2A9-0D6B-4AE3-96CC-B6D4D4CF64A5}.Debug|x86.Build.0 = Debug|Win32
		{1B72E2A9-0D6B-4AE3-96CC-B6D4D4CF64A5}.Release|x64.ActiveCfg = Release|x64
		{1B72E2A9-0D6B-4AE3-96CC-B6D4D4CF64A5}.Release|x64.Build.0 = Release|x64
		{1B72E2A9-0D6B-4AE3-96CC-B6D4D4CF64A5}.Release|x86.ActiveCfg = Release|Win32
		{1B72E2A9-0D6B-4AE3-96CC-B6D4D4CF64A5}.Release|x86.Build.0 = Release|Win32
		{B4DC798D-F1D0-4D73-B2C2-978EE3442B42}.Debug|x64.ActiveCfg = Debug|x64
		{B4DC798D-F1D0-4D73-B2C2-978EE3442B42}.Debug|x64.Build.0 = Debug|x64
		{B4DC798D-F1D0-4D73-B2C2-978EE3442B42}.Debug|x86.ActiveCfg = Debug|Win32
		{B4DC798D-F1D0-4D73-B2C2-978EE3442B42}.Debug|x86.Build.0 = Debug|Win32
		{B4DC798D-F1D0-4D73-B2C2-978EE3442B42}.Release|x64.ActiveCfg = Release|x64
		{B4DC798D-F1D0-4D73-B2C2-978EE3442B42}.Release|x64.Build.0 = Release|x64
		{B4DC798D-F1D0-4D73-B2C2-978EE3442B42}.Release|x86.ActiveCfg = Release|Win32
		{B4DC798D-F1D0-4D73-B2C2-978EE3442B42}.Release|x86.Build.0 = Release|Win32
		{228E5854-591E-4819-A3DD-E7745A84573D}.Debug|x64.ActiveCfg = Debug|x64
		{228E5854-591E-4819-A3DD-E7745A84573D}.Debug|x64.Build.0 = Debug|x64
		{228E5854-591E-4819-A3DD-E7745A84573D}.Debug|x86.ActiveCfg = Debug|Win32
		{228E5854-591E-4819-A3DD-E7745A84573D}.Debug|x86.Build.0 = Debug|Win32
		{228E5854-591E-4819-A3DD-E7745A84573D}.Release|x64.ActiveCfg = Release|x64
		{228E5854-591E-4819-A3DD-E7745A84573D}.Release|x64.Build.0 = Release|x64
		{228E5854-591E-4819-A3DD-E7745A84573D}.Release|x86.ActiveCfg = Release|Win32
		{228E5854-591E-4819-A3DD-E7745A84573D}.Release|x86.Build.0 = Release|Win32
		{1C1D4CC5-B714-4735-92C6-2A0C53A4AB01}.Debug|x64.ActiveCfg = Debug|x64
		{1C1D4CC5-B714-4735-92C6-2A0C53A4AB01}.Debug|x64.Build.0 = Debug|x64
		{1C1D4CC5-B714-4735-92C6-2A0C53A4AB01}.Debug|x86.ActiveCfg = Debug|Win32
		{1C1D4CC5-B714-4735-92C6-2A0C53A4AB01}.Debug|x86.Build.0 = Debug|Win32
		{1C1D4CC5-B714-4735-92C6-2A0C53A4AB01}.Release|x64.ActiveCfg = Release|x64
		{1C1D4CC5-B714-4735-92C6-2A0C53A4AB01}.Release|x64.Build.0 = Release|x64
		{1C1D4CC5-B714-4735-92C6-2A0C53A4AB01}.Release|x86.ActiveCfg = Release|Win32
		{1C1D4CC5-B714-4735-92C6-2A0C53A4AB01}.Release|x86.Build.0 = Release|Win32
		{EBAD9F8A-B880-4DCE-ACD2-12E78F769517}.Debug|x64.ActiveCfg = Debug|x64
		{EBAD9F8A-B880-4DCE-ACD2-12E78F769517}.Debug|x64.Build.0 = Debug|x64
		{EBAD9F8A-B880-4DCE-ACD2-12E78F769517}.Debug|x86.ActiveCfg = Debug|Win32
		{EBAD9F8A-B880-4DCE-ACD2-12E78F769517}.Debug|x86.Build.0 = Debug|Win32
		{EBAD9F8A-B880-4DCE-ACD2-12E78F769517}.Release|x64.ActiveCfg = Release|x64
		{EBAD9F8A-B880-4DCE-ACD2-12E78F769517}.Release|x64.Build.0 = Release|x64
		{EBAD9F8A-B880-4DCE-ACD2-12E78F769517}.Release|x86.ActiveCfg = Release|Win32
		{EBAD9F8A-B880-4DCE-ACD2-12E78F769517}.Release|x86.Build.0 = Release|Win32
		{9BC69117-C012-4381-A63F-CA99855902EF}.Debug|x64.ActiveCfg = Debug|x64
		{9BC69117-C012-4381-A63F-CA99855902EF}.Debug|x64.Build.0 = Debug|x64
		{9BC69117-C012-4381-A63F-CA99855902EF}.Debug|x86.ActiveCfg = Debug|Win32
		{9BC69117-C012-4381-A63F-CA99855902EF}.Debug|x86.Build.0 = Debug|Win32
		{9BC69117-C012-4381-A63F-CA99855902EF}.Release|x64.ActiveCfg = Release|x64
		{9BC69117-C012-4381-A63F-CA99855902EF}.Release|x64.Build.0 = Release|x64
		{9BC69117-C012-4381-A63F-CA99855902EF}.Release|x86.ActiveCfg = Release|Win32
		{9BC69117-C012-4381-A63F-CA99855902EF}.Release|x86.Build.0 = Release|Win32
		{6D22AECD-6F7A-4E6B-9563-B2F6DE77E3B7}.Debug|x64.ActiveCfg = Debug|x64
		{6D22AECD-6F7A-4E6B-9563-B2F6DE77E3B7}.Debug|x64.Build.0 = Debug|x64
		{6D22AECD-6F7A-4E6B-9563-B2F6DE77E3B7}.Debug|x86.ActiveCfg = Debug|Win32
		{6D22AECD-6F7A-4E6B-9563-B2F6DE77E3B7}.Debug|x86.Build.0 = Debug|Win32
		{6D22AECD-6F7A-4E6B-9563-B2F6DE77E3B7}.Release|x64.ActiveCfg = Release|x64
		{6D22AECD-6F7A-4E6B-9563-B2F6DE77E3B7}.Release|x64.Build.0 = Release|x64
		{6D22AECD-6F7A-4E6B-9563-B2F6DE77E3B7}.Release|x86.ActiveCfg = Release|Win32
		{6D22AECD-6F7A-4E6B-9563-B2F6DE77E3B7}.Release|x86.Build.0 = Release|Win32
		{39F48001-34D3-4D11-A69D-E88A85A52DF5}.Debug|x64.ActiveCfg = Debug|x64
		{39F48001-34D3-4D11-A69D-E88A85A52DF5}.Debug|x64.Build.0 = Debug|x64
		{39F48001-34D3-4D11-A69D-E88A85A52DF5}.Debug|x86.ActiveCfg = Debug|Win32
		{39F48001-34D3-4D11-A69D-E88A85A52DF5}.Debug|x86.Build.0 = Debug|Win32
		{39F48001-34D3-4D11-A69D-E88A85A52DF5}.Release|x64.ActiveCfg = Release|x64
		{39F48001-34D3-4D11-A69D-E88A85A52DF5}.Release|x64.Build.0 = Release|x64
		{39F48001-34D3-4D11-A69D-E88A85A52DF5}.Release|x86.ActiveCfg = Release|Win32
		{39F48001-34D3-4D11-A69D-E88A85A52DF5}.Release|x86.Build.0 = Release|Win32
		{12F99B45-ACC5-4C12-BF4D-5CAE68B05355}.Debug|x64.ActiveCfg = Debug|x64
		{12F99B45-ACC5-4C12-BF4D-5CAE68B05355}.Debug|x64.Build.0 = Debug|x64
		{12F99B45-ACC5-4C12-BF4D-5CAE68B05355}.Debug|x86.ActiveCfg = Debug|Win32
		{12F99B45-ACC5-4C12-BF4D-5CAE68B05355}.Debug|x86.Build.0 = Debug|Win32
		{12F99B45-ACC5-4C12-BF4D-5CAE68B05355}.Release|x64.ActiveCfg = Release|x64
		{12F99B45-ACC5-4C12-BF4D-5CAE68B05355}.Release|x64.Build.0 = Release|x64
		{12F99B45-ACC5-4C12-BF4D-5CAE68B05355}.Release|x86.ActiveCfg = Release|Win32
		{12F99B45-ACC5-4C12-BF4D-5CAE68B05355}.Release|x86.Build.0 = Release|Win32
		{971B9C92-2260-498C-B4C2-480CA313FF2A}.Debug|x64.ActiveCfg = Debug|x64
		{971B9C92-2260-498C-B4C2-480CA313FF2A}.Debug|x64.Build.0 = Debug|x64
		{971B9C92-2260-498C-B4C2-480CA313FF2A}.Debug|x86.ActiveCfg = Debug|Win32
		{971B9C92-2260-498C-B4C2-480CA313FF2A}.Debug|x86.Build.0 = Debug|Win32
		{971B9C92-2260-498C-B4C2-480CA313FF2A}.Release|x64.ActiveCfg = Release|x64
		{971B9C92-2260-498C-B4C2-480CA313FF2A}.Release|x64.Build.0 = Release|x64
		{971B9C92-2260-498C-B4C2-480CA313FF2A}.Release|x86.ActiveCfg = Release|Win32
		{971B9C92-2260-498C-B4C2-480CA313FF2A}.Release|x86.Build.0 = Release|Win32
		{9EB015F9-692B-4AD6-8A74-362584E06C68}.Debug|x64.ActiveCfg = Debug|x64
		{9EB015F9-692B-4AD6-8A74-362584E06C68}.Debug|x64.Build.0 = Debug|x64
		{9EB015F9-692B-4AD6-8A74-362584E06C68}.Debug|x86.ActiveCfg = Debug|Win32
		{9EB015F9-692B-4AD6-8A74-362584E06C68}.Debug|x86.Build.0 = Debug|Win32
		{9EB015F9-692B-4AD6-8A74-362584E06C68}.Release|x64.ActiveCfg = Release|x64
		{9EB015F9-692B-4AD6-8A74-362584E06C68}.Release|x64.Build.0 = Release|x64
		{9EB015F9-692B-4AD6-8A74-362584E06C68}.Release|x86.ActiveCfg = Release|Win32
		{9EB015F9-692B-4AD6-8A74-362584E06C68}.Release|x86.Build.0 = Release|Win32
		{482257B3-4A49-4AA7-96C6-6BB4097B0DA6}.Debug|x64.ActiveCfg = Debug|x64
		{482257B3-4A49-4AA7-96C6-6BB4097B0DA6}.Debug|x64.Build.0 = Debug|x64
		{482257B3-4A49-4AA7-96C6-6BB4097B0DA6}.Debug|x86.ActiveCfg = Debug|Win32
		{482257B3-4A49-4AA7-96C6-6BB4097B0DA6}.Debug|x86.Build.0 = Debug|Win32
		{482257B3-4A49-4AA7-96C6-6BB4097B0DA6}.Release|x64.ActiveCfg = Release|x64
		{482257B3-4A49-4AA7-96C6-6BB4097B0DA6}.Release|x64.Build.0 = Release|x64
		{482257B3-4A49-4AA7-96C6-6BB4097B0DA6}.Release|x86.ActiveCfg = Release|Win32
		{482257B3-4A49-4AA7-96C6-6BB4097B0DA6}.Release|x86.Build.0 = Release|Win32
		{71BB1E89-3D91-4EFE-8242-A7E9B4C528EE}.Debug|x64.ActiveCfg = Debug|x64
		{71BB1E89-3D91-4EFE-8242-A7E9B4C528EE}.Debug|x64.Build.0 = Debug|x64
		{71BB1E89-3D91-4EFE-8242-A7E9B4C528EE}.Debug|x86.ActiveCfg = Debug|Win32
		{71BB1E89-3D91-4EFE-8242-A7E9B4C528EE}.Debug|x86.Build.0 = Debug|Win32
		{71BB1E89-3D91-4EFE-8242-A7E9B4C528EE}.Release|x64.ActiveCfg = Release|x64
		{71BB1E89-3D91-4EFE-8242-A7E9B4C528EE}.Release|x64.Build.0 = Release|x64
		{71BB1E89-3D91-4EFE-8242-A7E9B4C528EE}.Release|x86.ActiveCfg = Release|Win32
		{71BB1E89-3D91-4EFE-8242-A7E9B4C528EE}.Release|x86.Build.0 = Release|Win32
		{347A30CB-1ADE-4337-8DFB-500FF2308E21}.Debug|x64.ActiveCfg = Debug|x64
		{347A30CB-1ADE-4337-8DFB-500FF2308E21}.Debug|x64.Build.0 = Debug|x64
		{347A30CB-1ADE-4337-8DFB-500FF2308E21}.Debug|x86.ActiveCfg = Debug|Win32
		{347A30CB-1ADE-4337-8DFB-500FF2308E21}.Debug|x86.Build.0 = Debug|Win32
		{347A30CB-1ADE-4337-8DFB-500FF2308E21}.Release|x64.ActiveCfg = Release|x64
		{347A30CB-1ADE-4337-8DFB-500FF2308E21}.Release|x64.Build.0 = Release|x64
		{347A30CB-1ADE-4337-8DFB-500FF2308E21}.Release|x86.ActiveCfg = Release|Win32
		{347A30CB-1ADE-4337-8DFB-500FF2308E21}.Release|x86.Build.0 = Release|Win32
		{7E887FB8-E212-441D-983B-5AD493CC598C}.Debug|x64.ActiveCfg = Debug|x64
		{7E887FB8-E212-441D-983B-5AD493CC598C}.Debug|x64.Build.0 = Debug|x64
		{7E887FB8-E212-441D-983B-5AD493CC598C}.Debug|x86.ActiveCfg = Debug|Win32
		{7E887FB8-E212-441D-983B-5AD493CC598C}.Debug|x86.Build.0 = Debug|Win32
		{7E887FB8-E212-441D-983B-5AD493CC598C}.Release|x64.ActiveCfg = Release|x64
		{7E887FB8-E212-441D-983B-5AD493CC598C}.Release|x64.Build.0 = Release|x64
		{7E887FB8-E212-441D-983B-5AD493CC598C}.Release|x86.ActiveCfg = Release|Win32
		{7E887FB8-E212-441D-983B-5AD493CC598C}.Release|x86.Build.0 = Release|Win32
		{187C8223-4999-47E3-B7F4-01DB464E4E70}.Debug|x64.ActiveCfg = Debug|x64
		{187C8223-4999-47E3-B7F4-01DB464E4E70}.Debug|x64.Build.0 = Debug|x64
		{187C8223-4999-47E3-B7F4-01DB464E4E70}.Debug|x86.ActiveCfg = Debug|Win32
		{187C8223-4999-47E3-B7F4-01DB464E4E70}.Debug|x86.Build.0 = Debug|Win32
		{187C8223-4999-47E3-B7F4-01DB464E4E70}.Release|x64.ActiveCfg = Release|x64
		{187C8223-4999-47E3-B7F4-01DB464E4E70}.Release|x64.Build.0 = Release|x64
		{187C8223-4999-47E3-B7F4-01DB464E4E70}.Release|x86.ActiveCfg = Release|Win32
		{187C8223-4999-47E3-B7F4-01DB464E4E70}.Release|x86.Build.0 = Release|Win32
		{C2C0315E-1AA4-4AB5-B4E5-142BC7A6F6E4}.Debug|x64.ActiveCfg = Debug|x64
		{C2C0315E-1AA4-4AB5-B4E5-142BC7A6F6E4}.Debug|x64.Build.0 = Debug|x64
		{C2C0315E-1AA4-4AB5-B4E5-142BC7A6F6E4}.Debug|x86.ActiveCfg = Debug|Win32
		{C2C0315E-1AA4-4AB5-B4E5-142BC7A6F6E4}.Debug|x86.Build.0 = Debug|Win32
		{C2C0315E-1AA4-4AB5-B4E5-142BC7A6F6E4}.Release|x64.ActiveCfg = Release|x64
		{C2C0315E-1AA4-4AB5-B4E5-142BC7A6F6E4}.Release|x64.Build.0 = Release|x64
		{C2C0315E-1AA4-4AB5-B4E5-142BC7A6F6E4}.Release|x86.ActiveCfg = Release|Win32
		{C2C0315E-1AA4-4AB5-B4E5-142BC7A6F6E4}.Release|x86.Build.0 = Release|Win32
		{C523074B-33DB-4F26-87C4-C68193F04451}.Debug|x64.ActiveCfg = Debug|x64
		{C523074B-33DB-4F26-87C4-C68193F04451}.Debug|x64.Build.0 = Debug|x64
		{C523074B-33DB-4F26-87C4-C68193F04451}.Debug|x86.ActiveCfg = Debug|Win32
		{C523074B-33DB-4F26-87C4-C68193F04451}.Debug|x86.Build.0 = Debug|Win32
		{C523074B-33DB-4F26-87C4-C68193F04451}.Release|x64.ActiveCfg = Release|x64
		{C523074B-33DB-4F26-87C4-C68193F04451}.Release|x64.Build.0 = Release|x64
		{C523074B-33DB-4F26-87C4-C68193F04451}.Release|x86.ActiveCfg = Release|Win32
		{C523074B-33DB-4F26-87C4-C68193F04451}.Release|x86.Build.0 = Release|Win32
		{BF856E17-CCA4-4723-A456-7A00CA031BD6}.Debug|x64.ActiveCfg = Debug|x64
		{BF856E17-CCA4-4723-A456-7A00CA031BD6}.Debug|x64.Build.0 = Debug|x64
		{BF856E17-CCA4-4723-A456-7A00CA031BD6}.Debug|x86.ActiveCfg = Debug|Win32
		{BF856E17-CCA4-4723-A456-7A00CA031BD6}.Debug|x86.Build.0 = Debug|Win32
		{BF856E17-CCA4-4723-A456-7A00CA031BD6}.Release|x64.ActiveCfg = Release|x64
		{BF856E17-CCA4-4723-A456-7A00CA031BD6}.Release|x64.Build.0 = Release|x64
		{BF856E17-CCA4-4723-A456-7A00CA031BD6}.Release|x86.ActiveCfg = Release|Win32
		{BF856E17-CCA4-4723-A456-7A00CA031BD6}.Release|x86.Build.0 = Release|Win32
		{54531A89-480A-40A6-A408-83095E46FECC}.Debug|x64.ActiveCfg = Debug|x64
		{54531A89-480A-40A6-A408-83095E46FECC}.Debug|x64.Build.0 = Debug|x64
		{54531A89-480A-40A6-A408-83095E46FECC}.Debug|x86.ActiveCfg = Debug|Win32
		{54531A89-480A-40A6-A408-83095E46FECC}.Debug|x86.Build.0 = Debug|Win32
		{54531A89-480A-40A6-A408-83095E46FECC}.Release|x64.ActiveCfg = Release|x64
		{54531A89-480A-40A6-A408-83095E46FECC}.Release|x64.Build.0 = Release|x64
		{54531A89-480A-40A6-A408-83095E46FECC}.Release|x86.ActiveCfg = Release|Win32
		{54531A89-480A-40A6-A408-83095E46FECC}.Release|x86.Build.0 = Release|Win32
		{B207852D-58A6-450E-AE34-26A9BA6A1FA0}.Debug|x64.ActiveCfg = Debug|x64
		{B207852D-58A6-450E-AE34-26A9BA6A1FA0}.Debug|x64.Build.0 = Debug|x64
		{B207852D-58A6-450E-AE34-26A9BA6A1FA0}.Debug|x86.ActiveCfg = Debug|Win32
		{B207852D-58A6-450E-AE34-26A9BA6A1FA0}.Debug|x86.Build.0 = Debug|Win32
		{B207852D-58A6-450E-AE34-26A9BA6A1FA0}.Release|x64.ActiveCfg = Release|x64
		{B207852D-58A6-450E-AE34-26A9BA6A1FA0}.Release|x64.Build.0 = Release|x64
		{B207852D-58A6-450E-AE34-26A9BA6A1FA0}.Release|x86.ActiveCfg = Release|Win32
		{B207852D-58A6-450E-AE34-26A9BA6A1FA0}.Release|x86.Build.0 = Release|Win32
		{48623DA5-8AC8-49C3-B450-28E80B51C3EB}.Debug|x64.ActiveCfg = Debug|x64
		{48623DA5-8AC8-49C3-B450-28E80B51C3EB}.Debug|x64.Build.0 = Debug|x64
		{48623DA5-8AC8-49C3-B450-28E80B51C3EB}.Debug|x86.ActiveCfg = Debug|Win32
		{48623DA5-8AC8-49C3-B450-28E80B51C3EB}.Debug|x86.Build.0 = Debug|Win32
		{48623DA5-8AC8-49C3-B450-28E80B51C3EB}.Release|x64.ActiveCfg = Release|x64
		{48623DA5-8AC8-49C3-B450-28E80B51C3EB}.Release|x64.Build.0 = Release|x64
		{48623DA5-8AC8-49C3-B450-28E80B51C3EB}.Release|x86.ActiveCfg = Release|Win32
		{48623DA5-8AC8-49C3-B450-28E80B51C3EB}.Release|x86.Build.0 = Release|Win32
		{88183F44-C326-43C8-A28F-7522525DDE61}.Debug|x64.ActiveCfg = Debug|x64
		{88183F44-C326-43C8-A28F-7522525DDE61}.Debug|x64.Build.0 = Debug|x64
		{88183F44-C326-43C8-A28F-7522525DDE61}.Debug|x86.ActiveCfg = Debug|Win32
		{88183F44-C326-43C8-A28F-7522525DDE61}.Debug|x86.Build.0 = Debug|Win32
		{88183F44-C326-43C8-A28F-7522525DDE61}.Release|x64.ActiveCfg = Release|x64
		{88183F44-C326-43C8-A28F-7522525DDE61}.Release|x64.Build.0 = Release|x64
		{88183F44-C326-43C8-A28F-7522525DDE61}.Release|x86.ActiveCfg = Release|Win32
		{88183F44-C326-43C8-A28F-7522525DDE61}.Release|x86.Build.0 = Release|Win32
		{6317E4F5-7CB8-4A29-8284-3F034C053F47}.Debug|x64.ActiveCfg = Debug|x64
		{6317E4F5-7CB8-4A29-8284-3F034C053F47}.Debug|x64.Build.0 = Debug|x64
		{6317E4F5-7CB8-4A29-8284-3F034C053F47}.Debug|x86.ActiveCfg = Debug|Win32
		{6317E4F5-7CB8-4A29-8284-3F034C053F47}.Debug|x86.Build.0 = Debug|Win32
		{6317E4F5-7CB8-4A29-8284-3F034C053F47}.Release|x64.ActiveCfg = Release|x64
		{6317E4F5-7CB8-4A29-8284-3F034C053F47}.Release|x64.Build.0 = Release|x64
		{6317E4F5-7CB8-4A29-8284-3F034C053F47}.Release|x86.ActiveCfg = Release|Win32
		{6317E4F5-7CB8-4A29-8284-3F034C053F47}.Release|x86.Build.0 = Release|Win32
		{9B025228-F962-4C3C-A3CC-22E1EBFF7B5E}.Debug|x64.ActiveCfg = Debug|x64
		{9B025228-F962-4C3C-A3CC-22E1EBFF7B5E}.Debug|x64.Build.0 = Debug|x64
		{9B025228-F962-4C3C-A3CC-22E1EBFF7B5E}.Debug|x86.ActiveCfg = Debug|Win32
		{9B025228-F962-4C3C-A3CC-22E1EBFF7B5E}.Debug|x86.Build.0 = Debug|Win32
		{9B025228-F962-4C3C-A3CC-22E1EBFF7B5E}.Release|x64.ActiveCfg = Release|x64
		{9B025228-F962-4C3C-A3CC-22E1EBFF7B5E}.Release|x64.Build.0 = Release|x64
		{9B025228-F962-4C3C-A3CC-22E1EBFF7B5E}.Release|x86.ActiveCfg = Release|Win32
		{9B025228-F962-4C3C-A3CC-22E1EBFF7B5E}.Release|x86.Build.0 = Release|Win32
		{F898A220-7443-47FB-867F-E0ABF52BEB42}.Debug|x64.ActiveCfg = Debug|x64
		{F898A220-7443-47FB-867F-E0ABF52BEB42}.Debug|x64.Build.0 = Debug|x64
		{F898A220-7443-47FB-867F-E0ABF52BEB42}.Debug|x86.ActiveCfg = Debug|Win32
		{F898A220-7443-47FB-867F-E0ABF52BEB42}.Debug|x86.Build.0 = Debug|Win32
		{F898A220-7443-47FB-867F-E0ABF52BEB42}.Release|x64.ActiveCfg = Release|x64
		{F898A220-7443-47FB-867F-E0ABF52BEB42}.Release|x64.Build.0 = Release|x64
		{F898A220-7443-47FB-867F-E0ABF52BEB42}.Release|x86.ActiveCfg = Release|Win32
		{F898A220-7443-47FB-867F-E0ABF52BEB42}.Release|x86.Build.0 = Release|Win32
		{082E863A-1857-4151-89A8-B88C4D02D6B1}.Debug|x64.ActiveCfg = Debug|x64
		{082E863A-1857-4151-89A8-B88C4D02D6B1}.Debug|x64.Build.0 = Debug|x64
		{082E863A-1857-4151-89A8-B88C4D02D6B1}.Debug|x86.ActiveCfg = Debug|Win32
		{082E863A-1857-4151-89A8-B88C4D02D6B1}.Debug|x86.Build.0 = Debug|Win32
		{082E863A-1857-4151-89A8-B88C4D02D6B1}.Release|x64.ActiveCfg = Release|x64
		{082E863A-1857-4151-89A8-B88C4D02D6B1}.Release|x64.Build.0 = Release|x64
		{082E863A-1857-4151-89A8-B88C4D02D6B1}.Release|x86.ActiveCfg = Release|Win32
		{082E863A-1857-4151-89A8-B88C4D02D6B1}.Release|x86.Build.0 = Release|Win32
		{304FE9AD-CD62-4302-9C0E-C012BB235762}.Debug|x64.ActiveCfg = Debug|x64
		{304FE9AD-CD62-4302-9C0E-C012BB235762}.Debug|x64.Build.0 = Debug|x64
		{304FE9AD-CD62-4302-9C0E-C012BB235762}.Debug|x86.ActiveCfg = Debug|Win32
		{304FE9AD-CD62-4302-9C0E-C012BB235762}.Debug|x86.Build.0 = Debug|Win32
		{304FE9AD-CD62-4302-9C0E-C012BB235762}.Release|x64.ActiveCfg = Release|x64
		{304FE9AD-CD62-4302-9C0E-C012BB235762}.Release|x64.Build.0 = Release|x64
		{304FE9AD-CD62-4302-9C0E-C012BB235762}.Release|x86.ActiveCfg = Release|Win32
		{304FE9AD-CD62-4302-9C0E-C012BB235762}.Release|x86.Build.0 = Release|Win32
		{29E8B8C6-03BA-49E8-BD73-1773B3BF783D}.Debug|x64.ActiveCfg = Debug|x64
		{29E8B8C6-03BA-49E8-BD73-1773B3BF783D}.Debug|x64.Build.0 = Debug|x64
		{29E8B8C6-03BA-49E8-BD73-1773B3BF783D}.Debug|x86.ActiveCfg = Debug|Win32
		{29E8B8C6-03BA-49E8-BD73-1773B3BF783D}.Debug|x86.Build.0 = Debug|Win32
		{29E8B8C6-03BA-49E8-BD73-1773B3BF783D}.Release|x64.ActiveCfg = Release|x64
		{29E8B8C6-03BA-49E8-BD73-1773B3BF783D}.Release|x64.Build.0 = Release|x64
		{29E8B8C6-03BA-49E8-BD73-1773B3BF783D}.Release|x86.ActiveCfg = Release|Win32
		{29E8B8C6-03BA-49E8-BD73-1773B3BF783D}.Release|x86.Build.0 = Release|Win32
		{C906A445-8779-4A79-BC2B-A471C545AD5B}.Debug|x64.ActiveCfg = Debug|x64
		{C906A445-8779-4A79-BC2B-A471C545AD5B}.Debug|x64.Build.0 = Debug|x64
		{C906A445-8779-4A79-BC2B-A471C545AD5B}.Debug|x86.ActiveCfg = Debug|Win32
		{C906A445-8779-4A79-BC2B-A471C545AD5B}.Debug|x86.Build.0 = Debug|Win32
		{C906A445-8779-4A79-BC2B-A471C545AD5B}.Release|x64.ActiveCfg = Release|x64
		{C906A445-8779-4A79-BC2B-A471C545AD5B}.Release|x64.Build.0 = Release|x64
		{C906A445-8779-4A79-BC2B-A471C545AD5B}.Release|x86.ActiveCfg = Release|Win32
		{C906A445-8779-4A79-BC2B-A471C545AD5B}.Release|x86.Build.0 = Release|Win32
		{FF84368A-BB69-4447-9F02-B10F34F33C95}.Debug|x64.ActiveCfg = Debug|x64
		{FF84368A-BB69-4447-9F02-B10F34F33C95}.Debug|x64.Build.0 = Debug|x64
		{FF84368A-BB69-4447-9F02-B10F34F33C95}.Debug|x86.ActiveCfg = Debug|Win32
		{FF84368A-BB69-4447-9F02-B10F34F33C95}.Debug|x86.Build.0 = Debug|Win32
		{FF84368A-BB69-4447-9F02-B10F34F33C95}.Release|x64.ActiveCfg = Release|x64
		{FF84368A-BB69-4447-9F02-B10F34F33C95}.Release|x64.Build.0 = Release|x64
		{FF84368A-BB69-4447-9F02-B10F34F33C95}.Release|x86.ActiveCfg = Release|Win32
		{FF84368A-BB69-4447-9F02-B10F34F33C95}.Release|x86.Build.0 = Release|Win32
		{A2206B92-DA21-45A0-91F7-6DB849AA2BC3}.Debug|x64.ActiveCfg = Debug|x64
		{A2206B92-DA21-45A0-91F7-6DB849AA2BC3}.Debug|x64.Build.0 = Debug|x64
		{A2206B92-DA21-45A0-91F7-6DB849AA2BC3}.Debug|x86.ActiveCfg = Debug|Win32
		{A2206B92-DA21-45A0-91F7-6DB849AA2BC3}.Debug|x86.Build.0 = Debug|Win32
		{A2206B92-DA21-45A0-91F7-6DB849AA2BC3}.Release|x64.ActiveCfg = Release|x64
		{A2206B92-DA21-45A0-91F7-6DB849AA2BC3}.Release|x64.Build.0 = Release|x64
		{A2206B92-DA21-45A0-91F7-6DB849AA2BC3}.Release|x86.ActiveCfg = Release|Win32
		{A2206B92-DA21-45A0-91F7-6DB849AA2BC3}.Release|x86.Build.0 = Release|Win32
		{1EB9CD09-B87F-4F39-9C47-1F77094225B0}.Debug|x64.ActiveCfg = Debug|x64
		{1EB9CD09-B87F-4F39-9C47-1F77094225B0}.Debug|x64.Build.0 = Debug|x64
		{1EB9CD09-B87F-4F39-9C47-1F77094225B0}.Debug|x86.ActiveCfg = Debug|Win32
		{1EB9CD09-B87F-4F39-9C47-1F77094225B0}.Debug|x86.Build.0 = Debug|Win32
		{1EB9CD09-B87F-4F39-9C47-1F77094225B0}.Release|x64.ActiveCfg = Release|x64
		{1EB9CD09-B87F-4F39-9C47-1F77094225B0}.Release|x64.Build.0 = Release|x64
		{1EB9CD09-B87F-4F39-9C47-1F77094225B0}.Release|x86.ActiveCfg = Release|Win32
		{1EB9CD09-B87F-4F39-9C47-1F77094225B0}.Release|x86.Build.0 = Release|Win32
		{D4F4D488-CC25-4E8F-A06D-35DF8346BEF4}.Debug|x64.ActiveCfg = Debug|x64
		{D4F4D488-CC25-4E8F-A06D-35DF8346BEF4}.Debug|x64.Build.0 = Debug|x64
		{D4F4D488-CC25-4E8F-A06D-35DF8346BEF4}.Debug|x86.ActiveCfg = Debug|Win32
		{D4F4D488-CC25-4E8F-A06D-35DF8346BEF4}.Debug|x86.Build.0 = Debug|Win32
		{D4F4D488-CC25-4E8F-A06D-35DF8346BEF4}.Release|x64.ActiveCfg = Release|x64
		{D4F4D488-CC25-4E8F-A06D-35DF8346BEF4}.Release|x64.Build.0 = Release|x64
		{D4F4D488-CC25-4E8F-A06D-35DF8346BEF4}.Release|x86.ActiveCfg = Release|Win32
		{D4F4D488-CC25-4E8F-A06D-35DF8346BEF4}.Release|x86.Build.0 = Release|Win32
		{927B67BD-6D3D-4CA8-A049-905D3231CEB8}.Debug|x64.ActiveCfg = Debug|x64
		{927B67BD-6D3D-4CA8-A049-905D3231CEB8}.Debug|x64.Build.0 = Debug|x64
		{927B67BD-6D3D-4CA8-A049-905D3231CEB8}.Debug|x86.ActiveCfg = Debug|Win32
		{927B67BD-6D3D-4CA8-A049-905D3231CEB8}.Debug|x86.Build.0 = Debug|Win32
		{927B67BD-6D3D-4CA8-A049-905D3231CEB8}.Release|x64.ActiveCfg = Release|x64
		{927B67BD-6D3D-4CA8-A049-905D3231CEB8}.Release|x64.Build.0 = Release|x64
		{927B67BD-6D3D-4CA8-A049-905D3231CEB8}.Release|x86.ActiveCfg = Release|Win32
		{927B67BD-6D3D-4CA8-A049-905D3231CEB8}.Release|x86.Build.0 = Release|Win32
		{905286AF-D7BF-4A79-A384-DD7AA1A59231}.Debug|x64.ActiveCfg = Debug|x64
		{905286AF-D7BF-4A79-A384-DD7AA1A59231}.Debug|x64.Build.0 = Debug|x64
		{905286AF-D7BF-4A79-A384-DD7AA1A59231}.Debug|x86.ActiveCfg = Debug|Win32
		{905286AF-D7BF-4A79-A384-DD7AA1A59231}.Debug|x86.Build.0 = Debug|Win32
		{905286AF-D7BF-4A79-A384-DD7AA1A59231}.Release|x64.ActiveCfg = Release|x64
		{905286AF-D7BF-4A79-A384-DD7AA1A59231}.Release|x64.Build.0 = Release|x64
		{905286AF-D7BF-4A79-A384-DD7AA1A59231}.Release|x86.ActiveCfg = Release|Win32
		{905286AF-D7BF-4A79-A384-DD7AA1A59231}.Release|x86.Build.0 = Release|Win32
		{FB2277AA-C24B-4297-A44E-4AA0190C38A7}.Debug|x64.ActiveCfg = Debug|x64
		{FB2277AA-C24B-4297-A44E-4AA0190C38A7}.Debug|x64.Build.0 = Debug|x64
		{FB2277AA-C24B-4297-A44E-4AA0190C38A7}.Debug|x86.ActiveCfg = Debug|Win32
		{FB2277AA-C24B-4297-A44E-4AA0190C38A7}.Debug|x86.Build.0 = Debug|Win32
		{FB2277AA-C24B-4297-A44E-4AA0190C38A7}.Release|x64.ActiveCfg = Release|x64
		{FB2277AA-C24B-4297-A44E-4AA0190C38A7}.Release|x64.Build.0 = Release|x64
		{FB2277AA-C24B-4297-A44E-4AA0190C38A7}.Release|x86.ActiveCfg = Release|Win32
		{FB2277AA-C24B-4297-A44E-4AA0190C38A7}.Release|x86.Build.0 = Release|Win32
		{CA4DEA32-4479-403C-8B43-FC4D1DE913C2}.Debug|x64.ActiveCfg = Debug|x64
		{CA4DEA32-4479-403C-8B43-FC4D1DE913C2}.Debug|x64.Build.0 = Debug|x64
		{CA4DEA32-4479-403C-8B43-FC4D1DE913C2}.Debug|x86.ActiveCfg = Debug|Win32
		{CA4DEA32-4479-403C-8B43-FC4D1DE913C2}.Debug|x86.Build.0 = Debug|Win32
		{CA4DEA32-4479-403C-8B43-FC4D1DE913C2}.Release|x64.ActiveCfg = Release|x64
		{CA4DEA32-4479-403C-8B43-FC4D1DE913C2}.Release|x64.Build.0 = Release|x64
		{CA4DEA32-4479-403C-8B43-FC4D1DE913C2}.Release|x86.ActiveCfg = Release|Win32
		{CA4DEA32-4479-403C-8B43-FC4D1DE913C2}.Release|x86.Build.0 = Release|Win32
		{51092A3D-9856-4552-9772-2A428B013F32}.Debug|x64.ActiveCfg = Debug|x64
		{51092A3D-9856-4552-9772-2A428B013F32}.Debug|x64.Build.0 = Debug|x64
		{51092A3D-9856-4552-9772-2A428B013F32}.Debug|x86.ActiveCfg = Debug|Win32
		{51092A3D-9856-4552-9772-2A428B013F32}.Debug|x86.Build.0 = Debug|Win32
		{51092A3D-9856-4552-9772-2A428B013F32}.Release|x64.ActiveCfg = Release|x64
		{51092A3D-9856-4552-9772-2A428B013F32}.Release|x64.Build.0 = Release|x64
		{51092A3D-9856-4552-9772-2A428B013F32}.Release|x86.ActiveCfg = Release|Win32
		{51092A3D-9856-4552-9772-2A428B013F32}.Release|x86.Build.0 = Release|Win32
		{EF6A358B-67FE-42B8-AFE3-27D44F29CD94}.Debug|x64.ActiveCfg = Debug|x64
		{EF6A358B-67FE-42B8-AFE3-27D44F29CD94}.Debug|x64.Build.0 = Debug|x64
		{EF6A358B-67FE-42B8-AFE3-27D44F29CD94}.Debug|x86.ActiveCfg = Debug|Win32
		{EF6A358B-67FE-42B8-AFE3-27D44F29CD94}.Debug|x86.Build.0 = Debug|Win32
		{EF6A358B-67FE-42B8-AFE3-27D44F29CD94}.Release|x64.ActiveCfg = Release|x64
		{EF6A358B-67FE-42B8-AFE3-27D44F29CD94}.Release|x64.Build.0 = Release|x64
		{EF6A358B-67FE-42B8-AFE3-27D44F29CD94}.Release|x86.ActiveCfg = Release|Win32
		{EF6A358B-67FE-42B8-AFE3-27D44F29CD94}.Release|x86.Build.0 = Release|Win32
		{1408CA58-EEF0-4DEC-AF08-9AC251005EBE}.Debug|x64.ActiveCfg = Debug|x64
		{1408CA58-EEF0-4DEC-AF08-9AC251005EBE}.Debug|x64.Build.0 = Debug|x64
		{1408CA58-EEF0-4DEC-AF08-9AC251005EBE}.Debug|x86.ActiveCfg = Debug|Win32
		{1408CA58-EEF0-4DEC-AF08-9AC251005EBE}.Debug|x86.Build.0 = Debug|Win32
		{1408CA58-EEF0-4DEC-AF08-9AC251005EBE}.Release|x64.ActiveCfg = Release|x64
		{1408CA58-EEF0-4DEC-AF08-9AC251005EBE}.Release|x64.Build.0 = Release|x64
		{1408CA58-EEF0-4DEC-AF08-9AC251005EBE}.Release|x86.ActiveCfg = Release|Win32
		{1408CA58-EEF0-4DEC-AF08-9AC251005EBE}.Release|x86.Build.0 = Release|Win32
		{044C560F-4A0A-41F3-BE13-742B0C47378F}.Debug|x64.ActiveCfg = Debug|x64
		{044C560F-4A0A-41F3-BE13-742B0C47378F}.Debug|x64.Build.0 = Debug|x64
		{044C560F-4A0A-41F3-BE13-742B0C47378F}.Debug|x86.ActiveCfg = Debug|Win32
		{044C560F-4A0A-41F3-BE13-742B0C47378F}.Debug|x86.Build.0 = Debug|Win32
		{044C560F-4A0A-41F3-BE13-742B0C47378F}.Release|x64.ActiveCfg = Release|x64
		{044C560F-4A0A-41F3-BE13-742B0C47378F}.Release|x64.Build.0 = Release|x64
		{044C560F-4A0A-41F3-BE13-742B0C47378F}.Release|x86.ActiveCfg = Release|Win32
		{044C560F-4A0A-41F3-BE13-742B0C47378F}.Release|x86.Build.0 = Release|Win32
		{096D8951-2166-4D44-8D55-BA01D25B9631}.Debug|x64.ActiveCfg = Debug|x64
		{096D8951-2166-4D44-8D55-BA01D25B9631}.Debug|x64.Build.0 = Debug|x64
		{096D8951-2166-4D44-8D55-BA01D25B9631}.Debug|x86.ActiveCfg = Debug|Win32
		{096D8951-2166-4D44-8D55-BA01D25B9631}.Debug|x86.Build.0 = Debug|Win32
		{096D8951-2166-4D44-8D55-BA01D25B9631}.Release|x64.ActiveCfg = Release|x64
		{096D8951-2166-4D44-8D55-BA01D25B9631}.Release|x64.Build.0 = Release|x64
		{096D8951-2166-4D44-8D55-BA01D25B9631}.Release|x86.ActiveCfg = Release|Win32
		{096D8951-2166-4D44-8D55-BA01D25B9631}.Release|x86.Build.0 = Release|Win32
		{BF884147-32EA-4469-88C2-6DDE4E2752B9}.Debug|x64.ActiveCfg = Debug|x64
		{BF884147-32EA-4469-88C2-6DDE4E2752B9}.Debug|x64.Build.0 = Debug|x64
		{BF884147-32EA-4469-88C2-6DDE4E2752B9}.Debug|x86.ActiveCfg = Debug|Win32
		{BF884147-32EA-4469-88C2-6DDE4E2752B9}.Debug|x86.Build.0 = Debug|Win32
		{BF884147-32EA-4469-88C2-6DDE4E2752B9}.Release|x64.ActiveCfg = Release|x64
		{BF884147-32EA-4469-88C2-6DDE4E2752B9}.Release|x64.Build.0 = Release|x64
		{BF884147-32EA-4469-88C2-6DDE4E2752B9}.Release|x86.ActiveCfg = Release|Win32
		{BF884147-32EA-4469-88C2-6DDE4E2752B9}.Release|x86.Build.0 = Release|Win32
		{2550C2FD-0899-44A3-9220-EA018FB790B9}.Debug|x64.ActiveCfg = Debug|x64
		{2550C2FD-0899-44A3-9220-EA018FB790B9}.Debug|x64.Build.0 = Debug|x64
		{2550C2FD-0899-44A3-9220-EA018FB790B9}.Debug|x86.ActiveCfg = Debug|Win32
		{2550C2FD-0899-44A3-9220-EA018FB790B9}.Debug|x86.Build.0 = Debug|Win32
		{2550C2FD-0899-44A3-9220-EA018FB790B9}.Release|x64.ActiveCfg = Release|x64
		{2550C2FD-0899-44A3-9220-EA018FB790B9}.Release|x64.Build.0 = Release|x64
		{2550C2FD-0899-44A3-9220-EA018FB790B9}.Release|x86.ActiveCfg = Release|Win32
		{2550C2FD-0899-44A3-9220-EA018FB790B9}.Release|x86.Build.0 = Release|Win32
		{76B84D10-EF28-493D-849F-83AFAD4C5CB1}.Debug|x64.ActiveCfg = Debug|x64
		{76B84D10-EF28-493D-849F-83AFAD4C5CB1}.Debug|x64.Build.0 = Debug|x64
		{76B84D10-EF28-493D-849F-83AFAD4C5CB1}.Debug|x86.ActiveCfg = Debug|Win32
		{76B84D10-EF28-493D-849F-83AFAD4C5CB1}.Debug|x86.Build.0 = Debug|Win32
		{76B84D10-EF28-493D-849F-83AFAD4C5CB1}.Release|x64.ActiveCfg = Release|x64
		{76B84D10-EF28-493D-849F-83AFAD4C5CB1}.Release|x64.Build.0 = Release|x64
		{76B84D10-EF28-493D-849F-83AFAD4C5CB1}.Release|x86.ActiveCfg = Release|Win32
		{76B84D10-EF28-493D-849F-83AFAD4C5CB1}.Release|x86.Build.0 = Release|Win32
		{83A63C25-0D27-4EC8-8A41-CDB72CE12988}.Debug|x64.ActiveCfg = Debug|x64
		{83A63C25-0D27-4EC8-8A41-CDB72CE12988}.Debug|x64.Build.0 = Debug|x64
		{83A63C25-0D27-4EC8-8A41-CDB72CE12988}.Debug|x86.ActiveCfg = Debug|Win32
		{83A63C25-0D27-4EC8-8A41-CDB72CE12988}.Debug|x86.Build.0 = Debug|Win32
		{83A63C25-0D27-4EC8-8A41-CDB72CE12988}.Release|x64.ActiveCfg = Release|x64
		{83A63C25-0D27-4EC8-8A41-CDB72CE12988}.Release|x64.Build.0 = Release|x64
		{83A63C25-0D27-4EC8-8A41-CDB72CE12988}.Release|x86.ActiveCfg = Release|Win32
		{83A63C25-0D27-4EC8-8A41-CDB72CE12988}.Release|x86.Build.0 = Release|Win32
		{6CF4FBB3-96DA-45F9-972D-50C29DE0F9B7}.Debug|x64.ActiveCfg = Debug|x64
		{6CF4FBB3-96DA-45F9-972D-50C29DE0F9B7}.Debug|x64.Build.0 = Debug|x64
		{6CF4FBB3-96DA-45F9-972D-50C29DE0F9B7}.Debug|x86.ActiveCfg = Debug|Win32
		{6CF4FBB3-96DA-45F9-972D-50C29DE0F9B7}.Debug|x86.Build.0 = Debug|Win32
		{6CF4FBB3-96DA-45F9-972D-50C29DE0F9B7}.Release|x64.ActiveCfg = Release|x64
		{6CF4FBB3-96DA-45F9-972D-50C29DE0F9B7}.Release|x64.Build.0 = Release|x64
		{6CF4FBB3-96DA-45F9-972D-50C29DE0F9B7}.Release|x86.ActiveCfg = Release|Win32
		{6CF4FBB3-96DA-45F9-972D-50C29DE0F9B7}.Release|x86.Build.0 = Release|Win32
		{42C717D7-7413-4868-91F0-F609C7A4012B}.Debug|x64.ActiveCfg = Debug|x64
		{42C717D7-7413-4868-91F0-F609C7A4012B}.Debug|x64.Build.0 = Debug|x64
		{42C717D7-7413-4868-91F0-F609C7A4012B}.Debug|x86.ActiveCfg = Debug|Win32
		{42C717D7-7413-4868-91F0-F609C7A4012B}.Debug|x86.Build.0 = Debug|Win32
		{42C717D7-7413-4868-91F0-F609C7A4012B}.Release|x64.ActiveCfg = Release|x64
		{42C717D7-7413-4868-91F0-F609C7A4012B}.Release|x64.Build.0 = Release|x64
		{42C717D7-7413-4868-91F0-F609C7A4012B}.Release|x86.ActiveCfg = Release|Win32
		{42C717D7-7413-4868-91F0-F609C7A4012B}.Release|x86.Build.0 = Release|Win32
		{4EEECAFD-AAD9-4D92-87F4-DA62BD68241B}.Debug|x64.ActiveCfg = Debug|x64
		{4EEECAFD-AAD9-4D92-87F4-DA62BD68241B}.Debug|x64.Build.0 = Debug|x64
		{4EEECAFD-AAD9-4D92-87F4-DA62BD68241B}.Debug|x86.ActiveCfg = Debug|Win32
		{4EEECAFD-AAD9-4D92-87F4-DA62BD68241B}.Debug|x86.Build.0 = Debug|Win32
		{4EEECAFD-AAD9-4D92-87F4-DA62BD68241B}.Release|x64.ActiveCfg = Release|x64
		{4EEECAFD-AAD9-4D92-87F4-DA62BD68241B}.Release|x64.Build.0 = Release|x64
		{4EEECAFD-AAD9-4D92-87F4-DA62BD68241B}.Release|x86.ActiveCfg = Release|Win32
		{4EEECAFD-AAD9-4D92-87F4-DA62BD68241B}.Release|x86.Build.0 = Release|Win32
		{F283D112-A9E6-4C19-8DB7-40F4C826A8AF}.Debug|x64.ActiveCfg = Debug|x64
		{F283D112-A9E6-4C19-8DB7-40F4C826A8AF}.Debug|x64.Build.0 = Debug|x64
		{F283D112-A9E6-4C19-8DB7-40F4C826A8AF}.Debug|x86.ActiveCfg = Debug|Win32
		{F283D112-A9E6-4C19-8DB7-40F4C826A8AF}.Debug|x86.Build.0 = Debug|Win32
		{F283D112-A9E6-4C19-8DB7-40F4C826A8AF}.Release|x64.ActiveCfg = Release|x64
		{F283D112-A9E6-4C19-8DB7-40F4C826A8AF}.Release|x64.Build.0 = Release|x64
		{F283D112-A9E6-4C19-8DB7-40F4C826A8AF}.Release|x86.ActiveCfg = Release|Win32
		{F283D112-A9E6-4C19-8DB7-40F4C826A8AF}.Release|x86.Build.0 = Release|Win32
		{EC0CC74E-70F4-42F0-AA2B-ACB933DBCBA1}.Debug|x64.ActiveCfg = Debug|x64
		{EC0CC74E-70F4-42F0-AA2B-ACB933DBCBA1}.Debug|x64.Build.0 = Debug|x64
		{EC0CC74E-70F4-42F0-AA2B-ACB933DBCBA1}.Debug|x86.ActiveCfg = Debug|Win32
		{EC0CC74E-70F4-42F0-AA2B-ACB933DBCBA1}.Debug|x86.Build.0 = Debug|Win32
		{EC0CC74E-70F4-42F0-AA2B-ACB933DBCBA1}.Release|x64.ActiveCfg = Release|x64
		{EC0CC74E-70F4-42F0-AA2B-ACB933DBCBA1}.Release|x64.Build.0 = Release|x64
		{EC0CC74E-70F4-42F0-AA2B-ACB933DBCBA1}.Release|x86.ActiveCfg = Release|Win32
		{EC0CC74E-70F4-42F0-AA2B-ACB933DBCBA1}.Release|x86.Build.0 = Release|Win32
		{CD80539F-AED8-44BE-AC38-9498E7121A82}.Debug|x64.ActiveCfg = Debug|x64
		{CD80539F-AED8-44BE-AC38-9498E7121A82}.Debug|x64.Build.0 = Debug|x64
		{CD80539F-AED8-44BE-AC38-9498E7121A82}.Debug|x86.ActiveCfg = Debug|Win32
		{CD80539F-AED8-44BE-AC38-9498E7121A82}.Debug|x86.Build.0 = Debug|Win32
		{CD80539F-AED8-44BE-AC38-9498E7121A82}.Release|x64.ActiveCfg = Release|x64
		{CD80539F-AED8-44BE-AC38-9498E7121A82}.Release|x64.Build.0 = Release|x64
		{CD80539F-AED8-44BE-AC38-9498E7121A82}.Release|x86.ActiveCfg = Release|Win32
		{CD80539F-AED8-44BE-AC38-9498E7121A82}.Release|x86.Build.0 = Release|Win32
		{12DFEDA3-5DD3-45FB-B9C9-A5AB8983D510}.Debug|x64.ActiveCfg = Debug|x64
		{12DFEDA3-5DD3-45FB-B9C9-A5AB8983D510}.Debug|x64.Build.0 = Debug|x64
		{12DFEDA3-5DD3-45FB-B9C9-A5AB8983D510}.Debug|x86.ActiveCfg = Debug|Win32
		{12DFEDA3-5DD3-45FB-B9C9-A5AB8983D510}.Debug|x86.Build.0 = Debug|Win32
		{12DFEDA3-5DD3-45FB-B9C9-A5AB8983D510}.Release|x64.ActiveCfg = Release|x64
		{12DFEDA3-5DD3-45FB-B9C9-A5AB8983D510}.Release|x64.Build.0 = Release|x64
		{12DFEDA3-5DD3-45FB-B9C9-A5AB8983D510}.Release|x86.ActiveCfg = Release|Win32
		{12DFEDA3-5DD3-45FB-B9C9-A5AB8983D510}.Release|x86.Build.0 = Release|Win32
		{67E2B5B8-C36F-4B89-99D7-F8945C79FECC}.Debug|x64.ActiveCfg = Debug|x64
		{67E2B5B8-C36F-4B89-99D7-F8945C79FECC}.Debug|x64.Build.0 = Debug|x64
		{67E2B5B8-C36F-4B89-99D7-F8945C79FECC}.Debug|x86.ActiveCfg = Debug|Win32
		{67E2B5B8-C36F-4B89-99D7-F8945C79FECC}.Debug|x86.Build.0 = Debug|Win32
		{67E2B5B8-C36F-4B89-99D7-F8945C79FECC}.Release|x64.ActiveCfg = Release|x64
		{67E2B5B8-C36F-4B89-99D7-F8945C79FECC}.Release|x64.Build.0 = Release|x64
		{67E2B5B8-C36F-4B89-99D7-F8945C79FECC}.Release|x86.ActiveCfg = Release|Win32
		{67E2B5B8-C36F-4B89-99D7-F8945C79FECC}.Release|x86.Build.0 = Release|Win32
		{E2C30787-2C16-437E-BB75-B0D678B7819A}.Debug|x64.ActiveCfg = Debug|x64
		{E2C30787-2C16-437E-BB75-B0D678B7819A}.Debug|x64.Build.0 = Debug|x64
		{E2C30787-2C16-437E-BB75-B0D678B7819A}.Debug|x86.ActiveCfg = Debug|Win32
		{E2C30787-2C16-437E-BB75-B0D678B7819A}.Debug|x86.Build.0 = Debug|Win32
		{E2C30787-2C16-437E-BB75-B0D678B7819A}.Release|x64.ActiveCfg = Release|x64
		{E2C30787-2C16-437E-BB75-B0D678B7819A}.Release|x64.Build.0 = Release|x64
		{E2C30787-2C16-437E-BB75-B0D678B7819A}.Release|x86.ActiveCfg = Release|Win32
		{E2C30787-2C16-437E-BB75-B0D678B7819A}.Release|x86.Build.0 = Release|Win32
		{D22A945E-56AB-4654-95AD-9ED793A56A19}.Debug|x64.ActiveCfg = Debug|x64
		{D22A945E-56AB-4654-95AD-9ED793A56A19}.Debug|x64.Build.0 = Debug|x64
		{D22A945E-56AB-4654-95AD-9ED793A56A19}.Debug|x86.ActiveCfg = Debug|Win32
		{D22A945E-56AB-4654-95AD-9ED793A56A19}.Debug|x86.Build.0 = Debug|Win32
		{D22A945E-56AB-4654-95AD-9ED793A56A19}.Release|x64.ActiveCfg = Release|x64
		{D22A945E-56AB-4654-95AD-9ED793A56A19}.Release|x64.Build.0 = Release|x64
		{D22A945E-56AB-4654-95AD-9ED793A56A19}.Release|x86.ActiveCfg = Release|Win32
		{D22A945E-56AB-4654-95AD-9ED793A56A19}.Release|x86.Build.0 = Release|Win32
		{878DF2F9-88A5-4CAD-ACE8-68E7CC993D36}.Debug|x64.ActiveCfg = Debug|x64
		{878DF2F9-88A5-4CAD-ACE8-68E7CC993D36}.Debug|x64.Build.0 = Debug|x64
		{878DF2F9-88A5-4CAD-ACE8-68E7CC993D36}.Debug|x86.ActiveCfg = Debug|Win32
		{878DF2F9-88A5-4CAD-ACE8-68E7CC993D36}.Debug|x86.Build.0 = Debug|Win32
		{878DF2F9-88A5-4CAD-ACE8-68E7CC993D36}.Release|x64.ActiveCfg = Release|x64
		{878DF2F9-88A5-4CAD-ACE8-68E7CC993D36}.Release|x64.Build.0 = Release|x64
		{878DF2F9-88A5-4CAD-ACE8-68E7CC993D36}.Release|x86.ActiveCfg = Release|Win32
		{878DF2F9-88A5-4CAD-ACE8-68E7CC993D36}.Release|x86.Build.0 = Release|Win32
		{9A42905C-7004-4662-8996-232EB7B140F8}.Debug|x64.ActiveCfg = Debug|x64
		{9A42905C-7004-4662-8996-232EB7B140F8}.Debug|x64.Build.0 = Debug|x64
		{9A42905C-7004-4662-8996-232EB7B140F8}.Debug|x86.ActiveCfg = Debug|Win32
		{9A42905C-7004-4662-8996-232EB7B140F8}.Debug|x86.Build.0 = Debug|Win32
		{9A42905C-7004-4662-8996-232EB7B140F8}.Release|x64.ActiveCfg = Release|x64
		{9A42905C-7004-4662-8996-232EB7B140F8}.Release|x64.Build.0 = Release|x64
		{9A42905C-7004-4662-8996-232EB7B140F8}.Release|x86.ActiveCfg = Release|Win32
		{9A42905C-7004-4662-8996-232EB7B140F8}.Release|x86.Build.0 = Release|Win32
		{14D851B5-BAD1-4F94-A1EF-D39AD98ADF75}.Debug|x64.ActiveCfg = Debug|x64
		{14D851B5-BAD1-4F94-A1EF-D39AD98ADF75}.Debug|x64.Build.0 = Debug|x64
		{14D851B5-BAD1-4F94-A1EF-D39AD98ADF75}.Debug|x86.ActiveCfg = Debug|Win32
		{14D851B5-BAD1-4F94-A1EF-D39AD98ADF75}.Debug|x86.Build.0 = Debug|Win32
		{14D851B5-BAD1-4F94-A1EF-D39AD98ADF75}.Release|x64.ActiveCfg = Release|x64
		{14D851B5-BAD1-4F94-A1EF-D39AD98ADF75}.Release|x64.Build.0 = Release|x64
		{14D851B5-BAD1-4F94-A1EF-D39AD98ADF75}.Release|x86.ActiveCfg = Release|Win32
		{14D851B5-BAD1-4F94-A1EF-D39AD98ADF75}.Release|x86.Build.0 = Release|Win32
		{13733609-F5D4-454A-8B9A-EE8F820EF905}.Debug|x64.ActiveCfg = Debug|x64
		{13733609-F5D4-454A-8B9A-EE8F820EF905}.Debug|x64.Build.0 = Debug|x64
		{13733609-F5D4-454A-8B9A-EE8F820EF905}.Debug|x86.ActiveCfg = Debug|Win32
		{13733609-F5D4-454A-8B9A-EE8F820EF905}.Debug|x86.Build.0 = Debug|Win32
		{13733609-F5D4-454A-8B9A-EE8F820EF905}.Release|x64.ActiveCfg = Release|x64
		{13733609-F5D4-454A-8B9A-EE8F820EF905}.Release|x64.Build.0 = Release|x64
		{13733609-F5D4-454A-8B9A-EE8F820EF905}.Release|x86.ActiveCfg = Release|Win32
		{13733609-F5D4-454A-8B9A-EE8F820EF905}.Release|x86.Build.0 = Release|Win32
		{44F4F849-3ED1-47E0-986F-43A6A5F0EE0B}.Debug|x64.ActiveCfg = Debug|x64
		{44F4F849-3ED1-47E0-986F-43A6A5F0EE0B}.Debug|x64.Build.0 = Debug|x64
		{44F4F849-3ED1-47E0-986F-43A6A5F0EE0B}.Debug|x86.ActiveCfg = Debug|Win32
		{44F4F849-3ED1-47E0-986F-43A6A5F0EE0B}.Debug|x86.Build.0 = Debug|Win32
		{44F4F849-3ED1-47E0-986F-43A6A5F0EE0B}.Release|x64.ActiveCfg = Release|x64
		{44F4F849-3ED1-47E0-986F-43A6A5F0EE0B}.Release|x64.Build.0 = Release|x64
		{44F4F849-3ED1-47E0-986F-43A6A5F0EE0B}.Release|x86.ActiveCfg = Release|Win32
		{44F4F849-3ED1-47E0-986F-43A6A5F0EE0B}.Release|x86.Build.0 = Release|Win32
		{D55EF87C-6F14-4C97-919E-294AAEE33183}.Debug|x64.ActiveCfg = Debug|x64
		{D55EF87C-6F14-4C97-919E-294AAEE33183}.Debug|x64.Build.0 = Debug|x64
		{D55EF87C-6F14-4C97-919E-294AAEE33183}.Debug|x86.ActiveCfg = Debug|Win32
		{D55EF87C-6F14-4C97-919E-294AAEE33183}.Debug|x86.Build.0 = Debug|Win32
		{D55EF87C-6F14-4C97-919E-294AAEE33183}.Release|x64.ActiveCfg = Release|x64
		{D55EF87C-6F14-4C97-919E-294AAEE33183}.Release|x64.Build.0 = Release|x64
		{D55EF87C-6F14-4C97-919E-294AAEE33183}.Release|x86.ActiveCfg = Release|Win32
		{D55EF87C-6F14-4C97-919E-294AAEE33183}.Release|x86.Build.0 = Release|Win32
		{4451C15C-47D3-4548-8964-49EF75C7FEFB}.Debug|x64.ActiveCfg = Debug|x64
		{4451C15C-47D3-4548-8964-49EF75C7FEFB}.Debug|x64.Build.0 = Debug|x64
		{4451C15C-47D3-4548-8964-49EF75C7FEFB}.Debug|x86.ActiveCfg = Debug|Win32
		{4451C15C-47D3-4548-8964-49EF75C7FEFB}.Debug|x86.Build.0 = Debug|Win32
		{4451C15C-47D3-4548-8964-49EF75C7FEFB}.Release|x64.ActiveCfg = Release|x64
		{4451C15C-47D3-4548-8964-49EF75C7FEFB}.Release|x64.Build.0 = Release|x64
		{4451C15C-47D3-4548-8964-49EF75C7FEFB}.Release|x86.ActiveCfg = Release|Win32
		{4451C15C-47D3-4548-8964-49EF75C7FEFB}.Release|x86.Build.0 = Release|Win32
		{00790EE0-DF67-4300-B29F-9A2F487744E5}.Debug|x64.ActiveCfg = Debug|x64
		{00790EE0-DF67-4300-B29F-9A2F487744E5}.Debug|x64.Build.0 = Debug|x64
		{00790EE0-DF67-4300-B29F-9A2F487744E5}.Debug|x86.ActiveCfg = Debug|Win32
		{00790EE0-DF67-4300-B29F-9A2F487744E5}.Debug|x86.Build.0 = Debug|Win32
		{00790EE0-DF67-4300-B29F-9A2F487744E5}.Release|x64.ActiveCfg = Release|x64
		{00790EE0-DF67-4300-B29F-9A2F487744E5}.Release|x64.Build.0 = Release|x64
		{00790EE0-DF67-4300-B29F-9A2F487744E5}.Release|x86.ActiveCfg = Release|Win32
		{00790EE0-DF67-4300-B29F-9A2F487744E5}.Release|x86.Build.0 = Release|Win32
		{23B4BC28-A3FD-44C5-91CF-8E1C1F3862FC}.Debug|x64.ActiveCfg = Debug|x64
		{23B4BC28-A3FD-44C5-91CF-8E1C1F3862FC}.Debug|x64.Build.0 = Debug|x64
		{23B4BC28-A3FD-44C5-91CF-8E1C1F3862FC}.Debug|x86.ActiveCfg = Debug|Win32
		{23B4BC28-A3FD-44C5-91CF-8E1C1F3862FC}.Debug|x86.Build.0 = Debug|Win32
		{23B4BC28-A3FD-44C5-91CF-8E1C1F3862FC}.Release|x64.ActiveCfg = Release|x64
		{23B4BC28-A3FD-44C5-91CF-8E1C1F3862FC}.Release|x64.Build.0 = Release|x64
		{23B4BC28-A3FD-44C5-91CF-8E1C1F3862FC}.Release|x86.ActiveCfg = Release|Win32
		{23B4BC28-A3FD-44C5-91CF-8E1C1F3862FC}.Release|x86.Build.0 = Release|Win32
		{0DD3BA1A-04A1-4F84-BF18-8334957A4EE0}.Debug|x64.ActiveCfg = Debug|x64
		{0DD3BA1A-04A1-4F84-BF18-8334957A4EE0}.Debug|x64.Build.0 = Debug|x64
		{0DD3BA1A-04A1-4F84-BF18-8334957A4EE0}.Debug|x86.ActiveCfg = Debug|Win32
		{0DD3BA1A-04A1-4F84-BF18-8334957A4EE0}.Debug|x86.Build.0 = Debug|Win32
		{0DD3BA1A-04A1-4F84-BF18-8334957A4EE0}.Release|x64.ActiveCfg = Release|x64
		{0DD3BA1A-04A1-4F84-BF18-8334957A4EE0}.Release|x64.Build.0 = Release|x64
		{0DD3BA1A-04A1-4F84-BF18-8334957A4EE0}.Release|x86.ActiveCfg = Release|Win32
		{0DD3BA1A-04A1-4F84-BF18-8334957A4EE0}.Release|x86.Build.0 = Release|Win32
		{88A5CA64-D3B8-44C8-9E9A-94C2872E40FB}.Debug|x64.ActiveCfg = Debug|x64
		{88A5CA64-D3B8-44C8-9E9A-94C2872E40FB}.Debug|x64.Build.0 = Debug|x64
		{88A5CA64-D3B8-44C8-9E9A-94C2872E40FB}.Debug|x86.ActiveCfg = Debug|Win32
		{88A5CA64-D3B8-44C8-9E9A-94C2872E40FB}.Debug|x86.Build.0 = Debug|Win32
		{88A5CA64-D3B8-44C8-9E9A-94C2872E40FB}.Release|x64.ActiveCfg = Release|x64
		{88A5CA64-D3B8-44C8-9E9A-94C2872E40FB}.Release|x64.Build.0 = Release|x64
		{88A5CA64-D3B8-44C8-9E9A-94C2872E40FB}.Release|x86.ActiveCfg = Release|Win32
		{88A5CA64-D3B8-44C8-9E9A-94C2872E40FB}.Release|x86.Build.0 = Release|Win32
		{DAAB12EA-46AB-4B55-8319-B3A2BED980BD}.Debug|x64.ActiveCfg = Debug|x64
		{DAAB12EA-46AB-4B55-8319-B3A2BED980BD}.Debug|x64.Build.0 = Debug|x64
		{DAAB12EA-46AB-4B55-8319-B3A2BED980BD}.Debug|x86.ActiveCfg = Debug|Win32
		{DAAB12EA-46AB-4B55-8319-B3A2BED980BD}.Debug|x86.Build.0 = Debug|Win32
		{DAAB12EA-46AB-4B55-8319-B3A2BED980BD}.Release|x64.ActiveCfg = Release|x64
		{DAAB12EA-46AB-4B55-8319-B3A2BED980BD}.Release|x64.Build.0 = Release|x64
		{DAAB12EA-46AB-4B55-8319-B3A2BED980BD}.Release|x86.ActiveCfg = Release|Win32
		{DAAB12EA-46AB-4B55-8319-B3A2BED980BD}.Release|x86.Build.0 = Release|Win32
		{BDAC9BA7-E3C6-4763-9541-5E2A1D4D9621}.Debug|x64.ActiveCfg = Debug|x64
		{BDAC9BA7-E3C6-4763-9541-5E2A1D4D9621}.Debug|x64.Build.0 = Debug|x64
		{BDAC9BA7-E3C6-4763-9541-5E2A1D4D9621}.Debug|x86.ActiveCfg = Debug|Win32
		{BDAC9BA7-E3C6-4763-9541-5E2A1D4D9621}.Debug|x86.Build.0 = Debug|Win32
		{BDAC9BA7-E3C6-4763-9541-5E2A1D4D9621}.Release|x64.ActiveCfg = Release|x64
		{BDAC9BA7-E3C6-4763-9541-5E2A1D4D9621}.Release|x64.Build.0 = Release|x64
		{BDAC9BA7-E3C6-4763-9541-5E2A1D4D9621}.Release|x86.ActiveCfg = Release|Win32
		{BDAC9BA7-E3C6-4763-9541-5E2A1D4D9621}.Release|x86.Build.0 = Release|Win32
		{AFFF098E-A7D3-4639-9884-FFEE8BED0063}.Debug|x64.ActiveCfg = Debug|x64
		{AFFF098E-A7D3-4639-9884-FFEE8BED0063}.Debug|x64.Build.0 = Debug|x64
		{AFFF098E-A7D3-4639-9884-FFEE8BED0063}.Debug|x86.ActiveCfg = Debug|Win32
		{AFFF098E-A7D3-4639-9884-FFEE8BED0063}.Debug|x86.Build.0 = Debug|Win32
		{AFFF098E-A7D3-4639-9884-FFEE8BED0063}.Release|x64.ActiveCfg = Release|x64
		{AFFF098E-A7D3-4639-9884-FFEE8BED0063}.Release|x64.Build.0 = Release|x64
		{AFFF098E-A7D3-4639-9884-FFEE8BED0063}.Release|x86.ActiveCfg = Release|Win32
		{AFFF098E-A7D3-4639-9884-FFEE8BED0063}.Release|x86.Build.0 = Release|Win32
		{366DA0EE-BB2E-42B2-B1A7-BF2DD86B6309}.Debug|x64.ActiveCfg = Debug|x64
		{366DA0EE-BB2E-42B2-B1A7-BF2DD86B6309}.Debug|x64.Build.0 = Debug|x64
		{366DA0EE-BB2E-42B2-B1A7-BF2DD86B6309}.Debug|x86.ActiveCfg = Debug|Win32
		{366DA0EE-BB2E-42B2-B1A7-BF2DD86B6309}.Debug|x86.Build.0 = Debug|Win32
		{366DA0EE-BB2E-42B2-B1A7-BF2DD86B6309}.Release|x64.ActiveCfg = Release|x64
		{366DA0EE-BB2E-42B2-B1A7-BF2DD86B6309}.Release|x64.Build.0 = Release|x64
		{366DA0EE-BB2E-42B2-B1A7-BF2DD86B6309}.Release|x86.ActiveCfg = Release|Win32
		{366DA0EE-BB2E-42B2-B1A7-BF2DD86B6309}.Release|x86.Build.0 = Release|Win32
		{264C9790-31CD-429D-87B1-35446A8670D4}.Debug|x64.ActiveCfg = Debug|x64
		{264C9790-31CD-429D-87B1-35446A8670D4}.Debug|x64.Build.0 = Debug|x64
		{264C9790-31CD-429D-87B1-35446A8670D4}.Debug|x86.ActiveCfg = Debug|Win32
		{264C9790-31CD-429D-87B1-35446A8670D4}.Debug|x86.Build.0 = Debug|Win32
		{264C9790-31CD-429D-87B1-35446A8670D4}.Release|x64.ActiveCfg = Release|x64
		{264C9790-31CD-429D-87B1-35446A8670D4}.Release|x64.Build.0 = Release|x64
		{264C9790-31CD-429D-87B1-35446A8670D4}.Release|x86.ActiveCfg = Release|Win32
		{264C9790-31CD-429D-87B1-35446A8670D4}.Release|x86.Build.0 = Release|Win32
		{C58C026F-DAA2-4A42-BBD0-F95047BA0468}.Debug|x64.ActiveCfg = Debug|x64
		{C58C026F-DAA2-4A42-BBD0-F95047BA0468}.Debug|x64.Build.0 = Debug|x64
		{C58C026F-DAA2-4A42-BBD0-F95047BA0468}.Debug|x86.ActiveCfg = Debug|Win32
		{C58C026F-DAA2-4A42-BBD0-F95047BA0468}.Debug|x86.Build.0 = Debug|Win32
		{C58C026F-DAA2-4A42-BBD0-F95047BA0468}.Release|x64.ActiveCfg = Release|x64
		{C58C026F-DAA2-4A42-BBD0-F95047BA0468}.Release|x64.Build.0 = Release|x64
		{C58C026F-DAA2-4A42-BBD0-F95047BA0468}.Release|x86.ActiveCfg = Release|Win32
		{C58C026F-DAA2-4A42-BBD0-F95047BA0468}.Release|x86.Build.0 = Release|Win32
		{116BB734-B0EE-4277-86FC-51C5D8D024D3}.Debug|x64.ActiveCfg = Debug|x64
		{116BB734-B0EE-4277-86FC-51C5D8D024D3}.Debug|x64.Build.0 = Debug|x64
		{116BB734-B0EE-4277-86FC-51C5D8D024D3}.Debug|x86.ActiveCfg = Debug|Win32
		{116BB734-B0EE-4277-86FC-51C5D8D024D3}.Debug|x86.Build.0 = Debug|Win32
		{116BB734-B0EE-4277-86FC-51C5D8D024D3}.Release|x64.ActiveCfg = Release|x64
		{116BB734-B0EE-4277-86FC-51C5D8D024D3}.Release|x64.Build.0 = Release|x64
		{116BB734-B0EE-4277-86FC-51C5D8D024D3}.Release|x86.ActiveCfg = Release|Win32
		{116BB734-B0EE-4277-86FC-51C5D8D024D3}.Release|x86.Build.0 = Release|Win32
		{4EBFBDFB-6965-44C5-A24C-426C2ACD5736}.Debug|x64.ActiveCfg = Debug|x64
		{4EBFBDFB-6965-44C5-A24C-426C2ACD5736}.Debug|x64.Build.0 = Debug|x64
		{4EBFBDFB-6965-44C5-A24C-426C2ACD5736}.Debug|x86.ActiveCfg = Debug|Win32
		{4EBFBDFB-6965-44C5-A24C-426C2ACD5736}.Debug|x86.Build.0 = Debug|Win32
		{4EBFBDFB-6965-44C5-A24C-426C2ACD5736}.Release|x64.ActiveCfg = Release|x64
		{4EBFBDFB-6965-44C5-A24C-426C2ACD5736}.Release|x64.Build.0 = Release|x64
		{4EBFBDFB-6965-44C5-A24C-426C2ACD5736}.Release|x86.ActiveCfg = Release|Win32
		{4EBFBDFB-6965-44C5-A24C-426C2ACD5736}.Release|x86.Build.0 = Release|Win32
		{16875DBA-A404-437F-8E82-7D96384DE56C}.Debug|x64.ActiveCfg = Debug|x64
		{16875DBA-A404-437F-8E82-7D96384DE56C}.Debug|x64.Build.0 = Debug|x64
		{16875DBA-A404-437F-8E82-7D96384DE56C}.Debug|x86.ActiveCfg = Debug|Win32
		{16875DBA-A404-437F-8E82-7D96384DE56C}.Debug|x86.Build.0 = Debug|Win32
		{16875DBA-A404-437F-8E82-7D96384DE56C}.Release|x64.ActiveCfg = Release|x64
		{16875DBA-A404-437F-8E82-7D96384DE56C}.Release|x64.Build.0 = Release|x64
		{16875DBA-A404-437F-8E82-7D96384DE56C}.Release|x86.ActiveCfg = Release|Win32
		{16875DBA-A404-437F-8E82-7D96384DE56C}.Release|x86.Build.0 = Release|Win32
		{98AB952A-2DD9-4CBF-9DEE-2AFAB2A535B2}.Debug|x64.ActiveCfg = Debug|x64
		{98AB952A-2DD9-4CBF-9DEE-2AFAB2A535B2}.Debug|x64.Build.0 = Debug|x64
		{98AB952A-2DD9-4CBF-9DEE-2AFAB2A535B2}.Debug|x86.ActiveCfg = Debug|Win32
		{98AB952A-2DD9-4CBF-9DEE-2AFAB2A535B2}.Debug|x86.Build.0 = Debug|Win32
		{98AB952A-2DD9-4CBF-9DEE-2AFAB2A535B2}.Release|x64.ActiveCfg = Release|x64
		{98AB952A-2DD9-4CBF-9DEE-2AFAB2A535B2}.Release|x64.Build.0 = Release|x64
		{98AB952A-2DD9-4CBF-9DEE-2AFAB2A535B2}.Release|x86.ActiveCfg = Release|Win32
		{98AB952A-2DD9-4CBF-9DEE-2AFAB2A535B2}.Release|x86.Build.0 = Release|Win32
		{70DE4C29-463C-470F-B2AF-518EDABD9B54}.Debug|x64.ActiveCfg = Debug|x64
		{70DE4C29-463C-470F-B2AF-518EDABD9B54}.Debug|x64.Build.0 = Debug|x64
		{70DE4C29-463C-470F-B2AF-518EDABD9B54}.Debug|x86.ActiveCfg = Debug|Win32
		{70DE4C29-463C-470F-B2AF-518EDABD9B54}.Debug|x86.Build.0 = Debug|Win32
		{70DE4C29-463C-470F-B2AF-518EDABD9B54}.Release|x64.ActiveCfg = Release|x64
		{70DE4C29-463C-470F-B2AF-518EDABD9B54}.Release|x64.Build.0 = Release|x64
		{70DE4C29-463C-470F-B2AF-518EDABD9B54}.Release|x86.ActiveCfg = Release|Win32
		{70DE4C29-463C-470F-B2AF-518EDABD9B54}.Release|x86.Build.0 = Release|Win32
		{97BF1811-B885-4674-AAE0-66E09B3E1834}.Debug|x64.ActiveCfg = Debug|x64
		{97BF1811-B885-4674-AAE0-66E09B3E1834}.Debug|x64.Build.0 = Debug|x64
		{97BF1811-B885-4674-AAE0-66E09B3E1834}.Debug|x86.ActiveCfg = Debug|Win32
		{97BF1811-B885-4674-AAE0-66E09B3E1834}.Debug|x86.Build.0 = Debug|Win32
		{97BF1811-B885-4674-AAE0-66E09B3E1834}.Release|x64.ActiveCfg = Release|x64
		{97BF1811-B885-4674-AAE0-66E09B3E1834}.Release|x64.Build.0 = Release|x64
		{97BF1811-B885-4674-AAE0-66E09B3E1834}.Release|x86.ActiveCfg = Release|Win32
		{97BF1811-B885-4674-AAE0-66E09B3E1834}.Release|x86.Build.0 = Release|Win32
		{CAD986E9-98C4-44DE-9E08-D6B103058E6C}.Debug|x64.ActiveCfg = Debug|x64
		{CAD986E9-98C4-44DE-9E08-D6B103058E6C}.Debug|x64.Build.0 = Debug|x64
		{CAD986E9-98C4-44DE-9E08-D6B103058E6C}.Debug|x86.ActiveCfg = Debug|Win32
		{CAD986E9-98C4-44DE-9E08-D6B103058E6C}.Debug|x86.Build.0 = Debug|Win32
		{CAD986E9-98C4-44DE-9E08-D6B103058E6C}.Release|x64.ActiveCfg = Release|x64
		{CAD986E9-98C4-44DE-9E08-D6B103058E6C}.Release|x64.Build.0 = Release|x64
		{CAD986E9-98C4-44DE-9E08-D6B103058E6C}.Release|x86.ActiveCfg = Release|Win32
		{CAD986E9-98C4-44DE-9E08-D6B103058E6C}.Release|x86.Build.0 = Release|Win32
		{A055D917-D8B6-4A6C-9D71-62559EFDD905}.Debug|x64.ActiveCfg = Debug|x64
		{A055D917-D8B6-4A6C-9D71-62559EFDD905}.Debug|x64.Build.0 = Debug|x64
		{A055D917-D8B6-4A6C-9D71-62559EFDD905}.Debug|x86.ActiveCfg = Debug|Win32
		{A055D917-D8B6-4A6C-9D71-62559EFDD905}.Debug|x86.Build.0 = Debug|Win32
		{A055D917-D8B6-4A6C-9D71-62559EFDD905}.Release|x64.ActiveCfg = Release|x64
		{A055D917-D8B6-4A6C-9D71-62559EFDD905}.Release|x64.Build.0 = Release|x64
		{A055D917-D8B6-4A6C-9D71-62559EFDD905}.Release|x86.ActiveCfg = Release|Win32
		{A055D917-D8B6-4A6C-9D71-62559EFDD905}.Release|x86.Build.0 = Release|Win32
		{C29242E9-B760-4B9F-A916-83F2C8BEF4D2}.Debug|x64.ActiveCfg = Debug|x64
		{C29242E9-B760-4B9F-A916-83F2C8BEF4D2}.Debug|x64.Build.0 = Debug|x64
		{C29242E9-B760-4B9F-A916-83F2C8BEF4D2}.Debug|x86.ActiveCfg = Debug|Win32
		{C29242E9-B760-4B9F-A916-83F2C8BEF4D2}.Debug|x86.Build.0 = Debug|Win32
		{C29242E9-B760-4B9F-A916-83F2C8BEF4D2}.Release|x64.ActiveCfg = Release|x64
		{C29242E9-B760-4B9F-A916-83F2C8BEF4D2}.Release|x64.Build.0 = Release|x64
		{C29242E9-B760-4B9F-A916-83F2C8BEF4D2}.Release|x86.ActiveCfg = Release|Win32
		{C29242E9-B760-4B9F-A916-83F2C8BEF4D2}.Release|x86.Build.0 = Release|Win32
	EndGlobalSection
	GlobalSection(SolutionProperties) = preSolution
		HideSolutionNode = FALSE
	EndGlobalSection
	GlobalSection(ExtensibilityGlobals) = postSolution
		SolutionGuid = {25AE7295-9299-44E3-ABEF-F34C85BB2F54}
	EndGlobalSection
EndGlobal
