
Microsoft Visual Studio Solution File, Format Version 12.00
# Visual Studio Version 17
VisualStudioVersion = 17.7.34031.279
MinimumVisualStudioVersion = 10.0.40219.1
Project("{8BC9CEB8-8B4A-11D0-8D11-00A0C91BC942}") = "Bai100", "Bai100\Bai100.vcxproj", "{C82F8230-533E-40F6-BC8A-9AC51786F93D}"
EndProject
Project("{8BC9CEB8-8B4A-11D0-8D11-00A0C91BC942}") = "Bai101", "Bai101\Bai101.vcxproj", "{D414FDBA-6C85-453B-8779-BD9B7EBB30AE}"
EndProject
Project("{8BC9CEB8-8B4A-11D0-8D11-00A0C91BC942}") = "Bai102", "Bai102\Bai102.vcxproj", "{D6967929-3514-4969-9834-3053B945B983}"
EndProject
Project("{8BC9CEB8-8B4A-11D0-8D11-00A0C91BC942}") = "Bai103", "Bai103\Bai103.vcxproj", "{6E1DAC69-5A4A-4DD6-A048-C368BF12487A}"
EndProject
Project("{8BC9CEB8-8B4A-11D0-8D11-00A0C91BC942}") = "Bai104", "Bai104\Bai104.vcxproj", "{CD1C78B6-824E-4A35-87F8-B4B1378451AC}"
EndProject
Project("{8BC9CEB8-8B4A-11D0-8D11-00A0C91BC942}") = "Bai105", "Bai105\Bai105.vcxproj", "{C2DB9627-BFC7-4AE1-871D-A6C4CB4A0BED}"
EndProject
Project("{8BC9CEB8-8B4A-11D0-8D11-00A0C91BC942}") = "Bai106", "Bai106\Bai106.vcxproj", "{3A87BE3B-94CD-415A-9558-1847CD9A0ABE}"
EndProject
Project("{8BC9CEB8-8B4A-11D0-8D11-00A0C91BC942}") = "Bai107", "Bai107\Bai107.vcxproj", "{2DFBC686-5782-4B9A-BEE3-8370F44CFC77}"
EndProject
Project("{8BC9CEB8-8B4A-11D0-8D11-00A0C91BC942}") = "Bai108", "Bai108\Bai108.vcxproj", "{EB9EEE08-FD4D-4CD8-A82B-1E08BB647B10}"
EndProject
Project("{8BC9CEB8-8B4A-11D0-8D11-00A0C91BC942}") = "Bai109", "Bai109\Bai109.vcxproj", "{DDC6F517-AF02-45B5-BC81-5324F3138A9B}"
EndProject
Project("{8BC9CEB8-8B4A-11D0-8D11-00A0C91BC942}") = "Bai111", "Bai111\Bai111.vcxproj", "{9A070657-A143-42AC-B541-E98914C2D2DB}"
EndProject
Project("{8BC9CEB8-8B4A-11D0-8D11-00A0C91BC942}") = "Bai113", "Bai113\Bai113.vcxproj", "{241EEC47-C7BE-4CF0-9678-ED8FDB3F5329}"
EndProject
Project("{8BC9CEB8-8B4A-11D0-8D11-00A0C91BC942}") = "Bai115", "Bai115\Bai115.vcxproj", "{FB51EBD3-85A3-4F8D-A2B1-292D6D10122D}"
EndProject
Project("{8BC9CEB8-8B4A-11D0-8D11-00A0C91BC942}") = "Bai117", "Bai117\Bai117.vcxproj", "{F41C5380-0296-47A4-94DD-77A6669FB6FF}"
EndProject
Project("{8BC9CEB8-8B4A-11D0-8D11-00A0C91BC942}") = "Bai119", "Bai119\Bai119.vcxproj", "{D6B0C0CF-2DF8-4322-8E60-EEDC08489D8C}"
EndProject
Project("{8BC9CEB8-8B4A-11D0-8D11-00A0C91BC942}") = "Bai121", "Bai121\Bai121.vcxproj", "{082B7DC9-09B7-4A82-8991-41F88484C971}"
EndProject
Project("{8BC9CEB8-8B4A-11D0-8D11-00A0C91BC942}") = "Bai123", "Bai123\Bai123.vcxproj", "{311C4198-5A21-44EF-962B-8C85EEFBA302}"
EndProject
Project("{8BC9CEB8-8B4A-11D0-8D11-00A0C91BC942}") = "Bai125", "Bai125\Bai125.vcxproj", "{143EA3F5-08A5-4A14-A5FF-684B1746E939}"
EndProject
Project("{8BC9CEB8-8B4A-11D0-8D11-00A0C91BC942}") = "Bai127", "Bai127\Bai127.vcxproj", "{95898741-1C61-4679-A578-567D1C860672}"
EndProject
Project("{8BC9CEB8-8B4A-11D0-8D11-00A0C91BC942}") = "Bai129", "Bai129\Bai129.vcxproj", "{1122CB2B-C28A-4520-9EBE-B761F550E6F4}"
EndProject
Project("{8BC9CEB8-8B4A-11D0-8D11-00A0C91BC942}") = "Bai131", "Bai131\Bai131.vcxproj", "{1544BF5C-18B6-4722-ADA2-3102D488C0FC}"
EndProject
Project("{8BC9CEB8-8B4A-11D0-8D11-00A0C91BC942}") = "Bai133", "Bai133\Bai133.vcxproj", "{BFCEDD54-6681-4189-8C92-2ED4631FDC02}"
EndProject
Project("{8BC9CEB8-8B4A-11D0-8D11-00A0C91BC942}") = "Bai135", "Bai135\Bai135.vcxproj", "{2375AC72-8BB5-4774-838A-FE29AD8771C3}"
EndProject
Project("{8BC9CEB8-8B4A-11D0-8D11-00A0C91BC942}") = "Bai137", "Bai137\Bai137.vcxproj", "{7BD1FD35-0A9D-449C-84B4-B062AF0B7BE9}"
EndProject
Project("{8BC9CEB8-8B4A-11D0-8D11-00A0C91BC942}") = "Bai139", "Bai139\Bai139.vcxproj", "{D0A00C45-5128-4596-8AED-428855FAA046}"
EndProject
Project("{8BC9CEB8-8B4A-11D0-8D11-00A0C91BC942}") = "Bai141", "Bai141\Bai141.vcxproj", "{1113316A-9C90-4CBA-B5BC-252327971467}"
EndProject
Project("{8BC9CEB8-8B4A-11D0-8D11-00A0C91BC942}") = "Bai143", "Bai143\Bai143.vcxproj", "{5A63EA8E-8D68-4279-82C9-7AD31827153B}"
EndProject
Project("{8BC9CEB8-8B4A-11D0-8D11-00A0C91BC942}") = "Bai145", "Bai145\Bai145.vcxproj", "{478E4024-3C3F-4950-B553-7C5E827C4169}"
EndProject
Project("{8BC9CEB8-8B4A-11D0-8D11-00A0C91BC942}") = "Bai147", "Bai147\Bai147.vcxproj", "{562E5576-F517-45AA-83E9-9D54F770F952}"
EndProject
Project("{8BC9CEB8-8B4A-11D0-8D11-00A0C91BC942}") = "Bai149", "Bai149\Bai149.vcxproj", "{02C4C336-1728-4553-8B22-6FC9ED22CB19}"
EndProject
Global
	GlobalSection(SolutionConfigurationPlatforms) = preSolution
		Debug|x64 = Debug|x64
		Debug|x86 = Debug|x86
		Release|x64 = Release|x64
		Release|x86 = Release|x86
	EndGlobalSection
	GlobalSection(ProjectConfigurationPlatforms) = postSolution
		{C82F8230-533E-40F6-BC8A-9AC51786F93D}.Debug|x64.ActiveCfg = Debug|x64
		{C82F8230-533E-40F6-BC8A-9AC51786F93D}.Debug|x64.Build.0 = Debug|x64
		{C82F8230-533E-40F6-BC8A-9AC51786F93D}.Debug|x86.ActiveCfg = Debug|Win32
		{C82F8230-533E-40F6-BC8A-9AC51786F93D}.Debug|x86.Build.0 = Debug|Win32
		{C82F8230-533E-40F6-BC8A-9AC51786F93D}.Release|x64.ActiveCfg = Release|x64
		{C82F8230-533E-40F6-BC8A-9AC51786F93D}.Release|x64.Build.0 = Release|x64
		{C82F8230-533E-40F6-BC8A-9AC51786F93D}.Release|x86.ActiveCfg = Release|Win32
		{C82F8230-533E-40F6-BC8A-9AC51786F93D}.Release|x86.Build.0 = Release|Win32
		{D414FDBA-6C85-453B-8779-BD9B7EBB30AE}.Debug|x64.ActiveCfg = Debug|x64
		{D414FDBA-6C85-453B-8779-BD9B7EBB30AE}.Debug|x64.Build.0 = Debug|x64
		{D414FDBA-6C85-453B-8779-BD9B7EBB30AE}.Debug|x86.ActiveCfg = Debug|Win32
		{D414FDBA-6C85-453B-8779-BD9B7EBB30AE}.Debug|x86.Build.0 = Debug|Win32
		{D414FDBA-6C85-453B-8779-BD9B7EBB30AE}.Release|x64.ActiveCfg = Release|x64
		{D414FDBA-6C85-453B-8779-BD9B7EBB30AE}.Release|x64.Build.0 = Release|x64
		{D414FDBA-6C85-453B-8779-BD9B7EBB30AE}.Release|x86.ActiveCfg = Release|Win32
		{D414FDBA-6C85-453B-8779-BD9B7EBB30AE}.Release|x86.Build.0 = Release|Win32
		{D6967929-3514-4969-9834-3053B945B983}.Debug|x64.ActiveCfg = Debug|x64
		{D6967929-3514-4969-9834-3053B945B983}.Debug|x64.Build.0 = Debug|x64
		{D6967929-3514-4969-9834-3053B945B983}.Debug|x86.ActiveCfg = Debug|Win32
		{D6967929-3514-4969-9834-3053B945B983}.Debug|x86.Build.0 = Debug|Win32
		{D6967929-3514-4969-9834-3053B945B983}.Release|x64.ActiveCfg = Release|x64
		{D6967929-3514-4969-9834-3053B945B983}.Release|x64.Build.0 = Release|x64
		{D6967929-3514-4969-9834-3053B945B983}.Release|x86.ActiveCfg = Release|Win32
		{D6967929-3514-4969-9834-3053B945B983}.Release|x86.Build.0 = Release|Win32
		{6E1DAC69-5A4A-4DD6-A048-C368BF12487A}.Debug|x64.ActiveCfg = Debug|x64
		{6E1DAC69-5A4A-4DD6-A048-C368BF12487A}.Debug|x64.Build.0 = Debug|x64
		{6E1DAC69-5A4A-4DD6-A048-C368BF12487A}.Debug|x86.ActiveCfg = Debug|Win32
		{6E1DAC69-5A4A-4DD6-A048-C368BF12487A}.Debug|x86.Build.0 = Debug|Win32
		{6E1DAC69-5A4A-4DD6-A048-C368BF12487A}.Release|x64.ActiveCfg = Release|x64
		{6E1DAC69-5A4A-4DD6-A048-C368BF12487A}.Release|x64.Build.0 = Release|x64
		{6E1DAC69-5A4A-4DD6-A048-C368BF12487A}.Release|x86.ActiveCfg = Release|Win32
		{6E1DAC69-5A4A-4DD6-A048-C368BF12487A}.Release|x86.Build.0 = Release|Win32
		{CD1C78B6-824E-4A35-87F8-B4B1378451AC}.Debug|x64.ActiveCfg = Debug|x64
		{CD1C78B6-824E-4A35-87F8-B4B1378451AC}.Debug|x64.Build.0 = Debug|x64
		{CD1C78B6-824E-4A35-87F8-B4B1378451AC}.Debug|x86.ActiveCfg = Debug|Win32
		{CD1C78B6-824E-4A35-87F8-B4B1378451AC}.Debug|x86.Build.0 = Debug|Win32
		{CD1C78B6-824E-4A35-87F8-B4B1378451AC}.Release|x64.ActiveCfg = Release|x64
		{CD1C78B6-824E-4A35-87F8-B4B1378451AC}.Release|x64.Build.0 = Release|x64
		{CD1C78B6-824E-4A35-87F8-B4B1378451AC}.Release|x86.ActiveCfg = Release|Win32
		{CD1C78B6-824E-4A35-87F8-B4B1378451AC}.Release|x86.Build.0 = Release|Win32
		{C2DB9627-BFC7-4AE1-871D-A6C4CB4A0BED}.Debug|x64.ActiveCfg = Debug|x64
		{C2DB9627-BFC7-4AE1-871D-A6C4CB4A0BED}.Debug|x64.Build.0 = Debug|x64
		{C2DB9627-BFC7-4AE1-871D-A6C4CB4A0BED}.Debug|x86.ActiveCfg = Debug|Win32
		{C2DB9627-BFC7-4AE1-871D-A6C4CB4A0BED}.Debug|x86.Build.0 = Debug|Win32
		{C2DB9627-BFC7-4AE1-871D-A6C4CB4A0BED}.Release|x64.ActiveCfg = Release|x64
		{C2DB9627-BFC7-4AE1-871D-A6C4CB4A0BED}.Release|x64.Build.0 = Release|x64
		{C2DB9627-BFC7-4AE1-871D-A6C4CB4A0BED}.Release|x86.ActiveCfg = Release|Win32
		{C2DB9627-BFC7-4AE1-871D-A6C4CB4A0BED}.Release|x86.Build.0 = Release|Win32
		{3A87BE3B-94CD-415A-9558-1847CD9A0ABE}.Debug|x64.ActiveCfg = Debug|x64
		{3A87BE3B-94CD-415A-9558-1847CD9A0ABE}.Debug|x64.Build.0 = Debug|x64
		{3A87BE3B-94CD-415A-9558-1847CD9A0ABE}.Debug|x86.ActiveCfg = Debug|Win32
		{3A87BE3B-94CD-415A-9558-1847CD9A0ABE}.Debug|x86.Build.0 = Debug|Win32
		{3A87BE3B-94CD-415A-9558-1847CD9A0ABE}.Release|x64.ActiveCfg = Release|x64
		{3A87BE3B-94CD-415A-9558-1847CD9A0ABE}.Release|x64.Build.0 = Release|x64
		{3A87BE3B-94CD-415A-9558-1847CD9A0ABE}.Release|x86.ActiveCfg = Release|Win32
		{3A87BE3B-94CD-415A-9558-1847CD9A0ABE}.Release|x86.Build.0 = Release|Win32
		{2DFBC686-5782-4B9A-BEE3-8370F44CFC77}.Debug|x64.ActiveCfg = Debug|x64
		{2DFBC686-5782-4B9A-BEE3-8370F44CFC77}.Debug|x64.Build.0 = Debug|x64
		{2DFBC686-5782-4B9A-BEE3-8370F44CFC77}.Debug|x86.ActiveCfg = Debug|Win32
		{2DFBC686-5782-4B9A-BEE3-8370F44CFC77}.Debug|x86.Build.0 = Debug|Win32
		{2DFBC686-5782-4B9A-BEE3-8370F44CFC77}.Release|x64.ActiveCfg = Release|x64
		{2DFBC686-5782-4B9A-BEE3-8370F44CFC77}.Release|x64.Build.0 = Release|x64
		{2DFBC686-5782-4B9A-BEE3-8370F44CFC77}.Release|x86.ActiveCfg = Release|Win32
		{2DFBC686-5782-4B9A-BEE3-8370F44CFC77}.Release|x86.Build.0 = Release|Win32
		{EB9EEE08-FD4D-4CD8-A82B-1E08BB647B10}.Debug|x64.ActiveCfg = Debug|x64
		{EB9EEE08-FD4D-4CD8-A82B-1E08BB647B10}.Debug|x64.Build.0 = Debug|x64
		{EB9EEE08-FD4D-4CD8-A82B-1E08BB647B10}.Debug|x86.ActiveCfg = Debug|Win32
		{EB9EEE08-FD4D-4CD8-A82B-1E08BB647B10}.Debug|x86.Build.0 = Debug|Win32
		{EB9EEE08-FD4D-4CD8-A82B-1E08BB647B10}.Release|x64.ActiveCfg = Release|x64
		{EB9EEE08-FD4D-4CD8-A82B-1E08BB647B10}.Release|x64.Build.0 = Release|x64
		{EB9EEE08-FD4D-4CD8-A82B-1E08BB647B10}.Release|x86.ActiveCfg = Release|Win32
		{EB9EEE08-FD4D-4CD8-A82B-1E08BB647B10}.Release|x86.Build.0 = Release|Win32
		{DDC6F517-AF02-45B5-BC81-5324F3138A9B}.Debug|x64.ActiveCfg = Debug|x64
		{DDC6F517-AF02-45B5-BC81-5324F3138A9B}.Debug|x64.Build.0 = Debug|x64
		{DDC6F517-AF02-45B5-BC81-5324F3138A9B}.Debug|x86.ActiveCfg = Debug|Win32
		{DDC6F517-AF02-45B5-BC81-5324F3138A9B}.Debug|x86.Build.0 = Debug|Win32
		{DDC6F517-AF02-45B5-BC81-5324F3138A9B}.Release|x64.ActiveCfg = Release|x64
		{DDC6F517-AF02-45B5-BC81-5324F3138A9B}.Release|x64.Build.0 = Release|x64
		{DDC6F517-AF02-45B5-BC81-5324F3138A9B}.Release|x86.ActiveCfg = Release|Win32
		{DDC6F517-AF02-45B5-BC81-5324F3138A9B}.Release|x86.Build.0 = Release|Win32
		{9A070657-A143-42AC-B541-E98914C2D2DB}.Debug|x64.ActiveCfg = Debug|x64
		{9A070657-A143-42AC-B541-E98914C2D2DB}.Debug|x64.Build.0 = Debug|x64
		{9A070657-A143-42AC-B541-E98914C2D2DB}.Debug|x86.ActiveCfg = Debug|Win32
		{9A070657-A143-42AC-B541-E98914C2D2DB}.Debug|x86.Build.0 = Debug|Win32
		{9A070657-A143-42AC-B541-E98914C2D2DB}.Release|x64.ActiveCfg = Release|x64
		{9A070657-A143-42AC-B541-E98914C2D2DB}.Release|x64.Build.0 = Release|x64
		{9A070657-A143-42AC-B541-E98914C2D2DB}.Release|x86.ActiveCfg = Release|Win32
		{9A070657-A143-42AC-B541-E98914C2D2DB}.Release|x86.Build.0 = Release|Win32
		{241EEC47-C7BE-4CF0-9678-ED8FDB3F5329}.Debug|x64.ActiveCfg = Debug|x64
		{241EEC47-C7BE-4CF0-9678-ED8FDB3F5329}.Debug|x64.Build.0 = Debug|x64
		{241EEC47-C7BE-4CF0-9678-ED8FDB3F5329}.Debug|x86.ActiveCfg = Debug|Win32
		{241EEC47-C7BE-4CF0-9678-ED8FDB3F5329}.Debug|x86.Build.0 = Debug|Win32
		{241EEC47-C7BE-4CF0-9678-ED8FDB3F5329}.Release|x64.ActiveCfg = Release|x64
		{241EEC47-C7BE-4CF0-9678-ED8FDB3F5329}.Release|x64.Build.0 = Release|x64
		{241EEC47-C7BE-4CF0-9678-ED8FDB3F5329}.Release|x86.ActiveCfg = Release|Win32
		{241EEC47-C7BE-4CF0-9678-ED8FDB3F5329}.Release|x86.Build.0 = Release|Win32
		{FB51EBD3-85A3-4F8D-A2B1-292D6D10122D}.Debug|x64.ActiveCfg = Debug|x64
		{FB51EBD3-85A3-4F8D-A2B1-292D6D10122D}.Debug|x64.Build.0 = Debug|x64
		{FB51EBD3-85A3-4F8D-A2B1-292D6D10122D}.Debug|x86.ActiveCfg = Debug|Win32
		{FB51EBD3-85A3-4F8D-A2B1-292D6D10122D}.Debug|x86.Build.0 = Debug|Win32
		{FB51EBD3-85A3-4F8D-A2B1-292D6D10122D}.Release|x64.ActiveCfg = Release|x64
		{FB51EBD3-85A3-4F8D-A2B1-292D6D10122D}.Release|x64.Build.0 = Release|x64
		{FB51EBD3-85A3-4F8D-A2B1-292D6D10122D}.Release|x86.ActiveCfg = Release|Win32
		{FB51EBD3-85A3-4F8D-A2B1-292D6D10122D}.Release|x86.Build.0 = Release|Win32
		{F41C5380-0296-47A4-94DD-77A6669FB6FF}.Debug|x64.ActiveCfg = Debug|x64
		{F41C5380-0296-47A4-94DD-77A6669FB6FF}.Debug|x64.Build.0 = Debug|x64
		{F41C5380-0296-47A4-94DD-77A6669FB6FF}.Debug|x86.ActiveCfg = Debug|Win32
		{F41C5380-0296-47A4-94DD-77A6669FB6FF}.Debug|x86.Build.0 = Debug|Win32
		{F41C5380-0296-47A4-94DD-77A6669FB6FF}.Release|x64.ActiveCfg = Release|x64
		{F41C5380-0296-47A4-94DD-77A6669FB6FF}.Release|x64.Build.0 = Release|x64
		{F41C5380-0296-47A4-94DD-77A6669FB6FF}.Release|x86.ActiveCfg = Release|Win32
		{F41C5380-0296-47A4-94DD-77A6669FB6FF}.Release|x86.Build.0 = Release|Win32
		{D6B0C0CF-2DF8-4322-8E60-EEDC08489D8C}.Debug|x64.ActiveCfg = Debug|x64
		{D6B0C0CF-2DF8-4322-8E60-EEDC08489D8C}.Debug|x64.Build.0 = Debug|x64
		{D6B0C0CF-2DF8-4322-8E60-EEDC08489D8C}.Debug|x86.ActiveCfg = Debug|Win32
		{D6B0C0CF-2DF8-4322-8E60-EEDC08489D8C}.Debug|x86.Build.0 = Debug|Win32
		{D6B0C0CF-2DF8-4322-8E60-EEDC08489D8C}.Release|x64.ActiveCfg = Release|x64
		{D6B0C0CF-2DF8-4322-8E60-EEDC08489D8C}.Release|x64.Build.0 = Release|x64
		{D6B0C0CF-2DF8-4322-8E60-EEDC08489D8C}.Release|x86.ActiveCfg = Release|Win32
		{D6B0C0CF-2DF8-4322-8E60-EEDC08489D8C}.Release|x86.Build.0 = Release|Win32
		{082B7DC9-09B7-4A82-8991-41F88484C971}.Debug|x64.ActiveCfg = Debug|x64
		{082B7DC9-09B7-4A82-8991-41F88484C971}.Debug|x64.Build.0 = Debug|x64
		{082B7DC9-09B7-4A82-8991-41F88484C971}.Debug|x86.ActiveCfg = Debug|Win32
		{082B7DC9-09B7-4A82-8991-41F88484C971}.Debug|x86.Build.0 = Debug|Win32
		{082B7DC9-09B7-4A82-8991-41F88484C971}.Release|x64.ActiveCfg = Release|x64
		{082B7DC9-09B7-4A82-8991-41F88484C971}.Release|x64.Build.0 = Release|x64
		{082B7DC9-09B7-4A82-8991-41F88484C971}.Release|x86.ActiveCfg = Release|Win32
		{082B7DC9-09B7-4A82-8991-41F88484C971}.Release|x86.Build.0 = Release|Win32
		{311C4198-5A21-44EF-962B-8C85EEFBA302}.Debug|x64.ActiveCfg = Debug|x64
		{311C4198-5A21-44EF-962B-8C85EEFBA302}.Debug|x64.Build.0 = Debug|x64
		{311C4198-5A21-44EF-962B-8C85EEFBA302}.Debug|x86.ActiveCfg = Debug|Win32
		{311C4198-5A21-44EF-962B-8C85EEFBA302}.Debug|x86.Build.0 = Debug|Win32
		{311C4198-5A21-44EF-962B-8C85EEFBA302}.Release|x64.ActiveCfg = Release|x64
		{311C4198-5A21-44EF-962B-8C85EEFBA302}.Release|x64.Build.0 = Release|x64
		{311C4198-5A21-44EF-962B-8C85EEFBA302}.Release|x86.ActiveCfg = Release|Win32
		{311C4198-5A21-44EF-962B-8C85EEFBA302}.Release|x86.Build.0 = Release|Win32
		{143EA3F5-08A5-4A14-A5FF-684B1746E939}.Debug|x64.ActiveCfg = Debug|x64
		{143EA3F5-08A5-4A14-A5FF-684B1746E939}.Debug|x64.Build.0 = Debug|x64
		{143EA3F5-08A5-4A14-A5FF-684B1746E939}.Debug|x86.ActiveCfg = Debug|Win32
		{143EA3F5-08A5-4A14-A5FF-684B1746E939}.Debug|x86.Build.0 = Debug|Win32
		{143EA3F5-08A5-4A14-A5FF-684B1746E939}.Release|x64.ActiveCfg = Release|x64
		{143EA3F5-08A5-4A14-A5FF-684B1746E939}.Release|x64.Build.0 = Release|x64
		{143EA3F5-08A5-4A14-A5FF-684B1746E939}.Release|x86.ActiveCfg = Release|Win32
		{143EA3F5-08A5-4A14-A5FF-684B1746E939}.Release|x86.Build.0 = Release|Win32
		{95898741-1C61-4679-A578-567D1C860672}.Debug|x64.ActiveCfg = Debug|x64
		{95898741-1C61-4679-A578-567D1C860672}.Debug|x64.Build.0 = Debug|x64
		{95898741-1C61-4679-A578-567D1C860672}.Debug|x86.ActiveCfg = Debug|Win32
		{95898741-1C61-4679-A578-567D1C860672}.Debug|x86.Build.0 = Debug|Win32
		{95898741-1C61-4679-A578-567D1C860672}.Release|x64.ActiveCfg = Release|x64
		{95898741-1C61-4679-A578-567D1C860672}.Release|x64.Build.0 = Release|x64
		{95898741-1C61-4679-A578-567D1C860672}.Release|x86.ActiveCfg = Release|Win32
		{95898741-1C61-4679-A578-567D1C860672}.Release|x86.Build.0 = Release|Win32
		{1122CB2B-C28A-4520-9EBE-B761F550E6F4}.Debug|x64.ActiveCfg = Debug|x64
		{1122CB2B-C28A-4520-9EBE-B761F550E6F4}.Debug|x64.Build.0 = Debug|x64
		{1122CB2B-C28A-4520-9EBE-B761F550E6F4}.Debug|x86.ActiveCfg = Debug|Win32
		{1122CB2B-C28A-4520-9EBE-B761F550E6F4}.Debug|x86.Build.0 = Debug|Win32
		{1122CB2B-C28A-4520-9EBE-B761F550E6F4}.Release|x64.ActiveCfg = Release|x64
		{1122CB2B-C28A-4520-9EBE-B761F550E6F4}.Release|x64.Build.0 = Release|x64
		{1122CB2B-C28A-4520-9EBE-B761F550E6F4}.Release|x86.ActiveCfg = Release|Win32
		{1122CB2B-C28A-4520-9EBE-B761F550E6F4}.Release|x86.Build.0 = Release|Win32
		{1544BF5C-18B6-4722-ADA2-3102D488C0FC}.Debug|x64.ActiveCfg = Debug|x64
		{1544BF5C-18B6-4722-ADA2-3102D488C0FC}.Debug|x64.Build.0 = Debug|x64
		{1544BF5C-18B6-4722-ADA2-3102D488C0FC}.Debug|x86.ActiveCfg = Debug|Win32
		{1544BF5C-18B6-4722-ADA2-3102D488C0FC}.Debug|x86.Build.0 = Debug|Win32
		{1544BF5C-18B6-4722-ADA2-3102D488C0FC}.Release|x64.ActiveCfg = Release|x64
		{1544BF5C-18B6-4722-ADA2-3102D488C0FC}.Release|x64.Build.0 = Release|x64
		{1544BF5C-18B6-4722-ADA2-3102D488C0FC}.Release|x86.ActiveCfg = Release|Win32
		{1544BF5C-18B6-4722-ADA2-3102D488C0FC}.Release|x86.Build.0 = Release|Win32
		{BFCEDD54-6681-4189-8C92-2ED4631FDC02}.Debug|x64.ActiveCfg = Debug|x64
		{BFCEDD54-6681-4189-8C92-2ED4631FDC02}.Debug|x64.Build.0 = Debug|x64
		{BFCEDD54-6681-4189-8C92-2ED4631FDC02}.Debug|x86.ActiveCfg = Debug|Win32
		{BFCEDD54-6681-4189-8C92-2ED4631FDC02}.Debug|x86.Build.0 = Debug|Win32
		{BFCEDD54-6681-4189-8C92-2ED4631FDC02}.Release|x64.ActiveCfg = Release|x64
		{BFCEDD54-6681-4189-8C92-2ED4631FDC02}.Release|x64.Build.0 = Release|x64
		{BFCEDD54-6681-4189-8C92-2ED4631FDC02}.Release|x86.ActiveCfg = Release|Win32
		{BFCEDD54-6681-4189-8C92-2ED4631FDC02}.Release|x86.Build.0 = Release|Win32
		{2375AC72-8BB5-4774-838A-FE29AD8771C3}.Debug|x64.ActiveCfg = Debug|x64
		{2375AC72-8BB5-4774-838A-FE29AD8771C3}.Debug|x64.Build.0 = Debug|x64
		{2375AC72-8BB5-4774-838A-FE29AD8771C3}.Debug|x86.ActiveCfg = Debug|Win32
		{2375AC72-8BB5-4774-838A-FE29AD8771C3}.Debug|x86.Build.0 = Debug|Win32
		{2375AC72-8BB5-4774-838A-FE29AD8771C3}.Release|x64.ActiveCfg = Release|x64
		{2375AC72-8BB5-4774-838A-FE29AD8771C3}.Release|x64.Build.0 = Release|x64
		{2375AC72-8BB5-4774-838A-FE29AD8771C3}.Release|x86.ActiveCfg = Release|Win32
		{2375AC72-8BB5-4774-838A-FE29AD8771C3}.Release|x86.Build.0 = Release|Win32
		{7BD1FD35-0A9D-449C-84B4-B062AF0B7BE9}.Debug|x64.ActiveCfg = Debug|x64
		{7BD1FD35-0A9D-449C-84B4-B062AF0B7BE9}.Debug|x64.Build.0 = Debug|x64
		{7BD1FD35-0A9D-449C-84B4-B062AF0B7BE9}.Debug|x86.ActiveCfg = Debug|Win32
		{7BD1FD35-0A9D-449C-84B4-B062AF0B7BE9}.Debug|x86.Build.0 = Debug|Win32
		{7BD1FD35-0A9D-449C-84B4-B062AF0B7BE9}.Release|x64.ActiveCfg = Release|x64
		{7BD1FD35-0A9D-449C-84B4-B062AF0B7BE9}.Release|x64.Build.0 = Release|x64
		{7BD1FD35-0A9D-449C-84B4-B062AF0B7BE9}.Release|x86.ActiveCfg = Release|Win32
		{7BD1FD35-0A9D-449C-84B4-B062AF0B7BE9}.Release|x86.Build.0 = Release|Win32
		{D0A00C45-5128-4596-8AED-428855FAA046}.Debug|x64.ActiveCfg = Debug|x64
		{D0A00C45-5128-4596-8AED-428855FAA046}.Debug|x64.Build.0 = Debug|x64
		{D0A00C45-5128-4596-8AED-428855FAA046}.Debug|x86.ActiveCfg = Debug|Win32
		{D0A00C45-5128-4596-8AED-428855FAA046}.Debug|x86.Build.0 = Debug|Win32
		{D0A00C45-5128-4596-8AED-428855FAA046}.Release|x64.ActiveCfg = Release|x64
		{D0A00C45-5128-4596-8AED-428855FAA046}.Release|x64.Build.0 = Release|x64
		{D0A00C45-5128-4596-8AED-428855FAA046}.Release|x86.ActiveCfg = Release|Win32
		{D0A00C45-5128-4596-8AED-428855FAA046}.Release|x86.Build.0 = Release|Win32
		{1113316A-9C90-4CBA-B5BC-252327971467}.Debug|x64.ActiveCfg = Debug|x64
		{1113316A-9C90-4CBA-B5BC-252327971467}.Debug|x64.Build.0 = Debug|x64
		{1113316A-9C90-4CBA-B5BC-252327971467}.Debug|x86.ActiveCfg = Debug|Win32
		{1113316A-9C90-4CBA-B5BC-252327971467}.Debug|x86.Build.0 = Debug|Win32
		{1113316A-9C90-4CBA-B5BC-252327971467}.Release|x64.ActiveCfg = Release|x64
		{1113316A-9C90-4CBA-B5BC-252327971467}.Release|x64.Build.0 = Release|x64
		{1113316A-9C90-4CBA-B5BC-252327971467}.Release|x86.ActiveCfg = Release|Win32
		{1113316A-9C90-4CBA-B5BC-252327971467}.Release|x86.Build.0 = Release|Win32
		{5A63EA8E-8D68-4279-82C9-7AD31827153B}.Debug|x64.ActiveCfg = Debug|x64
		{5A63EA8E-8D68-4279-82C9-7AD31827153B}.Debug|x64.Build.0 = Debug|x64
		{5A63EA8E-8D68-4279-82C9-7AD31827153B}.Debug|x86.ActiveCfg = Debug|Win32
		{5A63EA8E-8D68-4279-82C9-7AD31827153B}.Debug|x86.Build.0 = Debug|Win32
		{5A63EA8E-8D68-4279-82C9-7AD31827153B}.Release|x64.ActiveCfg = Release|x64
		{5A63EA8E-8D68-4279-82C9-7AD31827153B}.Release|x64.Build.0 = Release|x64
		{5A63EA8E-8D68-4279-82C9-7AD31827153B}.Release|x86.ActiveCfg = Release|Win32
		{5A63EA8E-8D68-4279-82C9-7AD31827153B}.Release|x86.Build.0 = Release|Win32
		{478E4024-3C3F-4950-B553-7C5E827C4169}.Debug|x64.ActiveCfg = Debug|x64
		{478E4024-3C3F-4950-B553-7C5E827C4169}.Debug|x64.Build.0 = Debug|x64
		{478E4024-3C3F-4950-B553-7C5E827C4169}.Debug|x86.ActiveCfg = Debug|Win32
		{478E4024-3C3F-4950-B553-7C5E827C4169}.Debug|x86.Build.0 = Debug|Win32
		{478E4024-3C3F-4950-B553-7C5E827C4169}.Release|x64.ActiveCfg = Release|x64
		{478E4024-3C3F-4950-B553-7C5E827C4169}.Release|x64.Build.0 = Release|x64
		{478E4024-3C3F-4950-B553-7C5E827C4169}.Release|x86.ActiveCfg = Release|Win32
		{478E4024-3C3F-4950-B553-7C5E827C4169}.Release|x86.Build.0 = Release|Win32
		{562E5576-F517-45AA-83E9-9D54F770F952}.Debug|x64.ActiveCfg = Debug|x64
		{562E5576-F517-45AA-83E9-9D54F770F952}.Debug|x64.Build.0 = Debug|x64
		{562E5576-F517-45AA-83E9-9D54F770F952}.Debug|x86.ActiveCfg = Debug|Win32
		{562E5576-F517-45AA-83E9-9D54F770F952}.Debug|x86.Build.0 = Debug|Win32
		{562E5576-F517-45AA-83E9-9D54F770F952}.Release|x64.ActiveCfg = Release|x64
		{562E5576-F517-45AA-83E9-9D54F770F952}.Release|x64.Build.0 = Release|x64
		{562E5576-F517-45AA-83E9-9D54F770F952}.Release|x86.ActiveCfg = Release|Win32
		{562E5576-F517-45AA-83E9-9D54F770F952}.Release|x86.Build.0 = Release|Win32
		{02C4C336-1728-4553-8B22-6FC9ED22CB19}.Debug|x64.ActiveCfg = Debug|x64
		{02C4C336-1728-4553-8B22-6FC9ED22CB19}.Debug|x64.Build.0 = Debug|x64
		{02C4C336-1728-4553-8B22-6FC9ED22CB19}.Debug|x86.ActiveCfg = Debug|Win32
		{02C4C336-1728-4553-8B22-6FC9ED22CB19}.Debug|x86.Build.0 = Debug|Win32
		{02C4C336-1728-4553-8B22-6FC9ED22CB19}.Release|x64.ActiveCfg = Release|x64
		{02C4C336-1728-4553-8B22-6FC9ED22CB19}.Release|x64.Build.0 = Release|x64
		{02C4C336-1728-4553-8B22-6FC9ED22CB19}.Release|x86.ActiveCfg = Release|Win32
		{02C4C336-1728-4553-8B22-6FC9ED22CB19}.Release|x86.Build.0 = Release|Win32
	EndGlobalSection
	GlobalSection(SolutionProperties) = preSolution
		HideSolutionNode = FALSE
	EndGlobalSection
	GlobalSection(ExtensibilityGlobals) = postSolution
		SolutionGuid = {6C1889E2-7EB4-43F9-A724-A6C4C2F3BE3F}
	EndGlobalSection
EndGlobal
