
Microsoft Visual Studio Solution File, Format Version 12.00
# Visual Studio Version 17
VisualStudioVersion = 17.7.34031.279
MinimumVisualStudioVersion = 10.0.40219.1
Project("{8BC9CEB8-8B4A-11D0-8D11-00A0C91BC942}") = "BAI144", "BAI144\BAI144.vcxproj", "{E6E9AA72-FA8D-4D89-9C92-8C5F2A69C5D2}"
EndProject
Project("{8BC9CEB8-8B4A-11D0-8D11-00A0C91BC942}") = "BAI146", "BAI146\BAI146.vcxproj", "{602E4FE6-15B3-46D6-9FDC-F8E7440FFA73}"
EndProject
Project("{8BC9CEB8-8B4A-11D0-8D11-00A0C91BC942}") = "BAI151", "BAI151\BAI151.vcxproj", "{41DCEA3C-62A9-46DF-82A0-8D986F3A14AA}"
EndProject
Project("{8BC9CEB8-8B4A-11D0-8D11-00A0C91BC942}") = "BAI152", "BAI152\BAI152.vcxproj", "{D5D592D8-D8B6-4530-9E46-5B5DF0EFEA71}"
EndProject
Project("{8BC9CEB8-8B4A-11D0-8D11-00A0C91BC942}") = "BAI153", "BAI153\BAI153.vcxproj", "{65212077-A4D5-4056-9815-66AC6044F612}"
EndProject
Project("{8BC9CEB8-8B4A-11D0-8D11-00A0C91BC942}") = "BAI154", "BAI154\BAI154.vcxproj", "{4D4E77D7-02F1-4025-A463-A65C00AD274E}"
EndProject
Project("{8BC9CEB8-8B4A-11D0-8D11-00A0C91BC942}") = "BAI155", "BAI155\BAI155.vcxproj", "{E407F60F-9917-4929-BE23-F95C07BB0167}"
EndProject
Project("{8BC9CEB8-8B4A-11D0-8D11-00A0C91BC942}") = "BAI156", "BAI156\BAI156.vcxproj", "{282E09F4-7E64-4ADC-84F3-AAAF012591E6}"
EndProject
Project("{8BC9CEB8-8B4A-11D0-8D11-00A0C91BC942}") = "BAI157", "BAI157\BAI157.vcxproj", "{900AC371-295B-4FC0-8B4F-A5166C6A2B4B}"
EndProject
Project("{8BC9CEB8-8B4A-11D0-8D11-00A0C91BC942}") = "BAI158", "BAI158\BAI158.vcxproj", "{24BFA65D-D83F-4A73-84B8-D102514C8244}"
EndProject
Project("{8BC9CEB8-8B4A-11D0-8D11-00A0C91BC942}") = "BAI159", "BAI159\BAI159.vcxproj", "{D16B1790-39BF-40A5-837E-23715F3B10C5}"
EndProject
Project("{8BC9CEB8-8B4A-11D0-8D11-00A0C91BC942}") = "BAI160", "BAI160\BAI160.vcxproj", "{9C7818BA-77A9-4FC7-8B47-5FE4185D9E0D}"
EndProject
Project("{8BC9CEB8-8B4A-11D0-8D11-00A0C91BC942}") = "BAI161", "BAI161\BAI161.vcxproj", "{6D7F356A-D314-4B37-A5AF-F9F1D6714993}"
EndProject
Project("{8BC9CEB8-8B4A-11D0-8D11-00A0C91BC942}") = "BAI162", "BAI162\BAI162.vcxproj", "{F4521CDA-3691-45F2-9168-85461D6CCE51}"
EndProject
Project("{8BC9CEB8-8B4A-11D0-8D11-00A0C91BC942}") = "BAI163", "BAI163\BAI163.vcxproj", "{3FCEC9DB-D700-4394-89F9-FEFD291F9B35}"
EndProject
Project("{8BC9CEB8-8B4A-11D0-8D11-00A0C91BC942}") = "BAI164", "BAI164\BAI164.vcxproj", "{340BA3B3-AF0E-470F-B361-DE068448D110}"
EndProject
Project("{8BC9CEB8-8B4A-11D0-8D11-00A0C91BC942}") = "BAI165", "BAI165\BAI165.vcxproj", "{783D1C8E-B381-4A89-BEE0-28768F2CC017}"
EndProject
Project("{8BC9CEB8-8B4A-11D0-8D11-00A0C91BC942}") = "BAI167", "BAI167\BAI167.vcxproj", "{6328C7AE-F498-4F59-A037-DB093CFAAE40}"
EndProject
Project("{8BC9CEB8-8B4A-11D0-8D11-00A0C91BC942}") = "BAI168", "BAI168\BAI168.vcxproj", "{F7B4388A-D908-4EF7-80DB-70787F2730C7}"
EndProject
Project("{8BC9CEB8-8B4A-11D0-8D11-00A0C91BC942}") = "BAI166", "BAI166\BAI166.vcxproj", "{6003476E-A435-4567-990A-59AD50C5FE28}"
EndProject
Project("{8BC9CEB8-8B4A-11D0-8D11-00A0C91BC942}") = "BAI169", "BAI169\BAI169.vcxproj", "{07A4EC04-324D-404E-B662-E8777DD3E1B7}"
EndProject
Project("{8BC9CEB8-8B4A-11D0-8D11-00A0C91BC942}") = "BAI170", "BAI170\BAI170.vcxproj", "{DF1A14BD-7151-4BA5-8E5A-CB70A44A8AB3}"
EndProject
Project("{8BC9CEB8-8B4A-11D0-8D11-00A0C91BC942}") = "BAI171", "BAI171\BAI171.vcxproj", "{553296D9-C39C-4334-AB74-671EB59C639C}"
EndProject
Project("{8BC9CEB8-8B4A-11D0-8D11-00A0C91BC942}") = "BAI173", "BAI173\BAI173.vcxproj", "{1D618018-B2BD-4A99-9EA2-D3DC904B45C9}"
EndProject
Project("{8BC9CEB8-8B4A-11D0-8D11-00A0C91BC942}") = "BAI172", "BAI172\BAI172.vcxproj", "{6A51553F-1F1D-4B55-865A-434FF54D8947}"
EndProject
Project("{8BC9CEB8-8B4A-11D0-8D11-00A0C91BC942}") = "BAI174", "BAI174\BAI174.vcxproj", "{6947A05A-19CA-49F4-9F0C-786358DC6C94}"
EndProject
Project("{8BC9CEB8-8B4A-11D0-8D11-00A0C91BC942}") = "BAI175", "BAI175\BAI175.vcxproj", "{41D24617-5CC8-4B9B-BA5C-D62C5D118B9E}"
EndProject
Project("{8BC9CEB8-8B4A-11D0-8D11-00A0C91BC942}") = "BAI176", "BAI176\BAI176.vcxproj", "{6AF2540E-3B90-4FDF-B31D-08EB26C84C26}"
EndProject
Project("{8BC9CEB8-8B4A-11D0-8D11-00A0C91BC942}") = "BAI177", "BAI177\BAI177.vcxproj", "{62A33E71-5BFB-48F3-9A8F-836E7ED82A7E}"
EndProject
Project("{8BC9CEB8-8B4A-11D0-8D11-00A0C91BC942}") = "BAI178", "BAI178\BAI178.vcxproj", "{DF4B2FEA-5B90-4604-A342-D0F089A0321A}"
EndProject
Project("{8BC9CEB8-8B4A-11D0-8D11-00A0C91BC942}") = "BAI179", "BAI179\BAI179.vcxproj", "{94DCC7DD-3102-4492-8C42-8D2C816F7AA8}"
EndProject
Project("{8BC9CEB8-8B4A-11D0-8D11-00A0C91BC942}") = "BAI180", "BAI180\BAI180.vcxproj", "{FF0B1F14-D638-4EA7-96C2-38D34B3FF934}"
EndProject
Project("{8BC9CEB8-8B4A-11D0-8D11-00A0C91BC942}") = "BAI181", "BAI181\BAI181.vcxproj", "{4693E9AE-EC71-4F8B-B6A4-D2327C24C9A5}"
EndProject
Project("{8BC9CEB8-8B4A-11D0-8D11-00A0C91BC942}") = "BAI182", "BAI182\BAI182.vcxproj", "{7F144360-6097-48E1-B0E3-6B4C45D87B3F}"
EndProject
Project("{8BC9CEB8-8B4A-11D0-8D11-00A0C91BC942}") = "BAI183", "BAI183\BAI183.vcxproj", "{BB9A4B2E-BC17-4149-A241-87A504E8775C}"
EndProject
Project("{8BC9CEB8-8B4A-11D0-8D11-00A0C91BC942}") = "BAI184", "BAI184\BAI184.vcxproj", "{738975DE-5642-4471-9199-A45F0C0408B9}"
EndProject
Project("{8BC9CEB8-8B4A-11D0-8D11-00A0C91BC942}") = "BAI185", "BAI185\BAI185.vcxproj", "{A980322E-3285-4081-9CC6-47FB50B8B448}"
EndProject
Project("{8BC9CEB8-8B4A-11D0-8D11-00A0C91BC942}") = "BAI186", "BAI186\BAI186.vcxproj", "{2A5DFD10-97FE-4D4C-B1D8-83484983E327}"
EndProject
Project("{8BC9CEB8-8B4A-11D0-8D11-00A0C91BC942}") = "BAI187", "BAI187\BAI187.vcxproj", "{802F1D07-E910-4E14-B6BC-E434C2D2A292}"
EndProject
Project("{8BC9CEB8-8B4A-11D0-8D11-00A0C91BC942}") = "BAI188", "BAI188\BAI188.vcxproj", "{C65B1349-CE76-4D55-AF1E-4F65C39906C7}"
EndProject
Global
	GlobalSection(SolutionConfigurationPlatforms) = preSolution
		Debug|x64 = Debug|x64
		Debug|x86 = Debug|x86
		Release|x64 = Release|x64
		Release|x86 = Release|x86
	EndGlobalSection
	GlobalSection(ProjectConfigurationPlatforms) = postSolution
		{E6E9AA72-FA8D-4D89-9C92-8C5F2A69C5D2}.Debug|x64.ActiveCfg = Debug|x64
		{E6E9AA72-FA8D-4D89-9C92-8C5F2A69C5D2}.Debug|x64.Build.0 = Debug|x64
		{E6E9AA72-FA8D-4D89-9C92-8C5F2A69C5D2}.Debug|x86.ActiveCfg = Debug|Win32
		{E6E9AA72-FA8D-4D89-9C92-8C5F2A69C5D2}.Debug|x86.Build.0 = Debug|Win32
		{E6E9AA72-FA8D-4D89-9C92-8C5F2A69C5D2}.Release|x64.ActiveCfg = Release|x64
		{E6E9AA72-FA8D-4D89-9C92-8C5F2A69C5D2}.Release|x64.Build.0 = Release|x64
		{E6E9AA72-FA8D-4D89-9C92-8C5F2A69C5D2}.Release|x86.ActiveCfg = Release|Win32
		{E6E9AA72-FA8D-4D89-9C92-8C5F2A69C5D2}.Release|x86.Build.0 = Release|Win32
		{602E4FE6-15B3-46D6-9FDC-F8E7440FFA73}.Debug|x64.ActiveCfg = Debug|x64
		{602E4FE6-15B3-46D6-9FDC-F8E7440FFA73}.Debug|x64.Build.0 = Debug|x64
		{602E4FE6-15B3-46D6-9FDC-F8E7440FFA73}.Debug|x86.ActiveCfg = Debug|Win32
		{602E4FE6-15B3-46D6-9FDC-F8E7440FFA73}.Debug|x86.Build.0 = Debug|Win32
		{602E4FE6-15B3-46D6-9FDC-F8E7440FFA73}.Release|x64.ActiveCfg = Release|x64
		{602E4FE6-15B3-46D6-9FDC-F8E7440FFA73}.Release|x64.Build.0 = Release|x64
		{602E4FE6-15B3-46D6-9FDC-F8E7440FFA73}.Release|x86.ActiveCfg = Release|Win32
		{602E4FE6-15B3-46D6-9FDC-F8E7440FFA73}.Release|x86.Build.0 = Release|Win32
		{41DCEA3C-62A9-46DF-82A0-8D986F3A14AA}.Debug|x64.ActiveCfg = Debug|x64
		{41DCEA3C-62A9-46DF-82A0-8D986F3A14AA}.Debug|x64.Build.0 = Debug|x64
		{41DCEA3C-62A9-46DF-82A0-8D986F3A14AA}.Debug|x86.ActiveCfg = Debug|Win32
		{41DCEA3C-62A9-46DF-82A0-8D986F3A14AA}.Debug|x86.Build.0 = Debug|Win32
		{41DCEA3C-62A9-46DF-82A0-8D986F3A14AA}.Release|x64.ActiveCfg = Release|x64
		{41DCEA3C-62A9-46DF-82A0-8D986F3A14AA}.Release|x64.Build.0 = Release|x64
		{41DCEA3C-62A9-46DF-82A0-8D986F3A14AA}.Release|x86.ActiveCfg = Release|Win32
		{41DCEA3C-62A9-46DF-82A0-8D986F3A14AA}.Release|x86.Build.0 = Release|Win32
		{D5D592D8-D8B6-4530-9E46-5B5DF0EFEA71}.Debug|x64.ActiveCfg = Debug|x64
		{D5D592D8-D8B6-4530-9E46-5B5DF0EFEA71}.Debug|x64.Build.0 = Debug|x64
		{D5D592D8-D8B6-4530-9E46-5B5DF0EFEA71}.Debug|x86.ActiveCfg = Debug|Win32
		{D5D592D8-D8B6-4530-9E46-5B5DF0EFEA71}.Debug|x86.Build.0 = Debug|Win32
		{D5D592D8-D8B6-4530-9E46-5B5DF0EFEA71}.Release|x64.ActiveCfg = Release|x64
		{D5D592D8-D8B6-4530-9E46-5B5DF0EFEA71}.Release|x64.Build.0 = Release|x64
		{D5D592D8-D8B6-4530-9E46-5B5DF0EFEA71}.Release|x86.ActiveCfg = Release|Win32
		{D5D592D8-D8B6-4530-9E46-5B5DF0EFEA71}.Release|x86.Build.0 = Release|Win32
		{65212077-A4D5-4056-9815-66AC6044F612}.Debug|x64.ActiveCfg = Debug|x64
		{65212077-A4D5-4056-9815-66AC6044F612}.Debug|x64.Build.0 = Debug|x64
		{65212077-A4D5-4056-9815-66AC6044F612}.Debug|x86.ActiveCfg = Debug|Win32
		{65212077-A4D5-4056-9815-66AC6044F612}.Debug|x86.Build.0 = Debug|Win32
		{65212077-A4D5-4056-9815-66AC6044F612}.Release|x64.ActiveCfg = Release|x64
		{65212077-A4D5-4056-9815-66AC6044F612}.Release|x64.Build.0 = Release|x64
		{65212077-A4D5-4056-9815-66AC6044F612}.Release|x86.ActiveCfg = Release|Win32
		{65212077-A4D5-4056-9815-66AC6044F612}.Release|x86.Build.0 = Release|Win32
		{4D4E77D7-02F1-4025-A463-A65C00AD274E}.Debug|x64.ActiveCfg = Debug|x64
		{4D4E77D7-02F1-4025-A463-A65C00AD274E}.Debug|x64.Build.0 = Debug|x64
		{4D4E77D7-02F1-4025-A463-A65C00AD274E}.Debug|x86.ActiveCfg = Debug|Win32
		{4D4E77D7-02F1-4025-A463-A65C00AD274E}.Debug|x86.Build.0 = Debug|Win32
		{4D4E77D7-02F1-4025-A463-A65C00AD274E}.Release|x64.ActiveCfg = Release|x64
		{4D4E77D7-02F1-4025-A463-A65C00AD274E}.Release|x64.Build.0 = Release|x64
		{4D4E77D7-02F1-4025-A463-A65C00AD274E}.Release|x86.ActiveCfg = Release|Win32
		{4D4E77D7-02F1-4025-A463-A65C00AD274E}.Release|x86.Build.0 = Release|Win32
		{E407F60F-9917-4929-BE23-F95C07BB0167}.Debug|x64.ActiveCfg = Debug|x64
		{E407F60F-9917-4929-BE23-F95C07BB0167}.Debug|x64.Build.0 = Debug|x64
		{E407F60F-9917-4929-BE23-F95C07BB0167}.Debug|x86.ActiveCfg = Debug|Win32
		{E407F60F-9917-4929-BE23-F95C07BB0167}.Debug|x86.Build.0 = Debug|Win32
		{E407F60F-9917-4929-BE23-F95C07BB0167}.Release|x64.ActiveCfg = Release|x64
		{E407F60F-9917-4929-BE23-F95C07BB0167}.Release|x64.Build.0 = Release|x64
		{E407F60F-9917-4929-BE23-F95C07BB0167}.Release|x86.ActiveCfg = Release|Win32
		{E407F60F-9917-4929-BE23-F95C07BB0167}.Release|x86.Build.0 = Release|Win32
		{282E09F4-7E64-4ADC-84F3-AAAF012591E6}.Debug|x64.ActiveCfg = Debug|x64
		{282E09F4-7E64-4ADC-84F3-AAAF012591E6}.Debug|x64.Build.0 = Debug|x64
		{282E09F4-7E64-4ADC-84F3-AAAF012591E6}.Debug|x86.ActiveCfg = Debug|Win32
		{282E09F4-7E64-4ADC-84F3-AAAF012591E6}.Debug|x86.Build.0 = Debug|Win32
		{282E09F4-7E64-4ADC-84F3-AAAF012591E6}.Release|x64.ActiveCfg = Release|x64
		{282E09F4-7E64-4ADC-84F3-AAAF012591E6}.Release|x64.Build.0 = Release|x64
		{282E09F4-7E64-4ADC-84F3-AAAF012591E6}.Release|x86.ActiveCfg = Release|Win32
		{282E09F4-7E64-4ADC-84F3-AAAF012591E6}.Release|x86.Build.0 = Release|Win32
		{900AC371-295B-4FC0-8B4F-A5166C6A2B4B}.Debug|x64.ActiveCfg = Debug|x64
		{900AC371-295B-4FC0-8B4F-A5166C6A2B4B}.Debug|x64.Build.0 = Debug|x64
		{900AC371-295B-4FC0-8B4F-A5166C6A2B4B}.Debug|x86.ActiveCfg = Debug|Win32
		{900AC371-295B-4FC0-8B4F-A5166C6A2B4B}.Debug|x86.Build.0 = Debug|Win32
		{900AC371-295B-4FC0-8B4F-A5166C6A2B4B}.Release|x64.ActiveCfg = Release|x64
		{900AC371-295B-4FC0-8B4F-A5166C6A2B4B}.Release|x64.Build.0 = Release|x64
		{900AC371-295B-4FC0-8B4F-A5166C6A2B4B}.Release|x86.ActiveCfg = Release|Win32
		{900AC371-295B-4FC0-8B4F-A5166C6A2B4B}.Release|x86.Build.0 = Release|Win32
		{24BFA65D-D83F-4A73-84B8-D102514C8244}.Debug|x64.ActiveCfg = Debug|x64
		{24BFA65D-D83F-4A73-84B8-D102514C8244}.Debug|x64.Build.0 = Debug|x64
		{24BFA65D-D83F-4A73-84B8-D102514C8244}.Debug|x86.ActiveCfg = Debug|Win32
		{24BFA65D-D83F-4A73-84B8-D102514C8244}.Debug|x86.Build.0 = Debug|Win32
		{24BFA65D-D83F-4A73-84B8-D102514C8244}.Release|x64.ActiveCfg = Release|x64
		{24BFA65D-D83F-4A73-84B8-D102514C8244}.Release|x64.Build.0 = Release|x64
		{24BFA65D-D83F-4A73-84B8-D102514C8244}.Release|x86.ActiveCfg = Release|Win32
		{24BFA65D-D83F-4A73-84B8-D102514C8244}.Release|x86.Build.0 = Release|Win32
		{D16B1790-39BF-40A5-837E-23715F3B10C5}.Debug|x64.ActiveCfg = Debug|x64
		{D16B1790-39BF-40A5-837E-23715F3B10C5}.Debug|x64.Build.0 = Debug|x64
		{D16B1790-39BF-40A5-837E-23715F3B10C5}.Debug|x86.ActiveCfg = Debug|Win32
		{D16B1790-39BF-40A5-837E-23715F3B10C5}.Debug|x86.Build.0 = Debug|Win32
		{D16B1790-39BF-40A5-837E-23715F3B10C5}.Release|x64.ActiveCfg = Release|x64
		{D16B1790-39BF-40A5-837E-23715F3B10C5}.Release|x64.Build.0 = Release|x64
		{D16B1790-39BF-40A5-837E-23715F3B10C5}.Release|x86.ActiveCfg = Release|Win32
		{D16B1790-39BF-40A5-837E-23715F3B10C5}.Release|x86.Build.0 = Release|Win32
		{9C7818BA-77A9-4FC7-8B47-5FE4185D9E0D}.Debug|x64.ActiveCfg = Debug|x64
		{9C7818BA-77A9-4FC7-8B47-5FE4185D9E0D}.Debug|x64.Build.0 = Debug|x64
		{9C7818BA-77A9-4FC7-8B47-5FE4185D9E0D}.Debug|x86.ActiveCfg = Debug|Win32
		{9C7818BA-77A9-4FC7-8B47-5FE4185D9E0D}.Debug|x86.Build.0 = Debug|Win32
		{9C7818BA-77A9-4FC7-8B47-5FE4185D9E0D}.Release|x64.ActiveCfg = Release|x64
		{9C7818BA-77A9-4FC7-8B47-5FE4185D9E0D}.Release|x64.Build.0 = Release|x64
		{9C7818BA-77A9-4FC7-8B47-5FE4185D9E0D}.Release|x86.ActiveCfg = Release|Win32
		{9C7818BA-77A9-4FC7-8B47-5FE4185D9E0D}.Release|x86.Build.0 = Release|Win32
		{6D7F356A-D314-4B37-A5AF-F9F1D6714993}.Debug|x64.ActiveCfg = Debug|x64
		{6D7F356A-D314-4B37-A5AF-F9F1D6714993}.Debug|x64.Build.0 = Debug|x64
		{6D7F356A-D314-4B37-A5AF-F9F1D6714993}.Debug|x86.ActiveCfg = Debug|Win32
		{6D7F356A-D314-4B37-A5AF-F9F1D6714993}.Debug|x86.Build.0 = Debug|Win32
		{6D7F356A-D314-4B37-A5AF-F9F1D6714993}.Release|x64.ActiveCfg = Release|x64
		{6D7F356A-D314-4B37-A5AF-F9F1D6714993}.Release|x64.Build.0 = Release|x64
		{6D7F356A-D314-4B37-A5AF-F9F1D6714993}.Release|x86.ActiveCfg = Release|Win32
		{6D7F356A-D314-4B37-A5AF-F9F1D6714993}.Release|x86.Build.0 = Release|Win32
		{F4521CDA-3691-45F2-9168-85461D6CCE51}.Debug|x64.ActiveCfg = Debug|x64
		{F4521CDA-3691-45F2-9168-85461D6CCE51}.Debug|x64.Build.0 = Debug|x64
		{F4521CDA-3691-45F2-9168-85461D6CCE51}.Debug|x86.ActiveCfg = Debug|Win32
		{F4521CDA-3691-45F2-9168-85461D6CCE51}.Debug|x86.Build.0 = Debug|Win32
		{F4521CDA-3691-45F2-9168-85461D6CCE51}.Release|x64.ActiveCfg = Release|x64
		{F4521CDA-3691-45F2-9168-85461D6CCE51}.Release|x64.Build.0 = Release|x64
		{F4521CDA-3691-45F2-9168-85461D6CCE51}.Release|x86.ActiveCfg = Release|Win32
		{F4521CDA-3691-45F2-9168-85461D6CCE51}.Release|x86.Build.0 = Release|Win32
		{3FCEC9DB-D700-4394-89F9-FEFD291F9B35}.Debug|x64.ActiveCfg = Debug|x64
		{3FCEC9DB-D700-4394-89F9-FEFD291F9B35}.Debug|x64.Build.0 = Debug|x64
		{3FCEC9DB-D700-4394-89F9-FEFD291F9B35}.Debug|x86.ActiveCfg = Debug|Win32
		{3FCEC9DB-D700-4394-89F9-FEFD291F9B35}.Debug|x86.Build.0 = Debug|Win32
		{3FCEC9DB-D700-4394-89F9-FEFD291F9B35}.Release|x64.ActiveCfg = Release|x64
		{3FCEC9DB-D700-4394-89F9-FEFD291F9B35}.Release|x64.Build.0 = Release|x64
		{3FCEC9DB-D700-4394-89F9-FEFD291F9B35}.Release|x86.ActiveCfg = Release|Win32
		{3FCEC9DB-D700-4394-89F9-FEFD291F9B35}.Release|x86.Build.0 = Release|Win32
		{340BA3B3-AF0E-470F-B361-DE068448D110}.Debug|x64.ActiveCfg = Debug|x64
		{340BA3B3-AF0E-470F-B361-DE068448D110}.Debug|x64.Build.0 = Debug|x64
		{340BA3B3-AF0E-470F-B361-DE068448D110}.Debug|x86.ActiveCfg = Debug|Win32
		{340BA3B3-AF0E-470F-B361-DE068448D110}.Debug|x86.Build.0 = Debug|Win32
		{340BA3B3-AF0E-470F-B361-DE068448D110}.Release|x64.ActiveCfg = Release|x64
		{340BA3B3-AF0E-470F-B361-DE068448D110}.Release|x64.Build.0 = Release|x64
		{340BA3B3-AF0E-470F-B361-DE068448D110}.Release|x86.ActiveCfg = Release|Win32
		{340BA3B3-AF0E-470F-B361-DE068448D110}.Release|x86.Build.0 = Release|Win32
		{783D1C8E-B381-4A89-BEE0-28768F2CC017}.Debug|x64.ActiveCfg = Debug|x64
		{783D1C8E-B381-4A89-BEE0-28768F2CC017}.Debug|x64.Build.0 = Debug|x64
		{783D1C8E-B381-4A89-BEE0-28768F2CC017}.Debug|x86.ActiveCfg = Debug|Win32
		{783D1C8E-B381-4A89-BEE0-28768F2CC017}.Debug|x86.Build.0 = Debug|Win32
		{783D1C8E-B381-4A89-BEE0-28768F2CC017}.Release|x64.ActiveCfg = Release|x64
		{783D1C8E-B381-4A89-BEE0-28768F2CC017}.Release|x64.Build.0 = Release|x64
		{783D1C8E-B381-4A89-BEE0-28768F2CC017}.Release|x86.ActiveCfg = Release|Win32
		{783D1C8E-B381-4A89-BEE0-28768F2CC017}.Release|x86.Build.0 = Release|Win32
		{6328C7AE-F498-4F59-A037-DB093CFAAE40}.Debug|x64.ActiveCfg = Debug|x64
		{6328C7AE-F498-4F59-A037-DB093CFAAE40}.Debug|x64.Build.0 = Debug|x64
		{6328C7AE-F498-4F59-A037-DB093CFAAE40}.Debug|x86.ActiveCfg = Debug|Win32
		{6328C7AE-F498-4F59-A037-DB093CFAAE40}.Debug|x86.Build.0 = Debug|Win32
		{6328C7AE-F498-4F59-A037-DB093CFAAE40}.Release|x64.ActiveCfg = Release|x64
		{6328C7AE-F498-4F59-A037-DB093CFAAE40}.Release|x64.Build.0 = Release|x64
		{6328C7AE-F498-4F59-A037-DB093CFAAE40}.Release|x86.ActiveCfg = Release|Win32
		{6328C7AE-F498-4F59-A037-DB093CFAAE40}.Release|x86.Build.0 = Release|Win32
		{F7B4388A-D908-4EF7-80DB-70787F2730C7}.Debug|x64.ActiveCfg = Debug|x64
		{F7B4388A-D908-4EF7-80DB-70787F2730C7}.Debug|x64.Build.0 = Debug|x64
		{F7B4388A-D908-4EF7-80DB-70787F2730C7}.Debug|x86.ActiveCfg = Debug|Win32
		{F7B4388A-D908-4EF7-80DB-70787F2730C7}.Debug|x86.Build.0 = Debug|Win32
		{F7B4388A-D908-4EF7-80DB-70787F2730C7}.Release|x64.ActiveCfg = Release|x64
		{F7B4388A-D908-4EF7-80DB-70787F2730C7}.Release|x64.Build.0 = Release|x64
		{F7B4388A-D908-4EF7-80DB-70787F2730C7}.Release|x86.ActiveCfg = Release|Win32
		{F7B4388A-D908-4EF7-80DB-70787F2730C7}.Release|x86.Build.0 = Release|Win32
		{6003476E-A435-4567-990A-59AD50C5FE28}.Debug|x64.ActiveCfg = Debug|x64
		{6003476E-A435-4567-990A-59AD50C5FE28}.Debug|x64.Build.0 = Debug|x64
		{6003476E-A435-4567-990A-59AD50C5FE28}.Debug|x86.ActiveCfg = Debug|Win32
		{6003476E-A435-4567-990A-59AD50C5FE28}.Debug|x86.Build.0 = Debug|Win32
		{6003476E-A435-4567-990A-59AD50C5FE28}.Release|x64.ActiveCfg = Release|x64
		{6003476E-A435-4567-990A-59AD50C5FE28}.Release|x64.Build.0 = Release|x64
		{6003476E-A435-4567-990A-59AD50C5FE28}.Release|x86.ActiveCfg = Release|Win32
		{6003476E-A435-4567-990A-59AD50C5FE28}.Release|x86.Build.0 = Release|Win32
		{07A4EC04-324D-404E-B662-E8777DD3E1B7}.Debug|x64.ActiveCfg = Debug|x64
		{07A4EC04-324D-404E-B662-E8777DD3E1B7}.Debug|x64.Build.0 = Debug|x64
		{07A4EC04-324D-404E-B662-E8777DD3E1B7}.Debug|x86.ActiveCfg = Debug|Win32
		{07A4EC04-324D-404E-B662-E8777DD3E1B7}.Debug|x86.Build.0 = Debug|Win32
		{07A4EC04-324D-404E-B662-E8777DD3E1B7}.Release|x64.ActiveCfg = Release|x64
		{07A4EC04-324D-404E-B662-E8777DD3E1B7}.Release|x64.Build.0 = Release|x64
		{07A4EC04-324D-404E-B662-E8777DD3E1B7}.Release|x86.ActiveCfg = Release|Win32
		{07A4EC04-324D-404E-B662-E8777DD3E1B7}.Release|x86.Build.0 = Release|Win32
		{DF1A14BD-7151-4BA5-8E5A-CB70A44A8AB3}.Debug|x64.ActiveCfg = Debug|x64
		{DF1A14BD-7151-4BA5-8E5A-CB70A44A8AB3}.Debug|x64.Build.0 = Debug|x64
		{DF1A14BD-7151-4BA5-8E5A-CB70A44A8AB3}.Debug|x86.ActiveCfg = Debug|Win32
		{DF1A14BD-7151-4BA5-8E5A-CB70A44A8AB3}.Debug|x86.Build.0 = Debug|Win32
		{DF1A14BD-7151-4BA5-8E5A-CB70A44A8AB3}.Release|x64.ActiveCfg = Release|x64
		{DF1A14BD-7151-4BA5-8E5A-CB70A44A8AB3}.Release|x64.Build.0 = Release|x64
		{DF1A14BD-7151-4BA5-8E5A-CB70A44A8AB3}.Release|x86.ActiveCfg = Release|Win32
		{DF1A14BD-7151-4BA5-8E5A-CB70A44A8AB3}.Release|x86.Build.0 = Release|Win32
		{553296D9-C39C-4334-AB74-671EB59C639C}.Debug|x64.ActiveCfg = Debug|x64
		{553296D9-C39C-4334-AB74-671EB59C639C}.Debug|x64.Build.0 = Debug|x64
		{553296D9-C39C-4334-AB74-671EB59C639C}.Debug|x86.ActiveCfg = Debug|Win32
		{553296D9-C39C-4334-AB74-671EB59C639C}.Debug|x86.Build.0 = Debug|Win32
		{553296D9-C39C-4334-AB74-671EB59C639C}.Release|x64.ActiveCfg = Release|x64
		{553296D9-C39C-4334-AB74-671EB59C639C}.Release|x64.Build.0 = Release|x64
		{553296D9-C39C-4334-AB74-671EB59C639C}.Release|x86.ActiveCfg = Release|Win32
		{553296D9-C39C-4334-AB74-671EB59C639C}.Release|x86.Build.0 = Release|Win32
		{1D618018-B2BD-4A99-9EA2-D3DC904B45C9}.Debug|x64.ActiveCfg = Debug|x64
		{1D618018-B2BD-4A99-9EA2-D3DC904B45C9}.Debug|x64.Build.0 = Debug|x64
		{1D618018-B2BD-4A99-9EA2-D3DC904B45C9}.Debug|x86.ActiveCfg = Debug|Win32
		{1D618018-B2BD-4A99-9EA2-D3DC904B45C9}.Debug|x86.Build.0 = Debug|Win32
		{1D618018-B2BD-4A99-9EA2-D3DC904B45C9}.Release|x64.ActiveCfg = Release|x64
		{1D618018-B2BD-4A99-9EA2-D3DC904B45C9}.Release|x64.Build.0 = Release|x64
		{1D618018-B2BD-4A99-9EA2-D3DC904B45C9}.Release|x86.ActiveCfg = Release|Win32
		{1D618018-B2BD-4A99-9EA2-D3DC904B45C9}.Release|x86.Build.0 = Release|Win32
		{6A51553F-1F1D-4B55-865A-434FF54D8947}.Debug|x64.ActiveCfg = Debug|x64
		{6A51553F-1F1D-4B55-865A-434FF54D8947}.Debug|x64.Build.0 = Debug|x64
		{6A51553F-1F1D-4B55-865A-434FF54D8947}.Debug|x86.ActiveCfg = Debug|Win32
		{6A51553F-1F1D-4B55-865A-434FF54D8947}.Debug|x86.Build.0 = Debug|Win32
		{6A51553F-1F1D-4B55-865A-434FF54D8947}.Release|x64.ActiveCfg = Release|x64
		{6A51553F-1F1D-4B55-865A-434FF54D8947}.Release|x64.Build.0 = Release|x64
		{6A51553F-1F1D-4B55-865A-434FF54D8947}.Release|x86.ActiveCfg = Release|Win32
		{6A51553F-1F1D-4B55-865A-434FF54D8947}.Release|x86.Build.0 = Release|Win32
		{6947A05A-19CA-49F4-9F0C-786358DC6C94}.Debug|x64.ActiveCfg = Debug|x64
		{6947A05A-19CA-49F4-9F0C-786358DC6C94}.Debug|x64.Build.0 = Debug|x64
		{6947A05A-19CA-49F4-9F0C-786358DC6C94}.Debug|x86.ActiveCfg = Debug|Win32
		{6947A05A-19CA-49F4-9F0C-786358DC6C94}.Debug|x86.Build.0 = Debug|Win32
		{6947A05A-19CA-49F4-9F0C-786358DC6C94}.Release|x64.ActiveCfg = Release|x64
		{6947A05A-19CA-49F4-9F0C-786358DC6C94}.Release|x64.Build.0 = Release|x64
		{6947A05A-19CA-49F4-9F0C-786358DC6C94}.Release|x86.ActiveCfg = Release|Win32
		{6947A05A-19CA-49F4-9F0C-786358DC6C94}.Release|x86.Build.0 = Release|Win32
		{41D24617-5CC8-4B9B-BA5C-D62C5D118B9E}.Debug|x64.ActiveCfg = Debug|x64
		{41D24617-5CC8-4B9B-BA5C-D62C5D118B9E}.Debug|x64.Build.0 = Debug|x64
		{41D24617-5CC8-4B9B-BA5C-D62C5D118B9E}.Debug|x86.ActiveCfg = Debug|Win32
		{41D24617-5CC8-4B9B-BA5C-D62C5D118B9E}.Debug|x86.Build.0 = Debug|Win32
		{41D24617-5CC8-4B9B-BA5C-D62C5D118B9E}.Release|x64.ActiveCfg = Release|x64
		{41D24617-5CC8-4B9B-BA5C-D62C5D118B9E}.Release|x64.Build.0 = Release|x64
		{41D24617-5CC8-4B9B-BA5C-D62C5D118B9E}.Release|x86.ActiveCfg = Release|Win32
		{41D24617-5CC8-4B9B-BA5C-D62C5D118B9E}.Release|x86.Build.0 = Release|Win32
		{6AF2540E-3B90-4FDF-B31D-08EB26C84C26}.Debug|x64.ActiveCfg = Debug|x64
		{6AF2540E-3B90-4FDF-B31D-08EB26C84C26}.Debug|x64.Build.0 = Debug|x64
		{6AF2540E-3B90-4FDF-B31D-08EB26C84C26}.Debug|x86.ActiveCfg = Debug|Win32
		{6AF2540E-3B90-4FDF-B31D-08EB26C84C26}.Debug|x86.Build.0 = Debug|Win32
		{6AF2540E-3B90-4FDF-B31D-08EB26C84C26}.Release|x64.ActiveCfg = Release|x64
		{6AF2540E-3B90-4FDF-B31D-08EB26C84C26}.Release|x64.Build.0 = Release|x64
		{6AF2540E-3B90-4FDF-B31D-08EB26C84C26}.Release|x86.ActiveCfg = Release|Win32
		{6AF2540E-3B90-4FDF-B31D-08EB26C84C26}.Release|x86.Build.0 = Release|Win32
		{62A33E71-5BFB-48F3-9A8F-836E7ED82A7E}.Debug|x64.ActiveCfg = Debug|x64
		{62A33E71-5BFB-48F3-9A8F-836E7ED82A7E}.Debug|x64.Build.0 = Debug|x64
		{62A33E71-5BFB-48F3-9A8F-836E7ED82A7E}.Debug|x86.ActiveCfg = Debug|Win32
		{62A33E71-5BFB-48F3-9A8F-836E7ED82A7E}.Debug|x86.Build.0 = Debug|Win32
		{62A33E71-5BFB-48F3-9A8F-836E7ED82A7E}.Release|x64.ActiveCfg = Release|x64
		{62A33E71-5BFB-48F3-9A8F-836E7ED82A7E}.Release|x64.Build.0 = Release|x64
		{62A33E71-5BFB-48F3-9A8F-836E7ED82A7E}.Release|x86.ActiveCfg = Release|Win32
		{62A33E71-5BFB-48F3-9A8F-836E7ED82A7E}.Release|x86.Build.0 = Release|Win32
		{DF4B2FEA-5B90-4604-A342-D0F089A0321A}.Debug|x64.ActiveCfg = Debug|x64
		{DF4B2FEA-5B90-4604-A342-D0F089A0321A}.Debug|x64.Build.0 = Debug|x64
		{DF4B2FEA-5B90-4604-A342-D0F089A0321A}.Debug|x86.ActiveCfg = Debug|Win32
		{DF4B2FEA-5B90-4604-A342-D0F089A0321A}.Debug|x86.Build.0 = Debug|Win32
		{DF4B2FEA-5B90-4604-A342-D0F089A0321A}.Release|x64.ActiveCfg = Release|x64
		{DF4B2FEA-5B90-4604-A342-D0F089A0321A}.Release|x64.Build.0 = Release|x64
		{DF4B2FEA-5B90-4604-A342-D0F089A0321A}.Release|x86.ActiveCfg = Release|Win32
		{DF4B2FEA-5B90-4604-A342-D0F089A0321A}.Release|x86.Build.0 = Release|Win32
		{94DCC7DD-3102-4492-8C42-8D2C816F7AA8}.Debug|x64.ActiveCfg = Debug|x64
		{94DCC7DD-3102-4492-8C42-8D2C816F7AA8}.Debug|x64.Build.0 = Debug|x64
		{94DCC7DD-3102-4492-8C42-8D2C816F7AA8}.Debug|x86.ActiveCfg = Debug|Win32
		{94DCC7DD-3102-4492-8C42-8D2C816F7AA8}.Debug|x86.Build.0 = Debug|Win32
		{94DCC7DD-3102-4492-8C42-8D2C816F7AA8}.Release|x64.ActiveCfg = Release|x64
		{94DCC7DD-3102-4492-8C42-8D2C816F7AA8}.Release|x64.Build.0 = Release|x64
		{94DCC7DD-3102-4492-8C42-8D2C816F7AA8}.Release|x86.ActiveCfg = Release|Win32
		{94DCC7DD-3102-4492-8C42-8D2C816F7AA8}.Release|x86.Build.0 = Release|Win32
		{FF0B1F14-D638-4EA7-96C2-38D34B3FF934}.Debug|x64.ActiveCfg = Debug|x64
		{FF0B1F14-D638-4EA7-96C2-38D34B3FF934}.Debug|x64.Build.0 = Debug|x64
		{FF0B1F14-D638-4EA7-96C2-38D34B3FF934}.Debug|x86.ActiveCfg = Debug|Win32
		{FF0B1F14-D638-4EA7-96C2-38D34B3FF934}.Debug|x86.Build.0 = Debug|Win32
		{FF0B1F14-D638-4EA7-96C2-38D34B3FF934}.Release|x64.ActiveCfg = Release|x64
		{FF0B1F14-D638-4EA7-96C2-38D34B3FF934}.Release|x64.Build.0 = Release|x64
		{FF0B1F14-D638-4EA7-96C2-38D34B3FF934}.Release|x86.ActiveCfg = Release|Win32
		{FF0B1F14-D638-4EA7-96C2-38D34B3FF934}.Release|x86.Build.0 = Release|Win32
		{4693E9AE-EC71-4F8B-B6A4-D2327C24C9A5}.Debug|x64.ActiveCfg = Debug|x64
		{4693E9AE-EC71-4F8B-B6A4-D2327C24C9A5}.Debug|x64.Build.0 = Debug|x64
		{4693E9AE-EC71-4F8B-B6A4-D2327C24C9A5}.Debug|x86.ActiveCfg = Debug|Win32
		{4693E9AE-EC71-4F8B-B6A4-D2327C24C9A5}.Debug|x86.Build.0 = Debug|Win32
		{4693E9AE-EC71-4F8B-B6A4-D2327C24C9A5}.Release|x64.ActiveCfg = Release|x64
		{4693E9AE-EC71-4F8B-B6A4-D2327C24C9A5}.Release|x64.Build.0 = Release|x64
		{4693E9AE-EC71-4F8B-B6A4-D2327C24C9A5}.Release|x86.ActiveCfg = Release|Win32
		{4693E9AE-EC71-4F8B-B6A4-D2327C24C9A5}.Release|x86.Build.0 = Release|Win32
		{7F144360-6097-48E1-B0E3-6B4C45D87B3F}.Debug|x64.ActiveCfg = Debug|x64
		{7F144360-6097-48E1-B0E3-6B4C45D87B3F}.Debug|x64.Build.0 = Debug|x64
		{7F144360-6097-48E1-B0E3-6B4C45D87B3F}.Debug|x86.ActiveCfg = Debug|Win32
		{7F144360-6097-48E1-B0E3-6B4C45D87B3F}.Debug|x86.Build.0 = Debug|Win32
		{7F144360-6097-48E1-B0E3-6B4C45D87B3F}.Release|x64.ActiveCfg = Release|x64
		{7F144360-6097-48E1-B0E3-6B4C45D87B3F}.Release|x64.Build.0 = Release|x64
		{7F144360-6097-48E1-B0E3-6B4C45D87B3F}.Release|x86.ActiveCfg = Release|Win32
		{7F144360-6097-48E1-B0E3-6B4C45D87B3F}.Release|x86.Build.0 = Release|Win32
		{BB9A4B2E-BC17-4149-A241-87A504E8775C}.Debug|x64.ActiveCfg = Debug|x64
		{BB9A4B2E-BC17-4149-A241-87A504E8775C}.Debug|x64.Build.0 = Debug|x64
		{BB9A4B2E-BC17-4149-A241-87A504E8775C}.Debug|x86.ActiveCfg = Debug|Win32
		{BB9A4B2E-BC17-4149-A241-87A504E8775C}.Debug|x86.Build.0 = Debug|Win32
		{BB9A4B2E-BC17-4149-A241-87A504E8775C}.Release|x64.ActiveCfg = Release|x64
		{BB9A4B2E-BC17-4149-A241-87A504E8775C}.Release|x64.Build.0 = Release|x64
		{BB9A4B2E-BC17-4149-A241-87A504E8775C}.Release|x86.ActiveCfg = Release|Win32
		{BB9A4B2E-BC17-4149-A241-87A504E8775C}.Release|x86.Build.0 = Release|Win32
		{738975DE-5642-4471-9199-A45F0C0408B9}.Debug|x64.ActiveCfg = Debug|x64
		{738975DE-5642-4471-9199-A45F0C0408B9}.Debug|x64.Build.0 = Debug|x64
		{738975DE-5642-4471-9199-A45F0C0408B9}.Debug|x86.ActiveCfg = Debug|Win32
		{738975DE-5642-4471-9199-A45F0C0408B9}.Debug|x86.Build.0 = Debug|Win32
		{738975DE-5642-4471-9199-A45F0C0408B9}.Release|x64.ActiveCfg = Release|x64
		{738975DE-5642-4471-9199-A45F0C0408B9}.Release|x64.Build.0 = Release|x64
		{738975DE-5642-4471-9199-A45F0C0408B9}.Release|x86.ActiveCfg = Release|Win32
		{738975DE-5642-4471-9199-A45F0C0408B9}.Release|x86.Build.0 = Release|Win32
		{A980322E-3285-4081-9CC6-47FB50B8B448}.Debug|x64.ActiveCfg = Debug|x64
		{A980322E-3285-4081-9CC6-47FB50B8B448}.Debug|x64.Build.0 = Debug|x64
		{A980322E-3285-4081-9CC6-47FB50B8B448}.Debug|x86.ActiveCfg = Debug|Win32
		{A980322E-3285-4081-9CC6-47FB50B8B448}.Debug|x86.Build.0 = Debug|Win32
		{A980322E-3285-4081-9CC6-47FB50B8B448}.Release|x64.ActiveCfg = Release|x64
		{A980322E-3285-4081-9CC6-47FB50B8B448}.Release|x64.Build.0 = Release|x64
		{A980322E-3285-4081-9CC6-47FB50B8B448}.Release|x86.ActiveCfg = Release|Win32
		{A980322E-3285-4081-9CC6-47FB50B8B448}.Release|x86.Build.0 = Release|Win32
		{2A5DFD10-97FE-4D4C-B1D8-83484983E327}.Debug|x64.ActiveCfg = Debug|x64
		{2A5DFD10-97FE-4D4C-B1D8-83484983E327}.Debug|x64.Build.0 = Debug|x64
		{2A5DFD10-97FE-4D4C-B1D8-83484983E327}.Debug|x86.ActiveCfg = Debug|Win32
		{2A5DFD10-97FE-4D4C-B1D8-83484983E327}.Debug|x86.Build.0 = Debug|Win32
		{2A5DFD10-97FE-4D4C-B1D8-83484983E327}.Release|x64.ActiveCfg = Release|x64
		{2A5DFD10-97FE-4D4C-B1D8-83484983E327}.Release|x64.Build.0 = Release|x64
		{2A5DFD10-97FE-4D4C-B1D8-83484983E327}.Release|x86.ActiveCfg = Release|Win32
		{2A5DFD10-97FE-4D4C-B1D8-83484983E327}.Release|x86.Build.0 = Release|Win32
		{802F1D07-E910-4E14-B6BC-E434C2D2A292}.Debug|x64.ActiveCfg = Debug|x64
		{802F1D07-E910-4E14-B6BC-E434C2D2A292}.Debug|x64.Build.0 = Debug|x64
		{802F1D07-E910-4E14-B6BC-E434C2D2A292}.Debug|x86.ActiveCfg = Debug|Win32
		{802F1D07-E910-4E14-B6BC-E434C2D2A292}.Debug|x86.Build.0 = Debug|Win32
		{802F1D07-E910-4E14-B6BC-E434C2D2A292}.Release|x64.ActiveCfg = Release|x64
		{802F1D07-E910-4E14-B6BC-E434C2D2A292}.Release|x64.Build.0 = Release|x64
		{802F1D07-E910-4E14-B6BC-E434C2D2A292}.Release|x86.ActiveCfg = Release|Win32
		{802F1D07-E910-4E14-B6BC-E434C2D2A292}.Release|x86.Build.0 = Release|Win32
		{C65B1349-CE76-4D55-AF1E-4F65C39906C7}.Debug|x64.ActiveCfg = Debug|x64
		{C65B1349-CE76-4D55-AF1E-4F65C39906C7}.Debug|x64.Build.0 = Debug|x64
		{C65B1349-CE76-4D55-AF1E-4F65C39906C7}.Debug|x86.ActiveCfg = Debug|Win32
		{C65B1349-CE76-4D55-AF1E-4F65C39906C7}.Debug|x86.Build.0 = Debug|Win32
		{C65B1349-CE76-4D55-AF1E-4F65C39906C7}.Release|x64.ActiveCfg = Release|x64
		{C65B1349-CE76-4D55-AF1E-4F65C39906C7}.Release|x64.Build.0 = Release|x64
		{C65B1349-CE76-4D55-AF1E-4F65C39906C7}.Release|x86.ActiveCfg = Release|Win32
		{C65B1349-CE76-4D55-AF1E-4F65C39906C7}.Release|x86.Build.0 = Release|Win32
	EndGlobalSection
	GlobalSection(SolutionProperties) = preSolution
		HideSolutionNode = FALSE
	EndGlobalSection
	GlobalSection(ExtensibilityGlobals) = postSolution
		SolutionGuid = {0F4F3C98-E3FE-45D6-8FB6-77F787775679}
	EndGlobalSection
EndGlobal
